// !$*UTF8*$!
{
	archiveVersion = 1;
	classes = {
	};
	objectVersion = 50;
	objects = {

/* Begin PBXBuildFile section */
		AAC98FDD6F5260A13E2A42D581B6C221 /* .swiftlint.yml in Resources */ = {isa = PBXBuildFile; fileRef = 3D9133344C4A5391D6C02B2B752CBF84 /* .swiftlint.yml */; };
		F76CC6D688577E699691EBF8A153EF35 /* AgreementConfigurator.swift in Sources */ = {isa = PBXBuildFile; fileRef = D40D62E821F5DAFA9DA7EC1851429ADF /* AgreementConfigurator.swift */; };
		397EBF3E44438C9F2FD666F40F624E7E /* AgreementCustomButtons.swift in Sources */ = {isa = PBXBuildFile; fileRef = 4E985967BB681BF28964406EF14D5FAF /* AgreementCustomButtons.swift */; };
		66E24D588783641AC75AE2735A629666 /* AgreementDetailConfigurator.swift in Sources */ = {isa = PBXBuildFile; fileRef = F96346DAC0E90C17F7691640E48AEE93 /* AgreementDetailConfigurator.swift */; };
		EFBE6817707102FFA9CEC89015686B61 /* AgreementDetailInteractor.swift in Sources */ = {isa = PBXBuildFile; fileRef = 74619AD111CDEC1774805735AA1A11DC /* AgreementDetailInteractor.swift */; };
		2742608E2E67E28244FF12D95937402A /* AgreementDetailPresenter.swift in Sources */ = {isa = PBXBuildFile; fileRef = 3A789567E33412DAFF22EF56328EC582 /* AgreementDetailPresenter.swift */; };
		0321A91F967801B5DCF4C2452CF55C50 /* AgreementDetailRouter.swift in Sources */ = {isa = PBXBuildFile; fileRef = 19E097724ED27ACDE26CD7A8950619D6 /* AgreementDetailRouter.swift */; };
		2F50A6901A8ADB30453705FAB0380E26 /* AgreementDetailViewController.swift in Sources */ = {isa = PBXBuildFile; fileRef = 61158CF6B64CE48F049CE84298E02F71 /* AgreementDetailViewController.swift */; };
		57070E0E78212B73632D25E1970535BD /* AgreementDetailViewController.xib in Resources */ = {isa = PBXBuildFile; fileRef = DB245D20F17AFA74A77FB4C60224023F /* AgreementDetailViewController.xib */; };
		C8E71C64D6F2BEB817B5BA609505CD29 /* AgreementDetailViewModel.swift in Sources */ = {isa = PBXBuildFile; fileRef = B6067921189655DA46071E0DDDD32D95 /* AgreementDetailViewModel.swift */; };
		A73F08167EEC270AB77F36E383E23D22 /* AgreementDetailWorker.swift in Sources */ = {isa = PBXBuildFile; fileRef = EA9B6DD0EFD68A1AA236E2D95D711B2B /* AgreementDetailWorker.swift */; };
		0BDCE873148AF23E58FC6342C2843D2A /* AgreementInteractor.swift in Sources */ = {isa = PBXBuildFile; fileRef = 4E3D13EE4209DFE9560B7AABD38EBF7D /* AgreementInteractor.swift */; };
		5B59B0EA8A17D387D3A46E44728CDB24 /* AgreementPresenter.swift in Sources */ = {isa = PBXBuildFile; fileRef = B5CC7D627929620FB7F8FFD5E771D43A /* AgreementPresenter.swift */; };
		A0430429B8D415D2BAB495DFCC44EB2F /* AgreementRouter.swift in Sources */ = {isa = PBXBuildFile; fileRef = B614D249767AB689332B2B80EDDEB86F /* AgreementRouter.swift */; };
		FBDBC8FB88A9578086BE08F5C6F54EC3 /* AgreementViewController.swift in Sources */ = {isa = PBXBuildFile; fileRef = 102F40B12647C8404EA4F31FA3BF44A2 /* AgreementViewController.swift */; };
		85E366A03ABCE8601E21D8F9993873D9 /* AgreementViewController.xib in Resources */ = {isa = PBXBuildFile; fileRef = 1094F1725C79AC8E7D7968BB682A4A9C /* AgreementViewController.xib */; };
		A3758732FFDAAC57B14084BAD0CD6134 /* AgreementViewModel.swift in Sources */ = {isa = PBXBuildFile; fileRef = 911060AA3362D14B47B4DD6DC74F1347 /* AgreementViewModel.swift */; };
		0E80723B11D1E6AF0FFC01ADF4D16EDC /* AgreementWorker.swift in Sources */ = {isa = PBXBuildFile; fileRef = F7C3ADA497F881F4B5C0571B2D3C7A0D /* AgreementWorker.swift */; };
		BECD6C5C3794AB94E286E563F5CCB225 /* AppDelegate.swift in Sources */ = {isa = PBXBuildFile; fileRef = 3EDFBBB5F052EB2867D3296C44190242 /* AppDelegate.swift */; };
		B29229440737732E97F890C0CA8D657D /* Assets.xcassets in Resources */ = {isa = PBXBuildFile; fileRef = 1D4D8776B99B283B56E0873574F699B5 /* Assets.xcassets */; };
		2C592FFF11819D8C89CB862D60A0621E /* Colors.swift in Sources */ = {isa = PBXBuildFile; fileRef = 75389F37F480CC3BE6926596A34B09FE /* Colors.swift */; };
		71F38E82619AA43DE7B5EFDB022B9D4C /* CoupleInfoView.xib in Resources */ = {isa = PBXBuildFile; fileRef = DAFDB178F162FE69025CB7A19C8B37C0 /* CoupleInfoView.xib */; };
		8B0D36E9B5DDA780BA8B68BDAB909233 /* CustomBackButtonNavController.swift in Sources */ = {isa = PBXBuildFile; fileRef = BE8C037E880CA5D9EF827326EFA0428D /* CustomBackButtonNavController.swift */; };
		3906B0D38FD1ACA563765E192210D671 /* DetailContents.swift in Sources */ = {isa = PBXBuildFile; fileRef = 2A194CD5FDA8AC57C4538B703CA05EC7 /* DetailContents.swift */; };
		37EEB02377D7F0BFC076EB78DEE2D61A /* FindInfoView.xib in Resources */ = {isa = PBXBuildFile; fileRef = 9BA58018F06E2EDBF150741DA6D37176 /* FindInfoView.xib */; };
		6334E08DC17E98B06ACD6D47B769382E /* Fonts.swift in Sources */ = {isa = PBXBuildFile; fileRef = 92037AB88813AC376F5D3F7FEDA4E208 /* Fonts.swift */; };
		8C58DDE52896D32EF26616ABF0571C58 /* Guidance.storyboard in Resources */ = {isa = PBXBuildFile; fileRef = D4A9DA03BF9FF91ECE2790F8EAFFE97D /* Guidance.storyboard */; };
		384C0DD29D1CAB3143D34695B9B2A975 /* GuidanceConfigurator.swift in Sources */ = {isa = PBXBuildFile; fileRef = C6C6F8541FF205A54300EE61141969EA /* GuidanceConfigurator.swift */; };
		D6F0ECF807A1624A511DF1285E0A95CD /* GuidanceInteractor.swift in Sources */ = {isa = PBXBuildFile; fileRef = 33C0ACDC6965058635070B26905FB157 /* GuidanceInteractor.swift */; };
		14C59BF91D9AB3A204990873C57336E1 /* GuidancePresenter.swift in Sources */ = {isa = PBXBuildFile; fileRef = 1BF6CEB7BC163D17A99D7C0F006907BC /* GuidancePresenter.swift */; };
		2C872D92838AF8B3AC1D69E42B9ABE0E /* GuidanceRouter.swift in Sources */ = {isa = PBXBuildFile; fileRef = DC93E004DB831C3643A5C5A3F6DE2A85 /* GuidanceRouter.swift */; };
		92DB88FBCADDEDB97AA7D2FF34540306 /* GuidanceViewController.swift in Sources */ = {isa = PBXBuildFile; fileRef = F8986C6935752654B0D195DD3CDB56A2 /* GuidanceViewController.swift */; };
		2CD90E1D9FBB358BE19C25888F276F09 /* GuidanceViewModel.swift in Sources */ = {isa = PBXBuildFile; fileRef = D429EF781118B0915D3263ED33EC2A1A /* GuidanceViewModel.swift */; };
		E3533337D7A7489E22787D4E20028B9D /* GuidanceWorker.swift in Sources */ = {isa = PBXBuildFile; fileRef = D98CD371C1222CD9156C0C1236BC6949 /* GuidanceWorker.swift */; };
		9CD51305385D294FE3E27FC97F31FA5E /* LaunchScreen.storyboard in Resources */ = {isa = PBXBuildFile; fileRef = CA3E8E6F2E22D7603880416458196C94 /* LaunchScreen.storyboard */; };
		E9446C601D437C2D44FE5ED4496BF4FF /* Login.storyboard in Resources */ = {isa = PBXBuildFile; fileRef = 4479ED96A44F906E93F440DEED1B71CC /* Login.storyboard */; };
		A9E5095C357B025475BEA430FF211849 /* LoginConfigurator.swift in Sources */ = {isa = PBXBuildFile; fileRef = 19EC89EBAFDDE8605A6C309BE915BDC1 /* LoginConfigurator.swift */; };
		CA3E35A3F34B1DDF5D21F81F8E58E2A3 /* LoginInteractor.swift in Sources */ = {isa = PBXBuildFile; fileRef = 48D17CD208B6E8E6EC4DEBA00E14AFFF /* LoginInteractor.swift */; };
		1B18BC8962816943321D52FFE275C98D /* LoginPlatformCel.xib in Resources */ = {isa = PBXBuildFile; fileRef = 6ED2865DEBE763160F0FC6376413C90F /* LoginPlatformCel.xib */; };
		BD60137ED9CDACEE101FAEFDF275064A /* LoginPlatformCell.swift in Sources */ = {isa = PBXBuildFile; fileRef = 3682877BB8236C52663716F662057BAE /* LoginPlatformCell.swift */; };
		67DBE3A9E54E95A87A3B8521EFC6351F /* LoginPresenter.swift in Sources */ = {isa = PBXBuildFile; fileRef = 72CAB8AAF2F67618A81B21E14067FB69 /* LoginPresenter.swift */; };
		B7D2BE89A77BCECF184E258429B4CF2D /* LoginRouter.swift in Sources */ = {isa = PBXBuildFile; fileRef = E958440B5291F50E4EE7D3CE6F0B5E99 /* LoginRouter.swift */; };
		4EC982EF4E0BE21572577F590F03DA87 /* LoginViewController.swift in Sources */ = {isa = PBXBuildFile; fileRef = FBD587FEB37F81BACDE3CEE0F66D8B74 /* LoginViewController.swift */; };
		B4D8D86BC7B7D3DF1335819207F7AFE1 /* LoginViewModel.swift in Sources */ = {isa = PBXBuildFile; fileRef = BD216C8A400E0597BD37153660BDC439 /* LoginViewModel.swift */; };
		F1AC160ED456BC7FA2D46919A88E891E /* LoginWorker.swift in Sources */ = {isa = PBXBuildFile; fileRef = 5BCA4B47D9E4C97E394E7C372B4A6247 /* LoginWorker.swift */; };
		D89BF6809A65D542C1815CA217010017 /* Main.storyboard in Resources */ = {isa = PBXBuildFile; fileRef = 6B6959CDEE0BC3A2E8CA212CC31BD036 /* Main.storyboard */; };
		1A9FC1B7D2F4BE069A6C48C0A57C054B /* MarqueeImageView.swift in Sources */ = {isa = PBXBuildFile; fileRef = CF88CC944B2EDD2607F6408B6C411C2A /* MarqueeImageView.swift */; };
		DC0F587783191D66E8DF61C7287CAE88 /* MyChareactorInfoView.xib in Resources */ = {isa = PBXBuildFile; fileRef = 9430B98B913F4A8301FBCD4AE227C036 /* MyChareactorInfoView.xib */; };
		FA7E8B2651E23CA07542AA72CA1878A8 /* NanumSquareB.ttf in Resources */ = {isa = PBXBuildFile; fileRef = 4DA14AA9F78EEDD9A014C4AA26425937 /* NanumSquareB.ttf */; };
		4D751BFFCFB437F4261A137EB7B78078 /* NanumSquareEB.ttf in Resources */ = {isa = PBXBuildFile; fileRef = 18745A2931463C5CA7D667EB19473355 /* NanumSquareEB.ttf */; };
		0C7D93560157D4B7D7021E708DEDAA62 /* NanumSquareR.ttf in Resources */ = {isa = PBXBuildFile; fileRef = B076E1AF27A194275D8203AED63238DD /* NanumSquareR.ttf */; };
		B60BE556EC4A84920D8AD8DD8E56C981 /* NewAccountConfigurator.swift in Sources */ = {isa = PBXBuildFile; fileRef = 4EA7B23FCD4E08FEFFC69365459EEEF5 /* NewAccountConfigurator.swift */; };
		C315F3246B40CA71E21B752AB8C8CE5D /* NewAccountInteractor.swift in Sources */ = {isa = PBXBuildFile; fileRef = 1E009A5007FFF39F33B7FC3967E2EDFB /* NewAccountInteractor.swift */; };
		43C69579CE9F84BB07C96B7BFE724400 /* NewAccountPresenter.swift in Sources */ = {isa = PBXBuildFile; fileRef = 764DE9E551DB34B57CE282CD1082DCE7 /* NewAccountPresenter.swift */; };
		30BC5C45F1804180251AEB30ECF160F2 /* NewAccountRouter.swift in Sources */ = {isa = PBXBuildFile; fileRef = F8FEE3C1F282AB012C82F39E54ACD1F9 /* NewAccountRouter.swift */; };
		CC40DB70D6142AA5E8FE50D7816B63F6 /* NewAccountViewController.swift in Sources */ = {isa = PBXBuildFile; fileRef = 43A62C801BB111111E3058E6C2484DA1 /* NewAccountViewController.swift */; };
		2618DBF7A9A924A837EAE95A49CC1699 /* NewAccountViewModel.swift in Sources */ = {isa = PBXBuildFile; fileRef = 419613B06EAAC2A6B9B2FD7133DB7CF4 /* NewAccountViewModel.swift */; };
		B6CD906C53A377BDB37EE1C76B73E370 /* NewAccountWorker.swift in Sources */ = {isa = PBXBuildFile; fileRef = 1CDF65F577A66D38720F7E3465413ED9 /* NewAccountWorker.swift */; };
		394825981D3AA62D4483218D3918707D /* PageViewType.swift in Sources */ = {isa = PBXBuildFile; fileRef = 70BBD11EDA98C111D4978AFD1C0801DB /* PageViewType.swift */; };
		F5A882907221BC98EB733D236DC5CEF7 /* PagingView.swift in Sources */ = {isa = PBXBuildFile; fileRef = 274A216F068D96A4BC8A59B6FE5B5E37 /* PagingView.swift */; };
		0A12208A295EBB8A1C8CC0189321074E /* PagingView.xib in Resources */ = {isa = PBXBuildFile; fileRef = 9D2C7BC26AC9CB39976950F55BEA2290 /* PagingView.xib */; };
		452F7A756A297961F716EFB5391B2A9D /* Pods_Soyeon.framework in Frameworks */ = {isa = PBXBuildFile; fileRef = 746C3CD17E2A5C675AD8C25E772C19C8 /* Pods_Soyeon.framework */; };
		DA493E83B0E93AD63CF442ECC7B21D36 /* RadioButton.swift in Sources */ = {isa = PBXBuildFile; fileRef = C1C3B173302AE5D886D06FE83D6716DE /* RadioButton.swift */; };
		57438A0D297B5FE1D56830EB1D492782 /* RadioGroup.swift in Sources */ = {isa = PBXBuildFile; fileRef = 688C82AE844576DB44EC24DB785C9E62 /* RadioGroup.swift */; };
		FCA1B25D3840C23CA8557D654BB234BE /* SceneDelegate.swift in Sources */ = {isa = PBXBuildFile; fileRef = 680998D1645A1C89336501E783098989 /* SceneDelegate.swift */; };
		C6D0A33A219802C1EA1C23C012EA8941 /* SoyeonAlert.swift in Sources */ = {isa = PBXBuildFile; fileRef = 02A0731D7D43E6DE9CBC4CB1BAD7D081 /* SoyeonAlert.swift */; };
		D827A45D612E84ADB019890BB76D4B21 /* SoyeonAlertButton.swift in Sources */ = {isa = PBXBuildFile; fileRef = FB2ED8E0A915E0E7993ECE7297857312 /* SoyeonAlertButton.swift */; };
		B60E8166DA1F1475B5D5247703B1BE56 /* SoyeonAlertable.swift in Sources */ = {isa = PBXBuildFile; fileRef = 063749EA4AF5FECDAB43F2F2ED9FF3A9 /* SoyeonAlertable.swift */; };
		B6A6F510806F889714DCCEBFCFEFC1FE /* SoyeonBasicAlertButton.swift in Sources */ = {isa = PBXBuildFile; fileRef = E34A3783A7E3A265F193CB587EB3F95A /* SoyeonBasicAlertButton.swift */; };
		3054E0AB2698AD80D04922FB8E39CBC6 /* SoyeonBasicAlertView.swift in Sources */ = {isa = PBXBuildFile; fileRef = AD5F9288425F9670750253134F4FE934 /* SoyeonBasicAlertView.swift */; };
		D2966619A1A88331C0440B1BF4A8C466 /* SoyeonBasicAlertView.xib in Resources */ = {isa = PBXBuildFile; fileRef = 7F89BE594D9F37991719AF9FEE1FB3ED /* SoyeonBasicAlertView.xib */; };
		7C493A47DCE9C17915F97A02C0084F1A /* SoyeonRoundAlertButton.swift in Sources */ = {isa = PBXBuildFile; fileRef = 19F8A1B4721C1F72819323D039D188EB /* SoyeonRoundAlertButton.swift */; };
		D0C067663601D60456F39F194843B88F /* SoyeonRoundAlertView.swift in Sources */ = {isa = PBXBuildFile; fileRef = 2D2C074DD9EA4D62EC08C61A73F7E116 /* SoyeonRoundAlertView.swift */; };
		93E709DBF2FC061A92975E681CC7B26A /* SoyeonRoundAlertView.xib in Resources */ = {isa = PBXBuildFile; fileRef = 6AAFF9CC81100BA1EA9DB0572335358F /* SoyeonRoundAlertView.xib */; };
		6E6278E2071D533E910FFD6CE572AB36 /* SoyeonTests.swift in Sources */ = {isa = PBXBuildFile; fileRef = 2CED9970AD110D4969EBB08ADBC19CB0 /* SoyeonTests.swift */; };
		53E03C9AB4EC2C59834925AA26521D23 /* StartSplashViewController.swift in Sources */ = {isa = PBXBuildFile; fileRef = C986FBC66BBEA23BAFE22FBF44BFD99D /* StartSplashViewController.swift */; };
		A29BA0553EEAE662B7FA6E120A01DE89 /* StartSplashViewController.xib in Resources */ = {isa = PBXBuildFile; fileRef = C208F790AB8E1F1D2A5B033A6C1CE83F /* StartSplashViewController.xib */; };
		D0EC1E78A74BC0282A69A9341B5D43B9 /* UILabel+.swift in Sources */ = {isa = PBXBuildFile; fileRef = 112F38C154D871F4833001F2401951BF /* UILabel+.swift */; };
		CF0021FA0B917BBDACCD96CEDF95D6B8 /* UIView+.swift in Sources */ = {isa = PBXBuildFile; fileRef = 3EEAC2C14EB350F0F62387D1FF791DD1 /* UIView+.swift */; };
		45108CE055505A9FC6A319D708054121 /* XibView.swift in Sources */ = {isa = PBXBuildFile; fileRef = B8A93D1273BADB041337710699945052 /* XibView.swift */; };
/* End PBXBuildFile section */

/* Begin PBXContainerItemProxy section */
		88CBE736FA5CD459C2BAB207DA13D952 /* PBXContainerItemProxy */ = {
			isa = PBXContainerItemProxy;
			containerPortal = ABB4EA70DBBF8A81577D3D19F309814E /* Project object */;
			proxyType = 1;
			remoteGlobalIDString = F80C6F314F2FC41D4E0208C84ACE120D;
			remoteInfo = Soyeon;
		};
/* End PBXContainerItemProxy section */

/* Begin PBXFileReference section */
		3D9133344C4A5391D6C02B2B752CBF84 /* .swiftlint.yml */ = {isa = PBXFileReference; lastKnownFileType = text.yaml; path = .swiftlint.yml; sourceTree = "<group>"; };
		D40D62E821F5DAFA9DA7EC1851429ADF /* AgreementConfigurator.swift */ = {isa = PBXFileReference; fileEncoding = 4; lastKnownFileType = sourcecode.swift; path = AgreementConfigurator.swift; sourceTree = "<group>"; };
		4E985967BB681BF28964406EF14D5FAF /* AgreementCustomButtons.swift */ = {isa = PBXFileReference; fileEncoding = 4; lastKnownFileType = sourcecode.swift; path = AgreementCustomButtons.swift; sourceTree = "<group>"; };
		F96346DAC0E90C17F7691640E48AEE93 /* AgreementDetailConfigurator.swift */ = {isa = PBXFileReference; fileEncoding = 4; lastKnownFileType = sourcecode.swift; path = AgreementDetailConfigurator.swift; sourceTree = "<group>"; };
		74619AD111CDEC1774805735AA1A11DC /* AgreementDetailInteractor.swift */ = {isa = PBXFileReference; fileEncoding = 4; lastKnownFileType = sourcecode.swift; path = AgreementDetailInteractor.swift; sourceTree = "<group>"; };
		3A789567E33412DAFF22EF56328EC582 /* AgreementDetailPresenter.swift */ = {isa = PBXFileReference; fileEncoding = 4; lastKnownFileType = sourcecode.swift; path = AgreementDetailPresenter.swift; sourceTree = "<group>"; };
		19E097724ED27ACDE26CD7A8950619D6 /* AgreementDetailRouter.swift */ = {isa = PBXFileReference; fileEncoding = 4; lastKnownFileType = sourcecode.swift; path = AgreementDetailRouter.swift; sourceTree = "<group>"; };
		61158CF6B64CE48F049CE84298E02F71 /* AgreementDetailViewController.swift */ = {isa = PBXFileReference; fileEncoding = 4; lastKnownFileType = sourcecode.swift; path = AgreementDetailViewController.swift; sourceTree = "<group>"; };
		DB245D20F17AFA74A77FB4C60224023F /* AgreementDetailViewController.xib */ = {isa = PBXFileReference; fileEncoding = 4; lastKnownFileType = file.xib; path = AgreementDetailViewController.xib; sourceTree = "<group>"; };
		B6067921189655DA46071E0DDDD32D95 /* AgreementDetailViewModel.swift */ = {isa = PBXFileReference; fileEncoding = 4; lastKnownFileType = sourcecode.swift; path = AgreementDetailViewModel.swift; sourceTree = "<group>"; };
		EA9B6DD0EFD68A1AA236E2D95D711B2B /* AgreementDetailWorker.swift */ = {isa = PBXFileReference; fileEncoding = 4; lastKnownFileType = sourcecode.swift; path = AgreementDetailWorker.swift; sourceTree = "<group>"; };
		4E3D13EE4209DFE9560B7AABD38EBF7D /* AgreementInteractor.swift */ = {isa = PBXFileReference; fileEncoding = 4; lastKnownFileType = sourcecode.swift; path = AgreementInteractor.swift; sourceTree = "<group>"; };
		B5CC7D627929620FB7F8FFD5E771D43A /* AgreementPresenter.swift */ = {isa = PBXFileReference; fileEncoding = 4; lastKnownFileType = sourcecode.swift; path = AgreementPresenter.swift; sourceTree = "<group>"; };
		B614D249767AB689332B2B80EDDEB86F /* AgreementRouter.swift */ = {isa = PBXFileReference; fileEncoding = 4; lastKnownFileType = sourcecode.swift; path = AgreementRouter.swift; sourceTree = "<group>"; };
		102F40B12647C8404EA4F31FA3BF44A2 /* AgreementViewController.swift */ = {isa = PBXFileReference; fileEncoding = 4; lastKnownFileType = sourcecode.swift; path = AgreementViewController.swift; sourceTree = "<group>"; };
		1094F1725C79AC8E7D7968BB682A4A9C /* AgreementViewController.xib */ = {isa = PBXFileReference; fileEncoding = 4; lastKnownFileType = file.xib; path = AgreementViewController.xib; sourceTree = "<group>"; };
		911060AA3362D14B47B4DD6DC74F1347 /* AgreementViewModel.swift */ = {isa = PBXFileReference; fileEncoding = 4; lastKnownFileType = sourcecode.swift; path = AgreementViewModel.swift; sourceTree = "<group>"; };
		F7C3ADA497F881F4B5C0571B2D3C7A0D /* AgreementWorker.swift */ = {isa = PBXFileReference; fileEncoding = 4; lastKnownFileType = sourcecode.swift; path = AgreementWorker.swift; sourceTree = "<group>"; };
		3EDFBBB5F052EB2867D3296C44190242 /* AppDelegate.swift */ = {isa = PBXFileReference; lastKnownFileType = sourcecode.swift; path = AppDelegate.swift; sourceTree = "<group>"; };
		1D4D8776B99B283B56E0873574F699B5 /* Assets.xcassets */ = {isa = PBXFileReference; lastKnownFileType = folder.assetcatalog; path = Assets.xcassets; sourceTree = "<group>"; };
		02F04B428FF61C04883253A2B58911CB /* Base */ = {isa = PBXFileReference; lastKnownFileType = file.storyboard; name = Base; path = Base.lproj/Main.storyboard; sourceTree = "<group>"; };
		0A6FF21081CED8DA32F4F619D5F17679 /* Base */ = {isa = PBXFileReference; lastKnownFileType = file.storyboard; name = Base; path = Base.lproj/LaunchScreen.storyboard; sourceTree = "<group>"; };
		75389F37F480CC3BE6926596A34B09FE /* Colors.swift */ = {isa = PBXFileReference; fileEncoding = 4; lastKnownFileType = sourcecode.swift; path = Colors.swift; sourceTree = "<group>"; };
		DAFDB178F162FE69025CB7A19C8B37C0 /* CoupleInfoView.xib */ = {isa = PBXFileReference; lastKnownFileType = file.xib; path = CoupleInfoView.xib; sourceTree = "<group>"; };
		BE8C037E880CA5D9EF827326EFA0428D /* CustomBackButtonNavController.swift */ = {isa = PBXFileReference; lastKnownFileType = sourcecode.swift; path = CustomBackButtonNavController.swift; sourceTree = "<group>"; };
		2A194CD5FDA8AC57C4538B703CA05EC7 /* DetailContents.swift */ = {isa = PBXFileReference; fileEncoding = 4; lastKnownFileType = sourcecode.swift; path = DetailContents.swift; sourceTree = "<group>"; };
		9BA58018F06E2EDBF150741DA6D37176 /* FindInfoView.xib */ = {isa = PBXFileReference; lastKnownFileType = file.xib; path = FindInfoView.xib; sourceTree = "<group>"; };
		92037AB88813AC376F5D3F7FEDA4E208 /* Fonts.swift */ = {isa = PBXFileReference; fileEncoding = 4; lastKnownFileType = sourcecode.swift; path = Fonts.swift; sourceTree = "<group>"; };
		D4A9DA03BF9FF91ECE2790F8EAFFE97D /* Guidance.storyboard */ = {isa = PBXFileReference; fileEncoding = 4; lastKnownFileType = file.storyboard; path = Guidance.storyboard; sourceTree = "<group>"; };
		C6C6F8541FF205A54300EE61141969EA /* GuidanceConfigurator.swift */ = {isa = PBXFileReference; fileEncoding = 4; lastKnownFileType = sourcecode.swift; path = GuidanceConfigurator.swift; sourceTree = "<group>"; };
		33C0ACDC6965058635070B26905FB157 /* GuidanceInteractor.swift */ = {isa = PBXFileReference; fileEncoding = 4; lastKnownFileType = sourcecode.swift; path = GuidanceInteractor.swift; sourceTree = "<group>"; };
		1BF6CEB7BC163D17A99D7C0F006907BC /* GuidancePresenter.swift */ = {isa = PBXFileReference; fileEncoding = 4; lastKnownFileType = sourcecode.swift; path = GuidancePresenter.swift; sourceTree = "<group>"; };
		DC93E004DB831C3643A5C5A3F6DE2A85 /* GuidanceRouter.swift */ = {isa = PBXFileReference; fileEncoding = 4; lastKnownFileType = sourcecode.swift; path = GuidanceRouter.swift; sourceTree = "<group>"; };
		F8986C6935752654B0D195DD3CDB56A2 /* GuidanceViewController.swift */ = {isa = PBXFileReference; fileEncoding = 4; lastKnownFileType = sourcecode.swift; path = GuidanceViewController.swift; sourceTree = "<group>"; };
		D429EF781118B0915D3263ED33EC2A1A /* GuidanceViewModel.swift */ = {isa = PBXFileReference; fileEncoding = 4; lastKnownFileType = sourcecode.swift; path = GuidanceViewModel.swift; sourceTree = "<group>"; };
		D98CD371C1222CD9156C0C1236BC6949 /* GuidanceWorker.swift */ = {isa = PBXFileReference; fileEncoding = 4; lastKnownFileType = sourcecode.swift; path = GuidanceWorker.swift; sourceTree = "<group>"; };
		5CF2894482AE035D3CE767E107A4B034 /* Info.plist */ = {isa = PBXFileReference; lastKnownFileType = text.plist.xml; path = Info.plist; sourceTree = "<group>"; };
		8DA7641004D98D285493A737D25F3CF9 /* Info.plist */ = {isa = PBXFileReference; lastKnownFileType = text.plist.xml; path = Info.plist; sourceTree = "<group>"; };
		4479ED96A44F906E93F440DEED1B71CC /* Login.storyboard */ = {isa = PBXFileReference; fileEncoding = 4; lastKnownFileType = file.storyboard; path = Login.storyboard; sourceTree = "<group>"; };
		19EC89EBAFDDE8605A6C309BE915BDC1 /* LoginConfigurator.swift */ = {isa = PBXFileReference; fileEncoding = 4; lastKnownFileType = sourcecode.swift; path = LoginConfigurator.swift; sourceTree = "<group>"; };
		48D17CD208B6E8E6EC4DEBA00E14AFFF /* LoginInteractor.swift */ = {isa = PBXFileReference; fileEncoding = 4; lastKnownFileType = sourcecode.swift; path = LoginInteractor.swift; sourceTree = "<group>"; };
		6ED2865DEBE763160F0FC6376413C90F /* LoginPlatformCel.xib */ = {isa = PBXFileReference; fileEncoding = 4; lastKnownFileType = file.xib; path = LoginPlatformCel.xib; sourceTree = "<group>"; };
		3682877BB8236C52663716F662057BAE /* LoginPlatformCell.swift */ = {isa = PBXFileReference; fileEncoding = 4; lastKnownFileType = sourcecode.swift; path = LoginPlatformCell.swift; sourceTree = "<group>"; };
		72CAB8AAF2F67618A81B21E14067FB69 /* LoginPresenter.swift */ = {isa = PBXFileReference; fileEncoding = 4; lastKnownFileType = sourcecode.swift; path = LoginPresenter.swift; sourceTree = "<group>"; };
		E958440B5291F50E4EE7D3CE6F0B5E99 /* LoginRouter.swift */ = {isa = PBXFileReference; fileEncoding = 4; lastKnownFileType = sourcecode.swift; path = LoginRouter.swift; sourceTree = "<group>"; };
		FBD587FEB37F81BACDE3CEE0F66D8B74 /* LoginViewController.swift */ = {isa = PBXFileReference; fileEncoding = 4; lastKnownFileType = sourcecode.swift; path = LoginViewController.swift; sourceTree = "<group>"; };
		BD216C8A400E0597BD37153660BDC439 /* LoginViewModel.swift */ = {isa = PBXFileReference; fileEncoding = 4; lastKnownFileType = sourcecode.swift; path = LoginViewModel.swift; sourceTree = "<group>"; };
		5BCA4B47D9E4C97E394E7C372B4A6247 /* LoginWorker.swift */ = {isa = PBXFileReference; fileEncoding = 4; lastKnownFileType = sourcecode.swift; path = LoginWorker.swift; sourceTree = "<group>"; };
		CF88CC944B2EDD2607F6408B6C411C2A /* MarqueeImageView.swift */ = {isa = PBXFileReference; lastKnownFileType = sourcecode.swift; path = MarqueeImageView.swift; sourceTree = "<group>"; };
		9430B98B913F4A8301FBCD4AE227C036 /* MyChareactorInfoView.xib */ = {isa = PBXFileReference; lastKnownFileType = file.xib; path = MyChareactorInfoView.xib; sourceTree = "<group>"; };
		4DA14AA9F78EEDD9A014C4AA26425937 /* NanumSquareB.ttf */ = {isa = PBXFileReference; lastKnownFileType = file; path = NanumSquareB.ttf; sourceTree = "<group>"; };
		18745A2931463C5CA7D667EB19473355 /* NanumSquareEB.ttf */ = {isa = PBXFileReference; lastKnownFileType = file; path = NanumSquareEB.ttf; sourceTree = "<group>"; };
		B076E1AF27A194275D8203AED63238DD /* NanumSquareR.ttf */ = {isa = PBXFileReference; lastKnownFileType = file; path = NanumSquareR.ttf; sourceTree = "<group>"; };
		4EA7B23FCD4E08FEFFC69365459EEEF5 /* NewAccountConfigurator.swift */ = {isa = PBXFileReference; lastKnownFileType = sourcecode.swift; path = NewAccountConfigurator.swift; sourceTree = "<group>"; };
		1E009A5007FFF39F33B7FC3967E2EDFB /* NewAccountInteractor.swift */ = {isa = PBXFileReference; lastKnownFileType = sourcecode.swift; path = NewAccountInteractor.swift; sourceTree = "<group>"; };
		764DE9E551DB34B57CE282CD1082DCE7 /* NewAccountPresenter.swift */ = {isa = PBXFileReference; lastKnownFileType = sourcecode.swift; path = NewAccountPresenter.swift; sourceTree = "<group>"; };
		F8FEE3C1F282AB012C82F39E54ACD1F9 /* NewAccountRouter.swift */ = {isa = PBXFileReference; lastKnownFileType = sourcecode.swift; path = NewAccountRouter.swift; sourceTree = "<group>"; };
		43A62C801BB111111E3058E6C2484DA1 /* NewAccountViewController.swift */ = {isa = PBXFileReference; lastKnownFileType = sourcecode.swift; path = NewAccountViewController.swift; sourceTree = "<group>"; };
		419613B06EAAC2A6B9B2FD7133DB7CF4 /* NewAccountViewModel.swift */ = {isa = PBXFileReference; lastKnownFileType = sourcecode.swift; path = NewAccountViewModel.swift; sourceTree = "<group>"; };
		1CDF65F577A66D38720F7E3465413ED9 /* NewAccountWorker.swift */ = {isa = PBXFileReference; lastKnownFileType = sourcecode.swift; path = NewAccountWorker.swift; sourceTree = "<group>"; };
		70BBD11EDA98C111D4978AFD1C0801DB /* PageViewType.swift */ = {isa = PBXFileReference; fileEncoding = 4; lastKnownFileType = sourcecode.swift; path = PageViewType.swift; sourceTree = "<group>"; };
		274A216F068D96A4BC8A59B6FE5B5E37 /* PagingView.swift */ = {isa = PBXFileReference; lastKnownFileType = sourcecode.swift; path = PagingView.swift; sourceTree = "<group>"; };
		9D2C7BC26AC9CB39976950F55BEA2290 /* PagingView.xib */ = {isa = PBXFileReference; lastKnownFileType = file.xib; path = PagingView.xib; sourceTree = "<group>"; };
		EED532083D8C95DF5A3FC945D78F4B22 /* Pods-Soyeon.debug.xcconfig */ = {isa = PBXFileReference; includeInIndex = 1; lastKnownFileType = text.xcconfig; name = "Pods-Soyeon.debug.xcconfig"; path = "Target Support Files/Pods-Soyeon/Pods-Soyeon.debug.xcconfig"; sourceTree = "<group>"; };
		7A907A7E1B450A2B67668EC3DBDF143C /* Pods-Soyeon.release.xcconfig */ = {isa = PBXFileReference; includeInIndex = 1; lastKnownFileType = text.xcconfig; name = "Pods-Soyeon.release.xcconfig"; path = "Target Support Files/Pods-Soyeon/Pods-Soyeon.release.xcconfig"; sourceTree = "<group>"; };
		746C3CD17E2A5C675AD8C25E772C19C8 /* Pods_Soyeon.framework */ = {isa = PBXFileReference; explicitFileType = wrapper.framework; includeInIndex = 0; path = Pods_Soyeon.framework; sourceTree = BUILT_PRODUCTS_DIR; };
		C1C3B173302AE5D886D06FE83D6716DE /* RadioButton.swift */ = {isa = PBXFileReference; lastKnownFileType = sourcecode.swift; path = RadioButton.swift; sourceTree = "<group>"; };
		688C82AE844576DB44EC24DB785C9E62 /* RadioGroup.swift */ = {isa = PBXFileReference; lastKnownFileType = sourcecode.swift; path = RadioGroup.swift; sourceTree = "<group>"; };
		680998D1645A1C89336501E783098989 /* SceneDelegate.swift */ = {isa = PBXFileReference; lastKnownFileType = sourcecode.swift; path = SceneDelegate.swift; sourceTree = "<group>"; };
		BAAF1DE9E56EDA31918177B72195D099 /* Soyeon.app */ = {isa = PBXFileReference; explicitFileType = wrapper.application; includeInIndex = 0; path = Soyeon.app; sourceTree = BUILT_PRODUCTS_DIR; };
		02A0731D7D43E6DE9CBC4CB1BAD7D081 /* SoyeonAlert.swift */ = {isa = PBXFileReference; lastKnownFileType = sourcecode.swift; path = SoyeonAlert.swift; sourceTree = "<group>"; };
		FB2ED8E0A915E0E7993ECE7297857312 /* SoyeonAlertButton.swift */ = {isa = PBXFileReference; lastKnownFileType = sourcecode.swift; path = SoyeonAlertButton.swift; sourceTree = "<group>"; };
		063749EA4AF5FECDAB43F2F2ED9FF3A9 /* SoyeonAlertable.swift */ = {isa = PBXFileReference; lastKnownFileType = sourcecode.swift; path = SoyeonAlertable.swift; sourceTree = "<group>"; };
		E34A3783A7E3A265F193CB587EB3F95A /* SoyeonBasicAlertButton.swift */ = {isa = PBXFileReference; lastKnownFileType = sourcecode.swift; path = SoyeonBasicAlertButton.swift; sourceTree = "<group>"; };
		AD5F9288425F9670750253134F4FE934 /* SoyeonBasicAlertView.swift */ = {isa = PBXFileReference; lastKnownFileType = sourcecode.swift; path = SoyeonBasicAlertView.swift; sourceTree = "<group>"; };
		7F89BE594D9F37991719AF9FEE1FB3ED /* SoyeonBasicAlertView.xib */ = {isa = PBXFileReference; lastKnownFileType = file.xib; path = SoyeonBasicAlertView.xib; sourceTree = "<group>"; };
		19F8A1B4721C1F72819323D039D188EB /* SoyeonRoundAlertButton.swift */ = {isa = PBXFileReference; lastKnownFileType = sourcecode.swift; path = SoyeonRoundAlertButton.swift; sourceTree = "<group>"; };
		2D2C074DD9EA4D62EC08C61A73F7E116 /* SoyeonRoundAlertView.swift */ = {isa = PBXFileReference; lastKnownFileType = sourcecode.swift; path = SoyeonRoundAlertView.swift; sourceTree = "<group>"; };
		6AAFF9CC81100BA1EA9DB0572335358F /* SoyeonRoundAlertView.xib */ = {isa = PBXFileReference; lastKnownFileType = file.xib; path = SoyeonRoundAlertView.xib; sourceTree = "<group>"; };
		2CED9970AD110D4969EBB08ADBC19CB0 /* SoyeonTests.swift */ = {isa = PBXFileReference; lastKnownFileType = sourcecode.swift; path = SoyeonTests.swift; sourceTree = "<group>"; };
		9D37BD8BC64323E49BFD59F3A7514D78 /* SoyeonTests.xctest */ = {isa = PBXFileReference; explicitFileType = wrapper.cfbundle; includeInIndex = 0; path = SoyeonTests.xctest; sourceTree = BUILT_PRODUCTS_DIR; };
		C986FBC66BBEA23BAFE22FBF44BFD99D /* StartSplashViewController.swift */ = {isa = PBXFileReference; lastKnownFileType = sourcecode.swift; path = StartSplashViewController.swift; sourceTree = "<group>"; };
		C208F790AB8E1F1D2A5B033A6C1CE83F /* StartSplashViewController.xib */ = {isa = PBXFileReference; lastKnownFileType = file.xib; path = StartSplashViewController.xib; sourceTree = "<group>"; };
		112F38C154D871F4833001F2401951BF /* UILabel+.swift */ = {isa = PBXFileReference; fileEncoding = 4; lastKnownFileType = sourcecode.swift; path = "UILabel+.swift"; sourceTree = "<group>"; };
		3EEAC2C14EB350F0F62387D1FF791DD1 /* UIView+.swift */ = {isa = PBXFileReference; fileEncoding = 4; lastKnownFileType = sourcecode.swift; path = "UIView+.swift"; sourceTree = "<group>"; };
		B8A93D1273BADB041337710699945052 /* XibView.swift */ = {isa = PBXFileReference; lastKnownFileType = sourcecode.swift; path = XibView.swift; sourceTree = "<group>"; };
/* End PBXFileReference section */

/* Begin PBXFrameworksBuildPhase section */
		33A0D62595C6E825EBC5E57B868C484E /* Frameworks */ = {
			isa = PBXFrameworksBuildPhase;
			buildActionMask = 2147483647;
			files = (
			);
			runOnlyForDeploymentPostprocessing = 0;
		};
		CBC261FAC44C5E21018B5742672794E1 /* Frameworks */ = {
			isa = PBXFrameworksBuildPhase;
			buildActionMask = 2147483647;
			files = (
				452F7A756A297961F716EFB5391B2A9D /* Pods_Soyeon.framework in Frameworks */,
			);
			runOnlyForDeploymentPostprocessing = 0;
		};
/* End PBXFrameworksBuildPhase section */

/* Begin PBXGroup section */
		90C629E375E7285177D962A3676EAE29 /* Guidance */ = {
			isa = PBXGroup;
			children = (
				DFB45DAE3D5DE8727217BE7F6C155DE5 /* Configurator */,
				66BE030DC1759E934D06CE7589B777FD /* Interactor */,
				42FA588602D60563FF7E210B8206DBB3 /* Presenter */,
				3A7277FBE9E3D828E5ADE5F4DB14AEC7 /* Router */,
				1C5E10A39D0141897751C06BE400F3A3 /* View */,
				437B505250E2DCC42C21B3F69B279118 /* ViewModel */,
				88696DC997BCA9A6C368FBFB287D9888 /* Worker */,
			);
			path = Guidance;
			sourceTree = "<group>";
		};
		437B505250E2DCC42C21B3F69B279118 /* ViewModel */ = {
			isa = PBXGroup;
			children = (
				D429EF781118B0915D3263ED33EC2A1A /* GuidanceViewModel.swift */,
			);
			path = ViewModel;
			sourceTree = "<group>";
		};
		42FA588602D60563FF7E210B8206DBB3 /* Presenter */ = {
			isa = PBXGroup;
			children = (
				1BF6CEB7BC163D17A99D7C0F006907BC /* GuidancePresenter.swift */,
			);
			path = Presenter;
			sourceTree = "<group>";
		};
		1C5E10A39D0141897751C06BE400F3A3 /* View */ = {
			isa = PBXGroup;
			children = (
				D4A9DA03BF9FF91ECE2790F8EAFFE97D /* Guidance.storyboard */,
				F8986C6935752654B0D195DD3CDB56A2 /* GuidanceViewController.swift */,
			);
			path = View;
			sourceTree = "<group>";
		};
		DFB45DAE3D5DE8727217BE7F6C155DE5 /* Configurator */ = {
			isa = PBXGroup;
			children = (
				C6C6F8541FF205A54300EE61141969EA /* GuidanceConfigurator.swift */,
			);
			path = Configurator;
			sourceTree = "<group>";
		};
		88696DC997BCA9A6C368FBFB287D9888 /* Worker */ = {
			isa = PBXGroup;
			children = (
				D98CD371C1222CD9156C0C1236BC6949 /* GuidanceWorker.swift */,
			);
			path = Worker;
			sourceTree = "<group>";
		};
		66BE030DC1759E934D06CE7589B777FD /* Interactor */ = {
			isa = PBXGroup;
			children = (
				33C0ACDC6965058635070B26905FB157 /* GuidanceInteractor.swift */,
			);
			path = Interactor;
			sourceTree = "<group>";
		};
		3A7277FBE9E3D828E5ADE5F4DB14AEC7 /* Router */ = {
			isa = PBXGroup;
			children = (
				DC93E004DB831C3643A5C5A3F6DE2A85 /* GuidanceRouter.swift */,
			);
			path = Router;
			sourceTree = "<group>";
		};
		376FAEC81DFD44FE3B1F6DA8FD5A4FE6 /* Extension */ = {
			isa = PBXGroup;
			children = (
				112F38C154D871F4833001F2401951BF /* UILabel+.swift */,
				3EEAC2C14EB350F0F62387D1FF791DD1 /* UIView+.swift */,
			);
			path = Extension;
			sourceTree = "<group>";
		};
		6F8A8877333223C06557359AA924548F /* Supporting Files */ = {
			isa = PBXGroup;
			children = (
				3EDFBBB5F052EB2867D3296C44190242 /* AppDelegate.swift */,
				8DA7641004D98D285493A737D25F3CF9 /* Info.plist */,
				CA3E8E6F2E22D7603880416458196C94 /* LaunchScreen.storyboard */,
				680998D1645A1C89336501E783098989 /* SceneDelegate.swift */,
			);
			path = "Supporting Files";
			sourceTree = "<group>";
		};
		8344DDF010307ECADA86CB859B36BE02 /* Login */ = {
			isa = PBXGroup;
			children = (
				C4062761259ACCD95B608EE1E2714478 /* Configurator */,
				1AB8CECB47D12C68576A2B0B1C45F344 /* Interactor */,
				EFB5D1424D085706797A25275208768A /* Presenter */,
				3DF336E63F58349A07A7C9B0E9ACF92C /* Router */,
				678B89010F916543A43848D2B62CF6B7 /* View */,
				F846AAE324F25E2D05B844B5E60E5CC5 /* ViewModel */,
				98234A3D09591DF877CF6354EAB9A1E9 /* Worker */,
			);
			path = Login;
			sourceTree = "<group>";
		};
		F846AAE324F25E2D05B844B5E60E5CC5 /* ViewModel */ = {
			isa = PBXGroup;
			children = (
				BD216C8A400E0597BD37153660BDC439 /* LoginViewModel.swift */,
			);
			path = ViewModel;
			sourceTree = "<group>";
		};
		EFB5D1424D085706797A25275208768A /* Presenter */ = {
			isa = PBXGroup;
			children = (
				72CAB8AAF2F67618A81B21E14067FB69 /* LoginPresenter.swift */,
			);
			path = Presenter;
			sourceTree = "<group>";
		};
		678B89010F916543A43848D2B62CF6B7 /* View */ = {
			isa = PBXGroup;
			children = (
				4479ED96A44F906E93F440DEED1B71CC /* Login.storyboard */,
				6ED2865DEBE763160F0FC6376413C90F /* LoginPlatformCel.xib */,
				3682877BB8236C52663716F662057BAE /* LoginPlatformCell.swift */,
				FBD587FEB37F81BACDE3CEE0F66D8B74 /* LoginViewController.swift */,
			);
			path = View;
			sourceTree = "<group>";
		};
		C4062761259ACCD95B608EE1E2714478 /* Configurator */ = {
			isa = PBXGroup;
			children = (
				19EC89EBAFDDE8605A6C309BE915BDC1 /* LoginConfigurator.swift */,
			);
			path = Configurator;
			sourceTree = "<group>";
		};
		98234A3D09591DF877CF6354EAB9A1E9 /* Worker */ = {
			isa = PBXGroup;
			children = (
				5BCA4B47D9E4C97E394E7C372B4A6247 /* LoginWorker.swift */,
			);
			path = Worker;
			sourceTree = "<group>";
		};
		1AB8CECB47D12C68576A2B0B1C45F344 /* Interactor */ = {
			isa = PBXGroup;
			children = (
				48D17CD208B6E8E6EC4DEBA00E14AFFF /* LoginInteractor.swift */,
			);
			path = Interactor;
			sourceTree = "<group>";
		};
		3DF336E63F58349A07A7C9B0E9ACF92C /* Router */ = {
			isa = PBXGroup;
			children = (
				E958440B5291F50E4EE7D3CE6F0B5E99 /* LoginRouter.swift */,
			);
			path = Router;
			sourceTree = "<group>";
		};
		08FFB49B3BE38B4AF0325FCA967A6EE3 /* SoyeonAlert */ = {
			isa = PBXGroup;
			children = (
				8BD2F2656BC8ECFCD0C3D18BBFE53DC1 /* AlertView */,
				3731D451267ABCD09A573785C2AD933D /* Button */,
				02A0731D7D43E6DE9CBC4CB1BAD7D081 /* SoyeonAlert.swift */,
				063749EA4AF5FECDAB43F2F2ED9FF3A9 /* SoyeonAlertable.swift */,
			);
			path = SoyeonAlert;
			sourceTree = "<group>";
		};
		B7D93D04615E6C3FE0F7EC4ABC084BF1 /* Agreement */ = {
			isa = PBXGroup;
			children = (
				DA40E96CB5E5E138B0FCD814A883ACAA /* Agreement */,
				622BC03CAD31F41409306AA4270F14F0 /* AgreementDetail */,
			);
			path = Agreement;
			sourceTree = "<group>";
		};
		622BC03CAD31F41409306AA4270F14F0 /* AgreementDetail */ = {
			isa = PBXGroup;
			children = (
				821E11310BA0EF47F989E4C7681177AE /* Configurator */,
				8AE9BB4EE5770FFD5A3FF920EE1B1DD3 /* Interactor */,
				D7272EFD8B6B8FA3500790786BD3FC1C /* Presenter */,
				CB391560A33263C5E29B26ABCA58D0C6 /* Router */,
				8BEF26B2907BBC0B95DECA5FD494207A /* View */,
				8C82685E0E09F6779B2D0D173F8A610C /* ViewModel */,
				B17FD93F49F0FA9CBD8BF128E34E27A1 /* Worker */,
			);
			path = AgreementDetail;
			sourceTree = "<group>";
		};
		8C82685E0E09F6779B2D0D173F8A610C /* ViewModel */ = {
			isa = PBXGroup;
			children = (
				B6067921189655DA46071E0DDDD32D95 /* AgreementDetailViewModel.swift */,
				2A194CD5FDA8AC57C4538B703CA05EC7 /* DetailContents.swift */,
			);
			path = ViewModel;
			sourceTree = "<group>";
		};
		D7272EFD8B6B8FA3500790786BD3FC1C /* Presenter */ = {
			isa = PBXGroup;
			children = (
				3A789567E33412DAFF22EF56328EC582 /* AgreementDetailPresenter.swift */,
			);
			path = Presenter;
			sourceTree = "<group>";
		};
		8BEF26B2907BBC0B95DECA5FD494207A /* View */ = {
			isa = PBXGroup;
			children = (
				61158CF6B64CE48F049CE84298E02F71 /* AgreementDetailViewController.swift */,
				DB245D20F17AFA74A77FB4C60224023F /* AgreementDetailViewController.xib */,
			);
			path = View;
			sourceTree = "<group>";
		};
		821E11310BA0EF47F989E4C7681177AE /* Configurator */ = {
			isa = PBXGroup;
			children = (
				F96346DAC0E90C17F7691640E48AEE93 /* AgreementDetailConfigurator.swift */,
			);
			path = Configurator;
			sourceTree = "<group>";
		};
		B17FD93F49F0FA9CBD8BF128E34E27A1 /* Worker */ = {
			isa = PBXGroup;
			children = (
				EA9B6DD0EFD68A1AA236E2D95D711B2B /* AgreementDetailWorker.swift */,
			);
			path = Worker;
			sourceTree = "<group>";
		};
		8AE9BB4EE5770FFD5A3FF920EE1B1DD3 /* Interactor */ = {
			isa = PBXGroup;
			children = (
				74619AD111CDEC1774805735AA1A11DC /* AgreementDetailInteractor.swift */,
			);
			path = Interactor;
			sourceTree = "<group>";
		};
		CB391560A33263C5E29B26ABCA58D0C6 /* Router */ = {
			isa = PBXGroup;
			children = (
				19E097724ED27ACDE26CD7A8950619D6 /* AgreementDetailRouter.swift */,
			);
			path = Router;
			sourceTree = "<group>";
		};
		DA40E96CB5E5E138B0FCD814A883ACAA /* Agreement */ = {
			isa = PBXGroup;
			children = (
				88EC40412CD624B1D1B43E5FC59A7DB5 /* Configurator */,
				C9B8910CA3FE505C996EC8C3846EA0E1 /* Interactor */,
				0DDA0606D30D7134B9C67814994ADCD7 /* Presenter */,
				1BFCFB339177C204C0B8CE7DF45AB236 /* Router */,
				9AAFDF8FFBAC92AAAF259C9914DFA31E /* View */,
				ABE745C7525C8D495C02F0AEEE1082E2 /* ViewModel */,
				0E20C39447637D77C1F3304BCCAB542A /* Worker */,
			);
			path = Agreement;
			sourceTree = "<group>";
		};
		ABE745C7525C8D495C02F0AEEE1082E2 /* ViewModel */ = {
			isa = PBXGroup;
			children = (
				911060AA3362D14B47B4DD6DC74F1347 /* AgreementViewModel.swift */,
			);
			path = ViewModel;
			sourceTree = "<group>";
		};
		0DDA0606D30D7134B9C67814994ADCD7 /* Presenter */ = {
			isa = PBXGroup;
			children = (
				B5CC7D627929620FB7F8FFD5E771D43A /* AgreementPresenter.swift */,
			);
			path = Presenter;
			sourceTree = "<group>";
		};
		9AAFDF8FFBAC92AAAF259C9914DFA31E /* View */ = {
			isa = PBXGroup;
			children = (
				4E985967BB681BF28964406EF14D5FAF /* AgreementCustomButtons.swift */,
				102F40B12647C8404EA4F31FA3BF44A2 /* AgreementViewController.swift */,
				1094F1725C79AC8E7D7968BB682A4A9C /* AgreementViewController.xib */,
			);
			path = View;
			sourceTree = "<group>";
		};
		88EC40412CD624B1D1B43E5FC59A7DB5 /* Configurator */ = {
			isa = PBXGroup;
			children = (
				D40D62E821F5DAFA9DA7EC1851429ADF /* AgreementConfigurator.swift */,
			);
			path = Configurator;
			sourceTree = "<group>";
		};
		0E20C39447637D77C1F3304BCCAB542A /* Worker */ = {
			isa = PBXGroup;
			children = (
				F7C3ADA497F881F4B5C0571B2D3C7A0D /* AgreementWorker.swift */,
			);
			path = Worker;
			sourceTree = "<group>";
		};
		C9B8910CA3FE505C996EC8C3846EA0E1 /* Interactor */ = {
			isa = PBXGroup;
			children = (
				4E3D13EE4209DFE9560B7AABD38EBF7D /* AgreementInteractor.swift */,
			);
			path = Interactor;
			sourceTree = "<group>";
		};
		1BFCFB339177C204C0B8CE7DF45AB236 /* Router */ = {
			isa = PBXGroup;
			children = (
				B614D249767AB689332B2B80EDDEB86F /* AgreementRouter.swift */,
			);
			path = Router;
			sourceTree = "<group>";
		};
		C7C652A57012149F7458A38F69862E2F /* SoyeonTests */ = {
			isa = PBXGroup;
			children = (
				5CF2894482AE035D3CE767E107A4B034 /* Info.plist */,
				2CED9970AD110D4969EBB08ADBC19CB0 /* SoyeonTests.swift */,
			);
			path = SoyeonTests;
			sourceTree = "<group>";
		};
		040FF1940077E6484D34E64389D51416 /* StartSplash */ = {
			isa = PBXGroup;
			children = (
				FC58FFFC04422A3B9AC2C308C250E1EE /* PagingView */,
				70BBD11EDA98C111D4978AFD1C0801DB /* PageViewType.swift */,
				274A216F068D96A4BC8A59B6FE5B5E37 /* PagingView.swift */,
				9D2C7BC26AC9CB39976950F55BEA2290 /* PagingView.xib */,
				C986FBC66BBEA23BAFE22FBF44BFD99D /* StartSplashViewController.swift */,
				C208F790AB8E1F1D2A5B033A6C1CE83F /* StartSplashViewController.xib */,
				B8A93D1273BADB041337710699945052 /* XibView.swift */,
			);
			path = StartSplash;
			sourceTree = "<group>";
		};
		2F805ED51333A773566C5081DCD5FC00 /* Signup */ = {
			isa = PBXGroup;
			children = (
				DE3411BD3287632E74ABC3C7F822F2BA /* Step1 */,
				99B300C3C7CDD00D6BEA379F4F3E25D8 /* Step2 */,
				03F856787BE62E2122ED7C5DCAFC7102 /* Step3 */,
			);
			path = Signup;
			sourceTree = "<group>";
		};
		DE3411BD3287632E74ABC3C7F822F2BA /* Step1 */ = {
			isa = PBXGroup;
			children = (
				B7D93D04615E6C3FE0F7EC4ABC084BF1 /* Agreement */,
				8344DDF010307ECADA86CB859B36BE02 /* Login */,
				A227C6D67B64E8D0A8D3A79BC8330ABC /* NewAccount */,
				040FF1940077E6484D34E64389D51416 /* StartSplash */,
			);
			path = Step1;
			sourceTree = "<group>";
		};
		99B300C3C7CDD00D6BEA379F4F3E25D8 /* Step2 */ = {
			isa = PBXGroup;
			children = (
			);
			path = Step2;
			sourceTree = "<group>";
		};
		03F856787BE62E2122ED7C5DCAFC7102 /* Step3 */ = {
			isa = PBXGroup;
			children = (
			);
			path = Step3;
			sourceTree = "<group>";
		};
		BBF4DCD85E8547796EBF14A6F144065F /* Main */ = {
			isa = PBXGroup;
			children = (
				90C629E375E7285177D962A3676EAE29 /* Guidance */,
			);
			path = Main;
			sourceTree = "<group>";
		};
		FC58FFFC04422A3B9AC2C308C250E1EE /* PagingView */ = {
			isa = PBXGroup;
			children = (
				DAFDB178F162FE69025CB7A19C8B37C0 /* CoupleInfoView.xib */,
				9BA58018F06E2EDBF150741DA6D37176 /* FindInfoView.xib */,
				CF88CC944B2EDD2607F6408B6C411C2A /* MarqueeImageView.swift */,
				9430B98B913F4A8301FBCD4AE227C036 /* MyChareactorInfoView.xib */,
			);
			path = PagingView;
			sourceTree = "<group>";
		};
		3731D451267ABCD09A573785C2AD933D /* Button */ = {
			isa = PBXGroup;
			children = (
				FB2ED8E0A915E0E7993ECE7297857312 /* SoyeonAlertButton.swift */,
				E34A3783A7E3A265F193CB587EB3F95A /* SoyeonBasicAlertButton.swift */,
				19F8A1B4721C1F72819323D039D188EB /* SoyeonRoundAlertButton.swift */,
			);
			path = Button;
			sourceTree = "<group>";
		};
		8BD2F2656BC8ECFCD0C3D18BBFE53DC1 /* AlertView */ = {
			isa = PBXGroup;
			children = (
				AD5F9288425F9670750253134F4FE934 /* SoyeonBasicAlertView.swift */,
				7F89BE594D9F37991719AF9FEE1FB3ED /* SoyeonBasicAlertView.xib */,
				2D2C074DD9EA4D62EC08C61A73F7E116 /* SoyeonRoundAlertView.swift */,
				6AAFF9CC81100BA1EA9DB0572335358F /* SoyeonRoundAlertView.xib */,
			);
			path = AlertView;
			sourceTree = "<group>";
		};
		86B50735D3C71F38E19DE4AFF1EDAA44 /* Pods */ = {
			isa = PBXGroup;
			children = (
				EED532083D8C95DF5A3FC945D78F4B22 /* Pods-Soyeon.debug.xcconfig */,
				7A907A7E1B450A2B67668EC3DBDF143C /* Pods-Soyeon.release.xcconfig */,
			);
			path = Pods;
			sourceTree = "<group>";
		};
		D48AAC1C6923A3D80288CD65870C38F9 /* Frameworks */ = {
			isa = PBXGroup;
			children = (
				746C3CD17E2A5C675AD8C25E772C19C8 /* Pods_Soyeon.framework */,
			);
			name = Frameworks;
			sourceTree = "<group>";
		};
		2C46FE8E14277DCDE9B27AF3DF8D9F4E /* Common */ = {
			isa = PBXGroup;
			children = (
				08FFB49B3BE38B4AF0325FCA967A6EE3 /* SoyeonAlert */,
				BE8C037E880CA5D9EF827326EFA0428D /* CustomBackButtonNavController.swift */,
			);
			path = Common;
			sourceTree = "<group>";
		};
		A227C6D67B64E8D0A8D3A79BC8330ABC /* NewAccount */ = {
			isa = PBXGroup;
			children = (
				6A795942E4F728401B9081FDF9064413 /* Configurator */,
				7BC2CC9AAFDA8CF95A78D36280A76663 /* Interactor */,
				0E59C13467634C2F7CCDF205DB19E9A8 /* Presenter */,
				850C8C189AAEB104178C570D11DE25B4 /* Router */,
				43C0BF190EAE9C64A427D72231635320 /* View */,
				2D176EAB9A949E49FEA214CFEFD77FAD /* ViewModel */,
				3C0F270DB41E7770A25CB55DB6D20F65 /* Worker */,
			);
			path = NewAccount;
			sourceTree = "<group>";
		};
		850C8C189AAEB104178C570D11DE25B4 /* Router */ = {
			isa = PBXGroup;
			children = (
				F8FEE3C1F282AB012C82F39E54ACD1F9 /* NewAccountRouter.swift */,
			);
			path = Router;
			sourceTree = "<group>";
		};
		7BC2CC9AAFDA8CF95A78D36280A76663 /* Interactor */ = {
			isa = PBXGroup;
			children = (
				1E009A5007FFF39F33B7FC3967E2EDFB /* NewAccountInteractor.swift */,
			);
			path = Interactor;
			sourceTree = "<group>";
		};
		3C0F270DB41E7770A25CB55DB6D20F65 /* Worker */ = {
			isa = PBXGroup;
			children = (
				1CDF65F577A66D38720F7E3465413ED9 /* NewAccountWorker.swift */,
			);
			path = Worker;
			sourceTree = "<group>";
		};
		6A795942E4F728401B9081FDF9064413 /* Configurator */ = {
			isa = PBXGroup;
			children = (
				4EA7B23FCD4E08FEFFC69365459EEEF5 /* NewAccountConfigurator.swift */,
			);
			path = Configurator;
			sourceTree = "<group>";
		};
		43C0BF190EAE9C64A427D72231635320 /* View */ = {
			isa = PBXGroup;
			children = (
				43A62C801BB111111E3058E6C2484DA1 /* NewAccountViewController.swift */,
				C1C3B173302AE5D886D06FE83D6716DE /* RadioButton.swift */,
				688C82AE844576DB44EC24DB785C9E62 /* RadioGroup.swift */,
			);
			path = View;
			sourceTree = "<group>";
		};
		0E59C13467634C2F7CCDF205DB19E9A8 /* Presenter */ = {
			isa = PBXGroup;
			children = (
				764DE9E551DB34B57CE282CD1082DCE7 /* NewAccountPresenter.swift */,
			);
			path = Presenter;
			sourceTree = "<group>";
		};
		2D176EAB9A949E49FEA214CFEFD77FAD /* ViewModel */ = {
			isa = PBXGroup;
			children = (
				419613B06EAAC2A6B9B2FD7133DB7CF4 /* NewAccountViewModel.swift */,
			);
			path = ViewModel;
			sourceTree = "<group>";
		};
		84940EC684FD0123E228E8999618B90E = {
			isa = PBXGroup;
			children = (
				D48AAC1C6923A3D80288CD65870C38F9 /* Frameworks */,
				86B50735D3C71F38E19DE4AFF1EDAA44 /* Pods */,
				60259AFB1B3F6E01EE2A2FA1118F8671 /* Products */,
				7AE60DB43A90543D5D55BDBD27F58F4F /* Soyeon */,
				C7C652A57012149F7458A38F69862E2F /* SoyeonTests */,
				3D9133344C4A5391D6C02B2B752CBF84 /* .swiftlint.yml */,
			);
			sourceTree = "<group>";
		};
		60259AFB1B3F6E01EE2A2FA1118F8671 /* Products */ = {
			isa = PBXGroup;
			children = (
				BAAF1DE9E56EDA31918177B72195D099 /* Soyeon.app */,
				9D37BD8BC64323E49BFD59F3A7514D78 /* SoyeonTests.xctest */,
			);
			name = Products;
			sourceTree = "<group>";
		};
		7AE60DB43A90543D5D55BDBD27F58F4F /* Soyeon */ = {
			isa = PBXGroup;
			children = (
				2C46FE8E14277DCDE9B27AF3DF8D9F4E /* Common */,
				376FAEC81DFD44FE3B1F6DA8FD5A4FE6 /* Extension */,
				BBF4DCD85E8547796EBF14A6F144065F /* Main */,
				A858FDC9604C361E215F2585C6BF6F04 /* Resources */,
				2F805ED51333A773566C5081DCD5FC00 /* Signup */,
				6F8A8877333223C06557359AA924548F /* Supporting Files */,
				6B6959CDEE0BC3A2E8CA212CC31BD036 /* Main.storyboard */,
			);
			path = Soyeon;
			sourceTree = "<group>";
		};
		A858FDC9604C361E215F2585C6BF6F04 /* Resources */ = {
			isa = PBXGroup;
			children = (
				1D4D8776B99B283B56E0873574F699B5 /* Assets.xcassets */,
				75389F37F480CC3BE6926596A34B09FE /* Colors.swift */,
				92037AB88813AC376F5D3F7FEDA4E208 /* Fonts.swift */,
				4DA14AA9F78EEDD9A014C4AA26425937 /* NanumSquareB.ttf */,
				18745A2931463C5CA7D667EB19473355 /* NanumSquareEB.ttf */,
				B076E1AF27A194275D8203AED63238DD /* NanumSquareR.ttf */,
			);
			path = Resources;
			sourceTree = "<group>";
		};
/* End PBXGroup section */

/* Begin PBXNativeTarget section */
		177BE9EEA7A9C70BE0EDE9321CFFE2C7 /* SoyeonTests */ = {
			isa = PBXNativeTarget;
			buildConfigurationList = C2FA3CC4E9AA563AECC13F462172E3F9 /* Build configuration list for PBXNativeTarget "SoyeonTests" */;
			buildPhases = (
				F1069A88F9DC9BDC1B3440BD6A541AB1 /* Sources */,
				33A0D62595C6E825EBC5E57B868C484E /* Frameworks */,
				4CD5812DBA2DFDC450045437BF9D49D6 /* Resources */,
			);
			buildRules = (
			);
			dependencies = (
				80D392A88CC384CC2BA59029F9693CEB /* PBXTargetDependency */,
			);
			name = SoyeonTests;
			productName = SoyeonTests;
			productReference = 9D37BD8BC64323E49BFD59F3A7514D78 /* SoyeonTests.xctest */;
			productType = "com.apple.product-type.bundle.unit-test";
		};
		F80C6F314F2FC41D4E0208C84ACE120D /* Soyeon */ = {
			isa = PBXNativeTarget;
			buildConfigurationList = FA3925717A49F2885AA479460F5AE44E /* Build configuration list for PBXNativeTarget "Soyeon" */;
			buildPhases = (
				E867D8F2819B3FB2074FB7DB0DF10E81 /* [CP] Check Pods Manifest.lock */,
				6595980D59136FD7F0BEB7BFCE486898 /* Sources */,
				CBC261FAC44C5E21018B5742672794E1 /* Frameworks */,
				1A8CB099C1BB5BDCE1D728ED7B249A93 /* Resources */,
				D5048890C5D8EAF458636BCB95ED85E6 /* ShellScript */,
			);
			buildRules = (
			);
			dependencies = (
			);
			name = Soyeon;
			productName = Soyeon;
			productReference = BAAF1DE9E56EDA31918177B72195D099 /* Soyeon.app */;
			productType = "com.apple.product-type.application";
		};
/* End PBXNativeTarget section */

/* Begin PBXProject section */
		ABB4EA70DBBF8A81577D3D19F309814E /* Project object */ = {
			isa = PBXProject;
			attributes = {
				LastSwiftUpdateCheck = 1230;
				LastUpgradeCheck = 1160;
				ORGANIZATIONNAME = ludus;
				TargetAttributes = {
					177BE9EEA7A9C70BE0EDE9321CFFE2C7 = {
						CreatedOnToolsVersion = 12.3;
						TestTargetID = F80C6F314F2FC41D4E0208C84ACE120D;
					};
					F80C6F314F2FC41D4E0208C84ACE120D = {
						CreatedOnToolsVersion = 11.6;
					};
				};
			};
			buildConfigurationList = 73426677B26173E4305DC2DC4F295102 /* Build configuration list for PBXProject "Soyeon" */;
			compatibilityVersion = "Xcode 9.3";
			developmentRegion = en;
			hasScannedForEncodings = 0;
			knownRegions = (
				en,
				Base,
			);
			mainGroup = 84940EC684FD0123E228E8999618B90E;
			productRefGroup = 60259AFB1B3F6E01EE2A2FA1118F8671 /* Products */;
			projectDirPath = "";
			projectRoot = "";
			targets = (
				F80C6F314F2FC41D4E0208C84ACE120D /* Soyeon */,
				177BE9EEA7A9C70BE0EDE9321CFFE2C7 /* SoyeonTests */,
			);
		};
/* End PBXProject section */

/* Begin PBXResourcesBuildPhase section */
		4CD5812DBA2DFDC450045437BF9D49D6 /* Resources */ = {
			isa = PBXResourcesBuildPhase;
			buildActionMask = 2147483647;
			files = (
			);
			runOnlyForDeploymentPostprocessing = 0;
		};
		1A8CB099C1BB5BDCE1D728ED7B249A93 /* Resources */ = {
			isa = PBXResourcesBuildPhase;
			buildActionMask = 2147483647;
			files = (
				AAC98FDD6F5260A13E2A42D581B6C221 /* .swiftlint.yml in Resources */,
				57070E0E78212B73632D25E1970535BD /* AgreementDetailViewController.xib in Resources */,
				85E366A03ABCE8601E21D8F9993873D9 /* AgreementViewController.xib in Resources */,
				B29229440737732E97F890C0CA8D657D /* Assets.xcassets in Resources */,
				71F38E82619AA43DE7B5EFDB022B9D4C /* CoupleInfoView.xib in Resources */,
				37EEB02377D7F0BFC076EB78DEE2D61A /* FindInfoView.xib in Resources */,
				8C58DDE52896D32EF26616ABF0571C58 /* Guidance.storyboard in Resources */,
				9CD51305385D294FE3E27FC97F31FA5E /* LaunchScreen.storyboard in Resources */,
				E9446C601D437C2D44FE5ED4496BF4FF /* Login.storyboard in Resources */,
				1B18BC8962816943321D52FFE275C98D /* LoginPlatformCel.xib in Resources */,
				D89BF6809A65D542C1815CA217010017 /* Main.storyboard in Resources */,
				DC0F587783191D66E8DF61C7287CAE88 /* MyChareactorInfoView.xib in Resources */,
				FA7E8B2651E23CA07542AA72CA1878A8 /* NanumSquareB.ttf in Resources */,
				4D751BFFCFB437F4261A137EB7B78078 /* NanumSquareEB.ttf in Resources */,
				0C7D93560157D4B7D7021E708DEDAA62 /* NanumSquareR.ttf in Resources */,
				0A12208A295EBB8A1C8CC0189321074E /* PagingView.xib in Resources */,
				D2966619A1A88331C0440B1BF4A8C466 /* SoyeonBasicAlertView.xib in Resources */,
				93E709DBF2FC061A92975E681CC7B26A /* SoyeonRoundAlertView.xib in Resources */,
				A29BA0553EEAE662B7FA6E120A01DE89 /* StartSplashViewController.xib in Resources */,
			);
			runOnlyForDeploymentPostprocessing = 0;
		};
/* End PBXResourcesBuildPhase section */

/* Begin PBXShellScriptBuildPhase section */
		D5048890C5D8EAF458636BCB95ED85E6 /* ShellScript */ = {
			isa = PBXShellScriptBuildPhase;
			buildActionMask = 2147483647;
			files = (
			);
			inputFileListPaths = (
			);
			inputPaths = (
			);
			outputFileListPaths = (
			);
			outputPaths = (
			);
			runOnlyForDeploymentPostprocessing = 0;
			shellPath = /bin/sh;
			shellScript = "${PODS_ROOT}/SwiftLint/swiftlint\n";
		};
		E867D8F2819B3FB2074FB7DB0DF10E81 /* [CP] Check Pods Manifest.lock */ = {
			isa = PBXShellScriptBuildPhase;
			buildActionMask = 2147483647;
			files = (
			);
			inputFileListPaths = (
			);
			inputPaths = (
				"${PODS_PODFILE_DIR_PATH}/Podfile.lock",
				"${PODS_ROOT}/Manifest.lock",
			);
			name = "[CP] Check Pods Manifest.lock";
			outputFileListPaths = (
			);
			outputPaths = (
				"$(DERIVED_FILE_DIR)/Pods-Soyeon-checkManifestLockResult.txt",
			);
			runOnlyForDeploymentPostprocessing = 0;
			shellPath = /bin/sh;
			shellScript = "diff \"${PODS_PODFILE_DIR_PATH}/Podfile.lock\" \"${PODS_ROOT}/Manifest.lock\" > /dev/null\nif [ $? != 0 ] ; then\n    # print error to STDERR\n    echo \"error: The sandbox is not in sync with the Podfile.lock. Run 'pod install' or update your CocoaPods installation.\" >&2\n    exit 1\nfi\n# This output is used by Xcode 'outputs' to avoid re-running this script phase.\necho \"SUCCESS\" > \"${SCRIPT_OUTPUT_FILE_0}\"\n";
			showEnvVarsInLog = 0;
		};
/* End PBXShellScriptBuildPhase section */

/* Begin PBXSourcesBuildPhase section */
		F1069A88F9DC9BDC1B3440BD6A541AB1 /* Sources */ = {
			isa = PBXSourcesBuildPhase;
			buildActionMask = 2147483647;
			files = (
				6E6278E2071D533E910FFD6CE572AB36 /* SoyeonTests.swift in Sources */,
			);
			runOnlyForDeploymentPostprocessing = 0;
		};
		6595980D59136FD7F0BEB7BFCE486898 /* Sources */ = {
			isa = PBXSourcesBuildPhase;
			buildActionMask = 2147483647;
			files = (
				F76CC6D688577E699691EBF8A153EF35 /* AgreementConfigurator.swift in Sources */,
				397EBF3E44438C9F2FD666F40F624E7E /* AgreementCustomButtons.swift in Sources */,
				66E24D588783641AC75AE2735A629666 /* AgreementDetailConfigurator.swift in Sources */,
				EFBE6817707102FFA9CEC89015686B61 /* AgreementDetailInteractor.swift in Sources */,
				2742608E2E67E28244FF12D95937402A /* AgreementDetailPresenter.swift in Sources */,
				0321A91F967801B5DCF4C2452CF55C50 /* AgreementDetailRouter.swift in Sources */,
				2F50A6901A8ADB30453705FAB0380E26 /* AgreementDetailViewController.swift in Sources */,
				C8E71C64D6F2BEB817B5BA609505CD29 /* AgreementDetailViewModel.swift in Sources */,
				A73F08167EEC270AB77F36E383E23D22 /* AgreementDetailWorker.swift in Sources */,
				0BDCE873148AF23E58FC6342C2843D2A /* AgreementInteractor.swift in Sources */,
				5B59B0EA8A17D387D3A46E44728CDB24 /* AgreementPresenter.swift in Sources */,
				A0430429B8D415D2BAB495DFCC44EB2F /* AgreementRouter.swift in Sources */,
				FBDBC8FB88A9578086BE08F5C6F54EC3 /* AgreementViewController.swift in Sources */,
				A3758732FFDAAC57B14084BAD0CD6134 /* AgreementViewModel.swift in Sources */,
				0E80723B11D1E6AF0FFC01ADF4D16EDC /* AgreementWorker.swift in Sources */,
				BECD6C5C3794AB94E286E563F5CCB225 /* AppDelegate.swift in Sources */,
				2C592FFF11819D8C89CB862D60A0621E /* Colors.swift in Sources */,
				8B0D36E9B5DDA780BA8B68BDAB909233 /* CustomBackButtonNavController.swift in Sources */,
				3906B0D38FD1ACA563765E192210D671 /* DetailContents.swift in Sources */,
				6334E08DC17E98B06ACD6D47B769382E /* Fonts.swift in Sources */,
				384C0DD29D1CAB3143D34695B9B2A975 /* GuidanceConfigurator.swift in Sources */,
				D6F0ECF807A1624A511DF1285E0A95CD /* GuidanceInteractor.swift in Sources */,
				14C59BF91D9AB3A204990873C57336E1 /* GuidancePresenter.swift in Sources */,
				2C872D92838AF8B3AC1D69E42B9ABE0E /* GuidanceRouter.swift in Sources */,
				92DB88FBCADDEDB97AA7D2FF34540306 /* GuidanceViewController.swift in Sources */,
				2CD90E1D9FBB358BE19C25888F276F09 /* GuidanceViewModel.swift in Sources */,
				E3533337D7A7489E22787D4E20028B9D /* GuidanceWorker.swift in Sources */,
				A9E5095C357B025475BEA430FF211849 /* LoginConfigurator.swift in Sources */,
				CA3E35A3F34B1DDF5D21F81F8E58E2A3 /* LoginInteractor.swift in Sources */,
				BD60137ED9CDACEE101FAEFDF275064A /* LoginPlatformCell.swift in Sources */,
				67DBE3A9E54E95A87A3B8521EFC6351F /* LoginPresenter.swift in Sources */,
				B7D2BE89A77BCECF184E258429B4CF2D /* LoginRouter.swift in Sources */,
				4EC982EF4E0BE21572577F590F03DA87 /* LoginViewController.swift in Sources */,
				B4D8D86BC7B7D3DF1335819207F7AFE1 /* LoginViewModel.swift in Sources */,
				F1AC160ED456BC7FA2D46919A88E891E /* LoginWorker.swift in Sources */,
				1A9FC1B7D2F4BE069A6C48C0A57C054B /* MarqueeImageView.swift in Sources */,
				B60BE556EC4A84920D8AD8DD8E56C981 /* NewAccountConfigurator.swift in Sources */,
				C315F3246B40CA71E21B752AB8C8CE5D /* NewAccountInteractor.swift in Sources */,
				43C69579CE9F84BB07C96B7BFE724400 /* NewAccountPresenter.swift in Sources */,
				30BC5C45F1804180251AEB30ECF160F2 /* NewAccountRouter.swift in Sources */,
				CC40DB70D6142AA5E8FE50D7816B63F6 /* NewAccountViewController.swift in Sources */,
				2618DBF7A9A924A837EAE95A49CC1699 /* NewAccountViewModel.swift in Sources */,
				B6CD906C53A377BDB37EE1C76B73E370 /* NewAccountWorker.swift in Sources */,
				394825981D3AA62D4483218D3918707D /* PageViewType.swift in Sources */,
				F5A882907221BC98EB733D236DC5CEF7 /* PagingView.swift in Sources */,
				DA493E83B0E93AD63CF442ECC7B21D36 /* RadioButton.swift in Sources */,
				57438A0D297B5FE1D56830EB1D492782 /* RadioGroup.swift in Sources */,
				FCA1B25D3840C23CA8557D654BB234BE /* SceneDelegate.swift in Sources */,
				C6D0A33A219802C1EA1C23C012EA8941 /* SoyeonAlert.swift in Sources */,
				D827A45D612E84ADB019890BB76D4B21 /* SoyeonAlertButton.swift in Sources */,
				B60E8166DA1F1475B5D5247703B1BE56 /* SoyeonAlertable.swift in Sources */,
				B6A6F510806F889714DCCEBFCFEFC1FE /* SoyeonBasicAlertButton.swift in Sources */,
				3054E0AB2698AD80D04922FB8E39CBC6 /* SoyeonBasicAlertView.swift in Sources */,
				7C493A47DCE9C17915F97A02C0084F1A /* SoyeonRoundAlertButton.swift in Sources */,
				D0C067663601D60456F39F194843B88F /* SoyeonRoundAlertView.swift in Sources */,
				53E03C9AB4EC2C59834925AA26521D23 /* StartSplashViewController.swift in Sources */,
				D0EC1E78A74BC0282A69A9341B5D43B9 /* UILabel+.swift in Sources */,
				CF0021FA0B917BBDACCD96CEDF95D6B8 /* UIView+.swift in Sources */,
				45108CE055505A9FC6A319D708054121 /* XibView.swift in Sources */,
			);
			runOnlyForDeploymentPostprocessing = 0;
		};
/* End PBXSourcesBuildPhase section */

/* Begin PBXTargetDependency section */
		80D392A88CC384CC2BA59029F9693CEB /* PBXTargetDependency */ = {
			isa = PBXTargetDependency;
			target = F80C6F314F2FC41D4E0208C84ACE120D /* Soyeon */;
			targetProxy = 88CBE736FA5CD459C2BAB207DA13D952 /* PBXContainerItemProxy */;
		};
/* End PBXTargetDependency section */

/* Begin PBXVariantGroup section */
		6B6959CDEE0BC3A2E8CA212CC31BD036 /* Main.storyboard */ = {
			isa = PBXVariantGroup;
			children = (
				02F04B428FF61C04883253A2B58911CB /* Base */,
			);
			name = Main.storyboard;
			sourceTree = "<group>";
		};
		CA3E8E6F2E22D7603880416458196C94 /* LaunchScreen.storyboard */ = {
			isa = PBXVariantGroup;
			children = (
				0A6FF21081CED8DA32F4F619D5F17679 /* Base */,
			);
			name = LaunchScreen.storyboard;
			sourceTree = "<group>";
		};
/* End PBXVariantGroup section */

/* Begin XCBuildConfiguration section */
		01B63BE572F4261A8124EB8F0228828B /* Debug */ = {
			isa = XCBuildConfiguration;
			buildSettings = {
				BUNDLE_LOADER = "$(TEST_HOST)";
				CLANG_WARN_QUOTED_INCLUDE_IN_FRAMEWORK_HEADER = YES;
				CODE_SIGN_STYLE = Automatic;
				INFOPLIST_FILE = SoyeonTests/Info.plist;
				IPHONEOS_DEPLOYMENT_TARGET = 14.3;
				LD_RUNPATH_SEARCH_PATHS = (
					"$(inherited)",
					"@executable_path/Frameworks",
					"@loader_path/Frameworks",
				);
				PRODUCT_BUNDLE_IDENTIFIER = com.Ludus.SoyeonTests;
				PRODUCT_NAME = "$(TARGET_NAME)";
				SWIFT_VERSION = 5.0;
				TARGETED_DEVICE_FAMILY = "1,2";
				TEST_HOST = "$(BUILT_PRODUCTS_DIR)/Soyeon.app/Soyeon";
			};
			name = Debug;
		};
		CC5F494EE694A094E7F1991EB8FFD8DC /* Release */ = {
			isa = XCBuildConfiguration;
			buildSettings = {
				BUNDLE_LOADER = "$(TEST_HOST)";
				CLANG_WARN_QUOTED_INCLUDE_IN_FRAMEWORK_HEADER = YES;
				CODE_SIGN_STYLE = Automatic;
				INFOPLIST_FILE = SoyeonTests/Info.plist;
				IPHONEOS_DEPLOYMENT_TARGET = 14.3;
				LD_RUNPATH_SEARCH_PATHS = (
					"$(inherited)",
					"@executable_path/Frameworks",
					"@loader_path/Frameworks",
				);
				PRODUCT_BUNDLE_IDENTIFIER = com.Ludus.SoyeonTests;
				PRODUCT_NAME = "$(TARGET_NAME)";
				SWIFT_VERSION = 5.0;
				TARGETED_DEVICE_FAMILY = "1,2";
				TEST_HOST = "$(BUILT_PRODUCTS_DIR)/Soyeon.app/Soyeon";
			};
			name = Release;
		};
		193D7CB8B9641495ECB738AA1E3250BA /* Debug */ = {
			isa = XCBuildConfiguration;
			buildSettings = {
				ALWAYS_SEARCH_USER_PATHS = NO;
				CLANG_ANALYZER_NONNULL = YES;
				CLANG_ANALYZER_NUMBER_OBJECT_CONVERSION = YES_AGGRESSIVE;
				CLANG_CXX_LANGUAGE_STANDARD = "gnu++14";
				CLANG_CXX_LIBRARY = "libc++";
				CLANG_ENABLE_MODULES = YES;
				CLANG_ENABLE_OBJC_ARC = YES;
				CLANG_ENABLE_OBJC_WEAK = YES;
				CLANG_WARN_BLOCK_CAPTURE_AUTORELEASING = YES;
				CLANG_WARN_BOOL_CONVERSION = YES;
				CLANG_WARN_COMMA = YES;
				CLANG_WARN_CONSTANT_CONVERSION = YES;
				CLANG_WARN_DEPRECATED_OBJC_IMPLEMENTATIONS = YES;
				CLANG_WARN_DIRECT_OBJC_ISA_USAGE = YES_ERROR;
				CLANG_WARN_DOCUMENTATION_COMMENTS = YES;
				CLANG_WARN_EMPTY_BODY = YES;
				CLANG_WARN_ENUM_CONVERSION = YES;
				CLANG_WARN_INFINITE_RECURSION = YES;
				CLANG_WARN_INT_CONVERSION = YES;
				CLANG_WARN_NON_LITERAL_NULL_CONVERSION = YES;
				CLANG_WARN_OBJC_IMPLICIT_RETAIN_SELF = YES;
				CLANG_WARN_OBJC_LITERAL_CONVERSION = YES;
				CLANG_WARN_OBJC_ROOT_CLASS = YES_ERROR;
				CLANG_WARN_RANGE_LOOP_ANALYSIS = YES;
				CLANG_WARN_STRICT_PROTOTYPES = YES;
				CLANG_WARN_SUSPICIOUS_MOVE = YES;
				CLANG_WARN_UNGUARDED_AVAILABILITY = YES_AGGRESSIVE;
				CLANG_WARN_UNREACHABLE_CODE = YES;
				CLANG_WARN__DUPLICATE_METHOD_MATCH = YES;
				COPY_PHASE_STRIP = NO;
				DEBUG_INFORMATION_FORMAT = dwarf;
				ENABLE_STRICT_OBJC_MSGSEND = YES;
				ENABLE_TESTABILITY = YES;
				GCC_C_LANGUAGE_STANDARD = gnu11;
				GCC_DYNAMIC_NO_PIC = NO;
				GCC_NO_COMMON_BLOCKS = YES;
				GCC_OPTIMIZATION_LEVEL = 0;
				GCC_PREPROCESSOR_DEFINITIONS = (
					"DEBUG=1",
					"$(inherited)",
				);
				GCC_WARN_64_TO_32_BIT_CONVERSION = YES;
				GCC_WARN_ABOUT_RETURN_TYPE = YES_ERROR;
				GCC_WARN_UNDECLARED_SELECTOR = YES;
				GCC_WARN_UNINITIALIZED_AUTOS = YES_AGGRESSIVE;
				GCC_WARN_UNUSED_FUNCTION = YES;
				GCC_WARN_UNUSED_VARIABLE = YES;
				IPHONEOS_DEPLOYMENT_TARGET = 13.0;
				MTL_ENABLE_DEBUG_INFO = INCLUDE_SOURCE;
				MTL_FAST_MATH = YES;
				ONLY_ACTIVE_ARCH = YES;
				SDKROOT = iphoneos;
				SWIFT_ACTIVE_COMPILATION_CONDITIONS = DEBUG;
				SWIFT_OPTIMIZATION_LEVEL = "-Onone";
			};
			name = Debug;
		};
		77221606D29FD3BABA8E152B0EAE00A1 /* Release */ = {
			isa = XCBuildConfiguration;
			buildSettings = {
				ALWAYS_SEARCH_USER_PATHS = NO;
				CLANG_ANALYZER_NONNULL = YES;
				CLANG_ANALYZER_NUMBER_OBJECT_CONVERSION = YES_AGGRESSIVE;
				CLANG_CXX_LANGUAGE_STANDARD = "gnu++14";
				CLANG_CXX_LIBRARY = "libc++";
				CLANG_ENABLE_MODULES = YES;
				CLANG_ENABLE_OBJC_ARC = YES;
				CLANG_ENABLE_OBJC_WEAK = YES;
				CLANG_WARN_BLOCK_CAPTURE_AUTORELEASING = YES;
				CLANG_WARN_BOOL_CONVERSION = YES;
				CLANG_WARN_COMMA = YES;
				CLANG_WARN_CONSTANT_CONVERSION = YES;
				CLANG_WARN_DEPRECATED_OBJC_IMPLEMENTATIONS = YES;
				CLANG_WARN_DIRECT_OBJC_ISA_USAGE = YES_ERROR;
				CLANG_WARN_DOCUMENTATION_COMMENTS = YES;
				CLANG_WARN_EMPTY_BODY = YES;
				CLANG_WARN_ENUM_CONVERSION = YES;
				CLANG_WARN_INFINITE_RECURSION = YES;
				CLANG_WARN_INT_CONVERSION = YES;
				CLANG_WARN_NON_LITERAL_NULL_CONVERSION = YES;
				CLANG_WARN_OBJC_IMPLICIT_RETAIN_SELF = YES;
				CLANG_WARN_OBJC_LITERAL_CONVERSION = YES;
				CLANG_WARN_OBJC_ROOT_CLASS = YES_ERROR;
				CLANG_WARN_RANGE_LOOP_ANALYSIS = YES;
				CLANG_WARN_STRICT_PROTOTYPES = YES;
				CLANG_WARN_SUSPICIOUS_MOVE = YES;
				CLANG_WARN_UNGUARDED_AVAILABILITY = YES_AGGRESSIVE;
				CLANG_WARN_UNREACHABLE_CODE = YES;
				CLANG_WARN__DUPLICATE_METHOD_MATCH = YES;
				COPY_PHASE_STRIP = NO;
				DEBUG_INFORMATION_FORMAT = "dwarf-with-dsym";
				ENABLE_NS_ASSERTIONS = NO;
				ENABLE_STRICT_OBJC_MSGSEND = YES;
				GCC_C_LANGUAGE_STANDARD = gnu11;
				GCC_NO_COMMON_BLOCKS = YES;
				GCC_WARN_64_TO_32_BIT_CONVERSION = YES;
				GCC_WARN_ABOUT_RETURN_TYPE = YES_ERROR;
				GCC_WARN_UNDECLARED_SELECTOR = YES;
				GCC_WARN_UNINITIALIZED_AUTOS = YES_AGGRESSIVE;
				GCC_WARN_UNUSED_FUNCTION = YES;
				GCC_WARN_UNUSED_VARIABLE = YES;
				IPHONEOS_DEPLOYMENT_TARGET = 13.0;
				MTL_ENABLE_DEBUG_INFO = NO;
				MTL_FAST_MATH = YES;
				SDKROOT = iphoneos;
				SWIFT_COMPILATION_MODE = wholemodule;
				SWIFT_OPTIMIZATION_LEVEL = "-O";
				VALIDATE_PRODUCT = YES;
			};
			name = Release;
		};
		681E5667BD3B68203F949F049A5754A4 /* Debug */ = {
			isa = XCBuildConfiguration;
			baseConfigurationReference = EED532083D8C95DF5A3FC945D78F4B22 /* Pods-Soyeon.debug.xcconfig */;
			buildSettings = {
				ASSETCATALOG_COMPILER_APPICON_NAME = AppIcon;
				CODE_SIGN_STYLE = Automatic;
				DEVELOPMENT_TEAM = HC2Z7MJWST;
				INFOPLIST_FILE = "Soyeon/Supporting Files/Info.plist";
				LD_RUNPATH_SEARCH_PATHS = (
					"$(inherited)",
					"@executable_path/Frameworks",
				);
				PRODUCT_BUNDLE_IDENTIFIER = com.ludus.soyeon;
				PRODUCT_NAME = "$(TARGET_NAME)";
				SWIFT_VERSION = 5.0;
				TARGETED_DEVICE_FAMILY = "1,2";
			};
			name = Debug;
		};
		74A547358D80299450458AD2B7F516F1 /* Release */ = {
			isa = XCBuildConfiguration;
			baseConfigurationReference = 7A907A7E1B450A2B67668EC3DBDF143C /* Pods-Soyeon.release.xcconfig */;
			buildSettings = {
				ASSETCATALOG_COMPILER_APPICON_NAME = AppIcon;
				CODE_SIGN_STYLE = Automatic;
				DEVELOPMENT_TEAM = HC2Z7MJWST;
				INFOPLIST_FILE = "Soyeon/Supporting Files/Info.plist";
				LD_RUNPATH_SEARCH_PATHS = (
					"$(inherited)",
					"@executable_path/Frameworks",
				);
				PRODUCT_BUNDLE_IDENTIFIER = com.ludus.soyeon;
				PRODUCT_NAME = "$(TARGET_NAME)";
				SWIFT_VERSION = 5.0;
				TARGETED_DEVICE_FAMILY = "1,2";
			};
			name = Release;
		};
/* End XCBuildConfiguration section */

/* Begin XCConfigurationList section */
		C2FA3CC4E9AA563AECC13F462172E3F9 /* Build configuration list for PBXNativeTarget "SoyeonTests" */ = {
			isa = XCConfigurationList;
			buildConfigurations = (
				01B63BE572F4261A8124EB8F0228828B /* Debug */,
				CC5F494EE694A094E7F1991EB8FFD8DC /* Release */,
			);
			defaultConfigurationIsVisible = 0;
			defaultConfigurationName = Release;
		};
		73426677B26173E4305DC2DC4F295102 /* Build configuration list for PBXProject "Soyeon" */ = {
			isa = XCConfigurationList;
			buildConfigurations = (
				193D7CB8B9641495ECB738AA1E3250BA /* Debug */,
				77221606D29FD3BABA8E152B0EAE00A1 /* Release */,
			);
			defaultConfigurationIsVisible = 0;
			defaultConfigurationName = Release;
		};
		FA3925717A49F2885AA479460F5AE44E /* Build configuration list for PBXNativeTarget "Soyeon" */ = {
			isa = XCConfigurationList;
			buildConfigurations = (
				681E5667BD3B68203F949F049A5754A4 /* Debug */,
				74A547358D80299450458AD2B7F516F1 /* Release */,
			);
			defaultConfigurationIsVisible = 0;
			defaultConfigurationName = Release;
		};
/* End XCConfigurationList section */
	};
	rootObject = ABB4EA70DBBF8A81577D3D19F309814E /* Project object */;
}
