// !$*UTF8*$!
{
	archiveVersion = 1;
	classes = {
	};
	objectVersion = 50;
	objects = {

/* Begin PBXBuildFile section */
		000CEB4125B484A800F64A28 /* GuidanceViewModel.swift in Sources */ = {isa = PBXBuildFile; fileRef = 000CEB3325B484A800F64A28 /* GuidanceViewModel.swift */; };
		000CEB4225B484A800F64A28 /* GuidancePresenter.swift in Sources */ = {isa = PBXBuildFile; fileRef = 000CEB3525B484A800F64A28 /* GuidancePresenter.swift */; };
		000CEB4325B484A800F64A28 /* GuidanceViewController.swift in Sources */ = {isa = PBXBuildFile; fileRef = 000CEB3725B484A800F64A28 /* GuidanceViewController.swift */; };
		000CEB4425B484A800F64A28 /* Guidance.storyboard in Resources */ = {isa = PBXBuildFile; fileRef = 000CEB3825B484A800F64A28 /* Guidance.storyboard */; };
		000CEB4525B484A800F64A28 /* GuidanceConfigurator.swift in Sources */ = {isa = PBXBuildFile; fileRef = 000CEB3A25B484A800F64A28 /* GuidanceConfigurator.swift */; };
		000CEB4625B484A800F64A28 /* GuidanceWorker.swift in Sources */ = {isa = PBXBuildFile; fileRef = 000CEB3C25B484A800F64A28 /* GuidanceWorker.swift */; };
		000CEB4725B484A800F64A28 /* GuidanceInteractor.swift in Sources */ = {isa = PBXBuildFile; fileRef = 000CEB3E25B484A800F64A28 /* GuidanceInteractor.swift */; };
		000CEB4825B484A800F64A28 /* GuidanceRouter.swift in Sources */ = {isa = PBXBuildFile; fileRef = 000CEB4025B484A800F64A28 /* GuidanceRouter.swift */; };
		000CEB4D25B484C800F64A28 /* UILabel+.swift in Sources */ = {isa = PBXBuildFile; fileRef = 000CEB4B25B484C800F64A28 /* UILabel+.swift */; };
		000CEB4E25B484C800F64A28 /* UIButton+.swift in Sources */ = {isa = PBXBuildFile; fileRef = 000CEB4C25B484C800F64A28 /* UIButton+.swift */; };
		00B3719F25973A65003F6C76 /* .swiftlint.yml in Resources */ = {isa = PBXBuildFile; fileRef = 00B3719E25973A65003F6C76 /* .swiftlint.yml */; };
		00B371AE25973E86003F6C76 /* NanumSquareR.ttf in Resources */ = {isa = PBXBuildFile; fileRef = 00B371AB25973E86003F6C76 /* NanumSquareR.ttf */; };
		00B371AF25973E86003F6C76 /* NanumSquareEB.ttf in Resources */ = {isa = PBXBuildFile; fileRef = 00B371AC25973E86003F6C76 /* NanumSquareEB.ttf */; };
		00B371B025973E86003F6C76 /* NanumSquareB.ttf in Resources */ = {isa = PBXBuildFile; fileRef = 00B371AD25973E86003F6C76 /* NanumSquareB.ttf */; };
		0A6DECAB2597716500B8713B /* Colors.swift in Sources */ = {isa = PBXBuildFile; fileRef = 0A6DECA92597716500B8713B /* Colors.swift */; };
		0A6DECAC2597716500B8713B /* Fonts.swift in Sources */ = {isa = PBXBuildFile; fileRef = 0A6DECAA2597716500B8713B /* Fonts.swift */; };
		5BDC807628B81E4DE303170F /* Pods_Soyeon.framework in Frameworks */ = {isa = PBXBuildFile; fileRef = A04D176EE25C0C949E125001 /* Pods_Soyeon.framework */; };
		D8795C40258E6A2100DF4D64 /* AppDelegate.swift in Sources */ = {isa = PBXBuildFile; fileRef = D8795C3F258E6A2100DF4D64 /* AppDelegate.swift */; };
		D8795C42258E6A2100DF4D64 /* SceneDelegate.swift in Sources */ = {isa = PBXBuildFile; fileRef = D8795C41258E6A2100DF4D64 /* SceneDelegate.swift */; };
		D8795C47258E6A2100DF4D64 /* Main.storyboard in Resources */ = {isa = PBXBuildFile; fileRef = D8795C45258E6A2100DF4D64 /* Main.storyboard */; };
		D8795C49258E6A2500DF4D64 /* Assets.xcassets in Resources */ = {isa = PBXBuildFile; fileRef = D8795C48258E6A2500DF4D64 /* Assets.xcassets */; };
		D8795C4C258E6A2500DF4D64 /* LaunchScreen.storyboard in Resources */ = {isa = PBXBuildFile; fileRef = D8795C4A258E6A2500DF4D64 /* LaunchScreen.storyboard */; };
/* End PBXBuildFile section */

/* Begin PBXFileReference section */
		000CEB3325B484A800F64A28 /* GuidanceViewModel.swift */ = {isa = PBXFileReference; fileEncoding = 4; lastKnownFileType = sourcecode.swift; path = GuidanceViewModel.swift; sourceTree = "<group>"; };
		000CEB3525B484A800F64A28 /* GuidancePresenter.swift */ = {isa = PBXFileReference; fileEncoding = 4; lastKnownFileType = sourcecode.swift; path = GuidancePresenter.swift; sourceTree = "<group>"; };
		000CEB3725B484A800F64A28 /* GuidanceViewController.swift */ = {isa = PBXFileReference; fileEncoding = 4; lastKnownFileType = sourcecode.swift; path = GuidanceViewController.swift; sourceTree = "<group>"; };
		000CEB3825B484A800F64A28 /* Guidance.storyboard */ = {isa = PBXFileReference; fileEncoding = 4; lastKnownFileType = file.storyboard; path = Guidance.storyboard; sourceTree = "<group>"; };
		000CEB3A25B484A800F64A28 /* GuidanceConfigurator.swift */ = {isa = PBXFileReference; fileEncoding = 4; lastKnownFileType = sourcecode.swift; path = GuidanceConfigurator.swift; sourceTree = "<group>"; };
		000CEB3C25B484A800F64A28 /* GuidanceWorker.swift */ = {isa = PBXFileReference; fileEncoding = 4; lastKnownFileType = sourcecode.swift; path = GuidanceWorker.swift; sourceTree = "<group>"; };
		000CEB3E25B484A800F64A28 /* GuidanceInteractor.swift */ = {isa = PBXFileReference; fileEncoding = 4; lastKnownFileType = sourcecode.swift; path = GuidanceInteractor.swift; sourceTree = "<group>"; };
		000CEB4025B484A800F64A28 /* GuidanceRouter.swift */ = {isa = PBXFileReference; fileEncoding = 4; lastKnownFileType = sourcecode.swift; path = GuidanceRouter.swift; sourceTree = "<group>"; };
		000CEB4B25B484C800F64A28 /* UILabel+.swift */ = {isa = PBXFileReference; fileEncoding = 4; lastKnownFileType = sourcecode.swift; path = "UILabel+.swift"; sourceTree = "<group>"; };
		000CEB4C25B484C800F64A28 /* UIButton+.swift */ = {isa = PBXFileReference; fileEncoding = 4; lastKnownFileType = sourcecode.swift; path = "UIButton+.swift"; sourceTree = "<group>"; };
		00B3719E25973A65003F6C76 /* .swiftlint.yml */ = {isa = PBXFileReference; lastKnownFileType = text.yaml; path = .swiftlint.yml; sourceTree = "<group>"; };
		00B371AB25973E86003F6C76 /* NanumSquareR.ttf */ = {isa = PBXFileReference; lastKnownFileType = file; path = NanumSquareR.ttf; sourceTree = "<group>"; };
		00B371AC25973E86003F6C76 /* NanumSquareEB.ttf */ = {isa = PBXFileReference; lastKnownFileType = file; path = NanumSquareEB.ttf; sourceTree = "<group>"; };
		00B371AD25973E86003F6C76 /* NanumSquareB.ttf */ = {isa = PBXFileReference; lastKnownFileType = file; path = NanumSquareB.ttf; sourceTree = "<group>"; };
		0A6DECA92597716500B8713B /* Colors.swift */ = {isa = PBXFileReference; fileEncoding = 4; lastKnownFileType = sourcecode.swift; path = Colors.swift; sourceTree = "<group>"; };
		0A6DECAA2597716500B8713B /* Fonts.swift */ = {isa = PBXFileReference; fileEncoding = 4; lastKnownFileType = sourcecode.swift; path = Fonts.swift; sourceTree = "<group>"; };
		0B3E021C3C5203175F442983 /* Pods-Soyeon.release.xcconfig */ = {isa = PBXFileReference; includeInIndex = 1; lastKnownFileType = text.xcconfig; name = "Pods-Soyeon.release.xcconfig"; path = "Target Support Files/Pods-Soyeon/Pods-Soyeon.release.xcconfig"; sourceTree = "<group>"; };
		A04D176EE25C0C949E125001 /* Pods_Soyeon.framework */ = {isa = PBXFileReference; explicitFileType = wrapper.framework; includeInIndex = 0; path = Pods_Soyeon.framework; sourceTree = BUILT_PRODUCTS_DIR; };
		B339458DFF7FFACB2386F24D /* Pods-Soyeon.debug.xcconfig */ = {isa = PBXFileReference; includeInIndex = 1; lastKnownFileType = text.xcconfig; name = "Pods-Soyeon.debug.xcconfig"; path = "Target Support Files/Pods-Soyeon/Pods-Soyeon.debug.xcconfig"; sourceTree = "<group>"; };
		D8795C3C258E6A2100DF4D64 /* Soyeon.app */ = {isa = PBXFileReference; explicitFileType = wrapper.application; includeInIndex = 0; path = Soyeon.app; sourceTree = BUILT_PRODUCTS_DIR; };
		D8795C3F258E6A2100DF4D64 /* AppDelegate.swift */ = {isa = PBXFileReference; lastKnownFileType = sourcecode.swift; path = AppDelegate.swift; sourceTree = "<group>"; };
		D8795C41258E6A2100DF4D64 /* SceneDelegate.swift */ = {isa = PBXFileReference; lastKnownFileType = sourcecode.swift; path = SceneDelegate.swift; sourceTree = "<group>"; };
		D8795C46258E6A2100DF4D64 /* Base */ = {isa = PBXFileReference; lastKnownFileType = file.storyboard; name = Base; path = Base.lproj/Main.storyboard; sourceTree = "<group>"; };
		D8795C48258E6A2500DF4D64 /* Assets.xcassets */ = {isa = PBXFileReference; lastKnownFileType = folder.assetcatalog; path = Assets.xcassets; sourceTree = "<group>"; };
		D8795C4B258E6A2500DF4D64 /* Base */ = {isa = PBXFileReference; lastKnownFileType = file.storyboard; name = Base; path = Base.lproj/LaunchScreen.storyboard; sourceTree = "<group>"; };
		D8795C4D258E6A2500DF4D64 /* Info.plist */ = {isa = PBXFileReference; lastKnownFileType = text.plist.xml; path = Info.plist; sourceTree = "<group>"; };
/* End PBXFileReference section */

/* Begin PBXFrameworksBuildPhase section */
		D8795C39258E6A2100DF4D64 /* Frameworks */ = {
			isa = PBXFrameworksBuildPhase;
			buildActionMask = 2147483647;
			files = (
				5BDC807628B81E4DE303170F /* Pods_Soyeon.framework in Frameworks */,
			);
			runOnlyForDeploymentPostprocessing = 0;
		};
/* End PBXFrameworksBuildPhase section */

/* Begin PBXGroup section */
		000CEB3125B484A800F64A28 /* Guidance */ = {
			isa = PBXGroup;
			children = (
				000CEB3225B484A800F64A28 /* ViewModel */,
				000CEB3425B484A800F64A28 /* Presenter */,
				000CEB3625B484A800F64A28 /* View */,
				000CEB3925B484A800F64A28 /* Configurator */,
				000CEB3B25B484A800F64A28 /* Worker */,
				000CEB3D25B484A800F64A28 /* Interactor */,
				000CEB3F25B484A800F64A28 /* Router */,
			);
			path = Guidance;
			sourceTree = "<group>";
		};
		000CEB3225B484A800F64A28 /* ViewModel */ = {
			isa = PBXGroup;
			children = (
				000CEB3325B484A800F64A28 /* GuidanceViewModel.swift */,
			);
			path = ViewModel;
			sourceTree = "<group>";
		};
		000CEB3425B484A800F64A28 /* Presenter */ = {
			isa = PBXGroup;
			children = (
				000CEB3525B484A800F64A28 /* GuidancePresenter.swift */,
			);
			path = Presenter;
			sourceTree = "<group>";
		};
		000CEB3625B484A800F64A28 /* View */ = {
			isa = PBXGroup;
			children = (
				000CEB3725B484A800F64A28 /* GuidanceViewController.swift */,
				000CEB3825B484A800F64A28 /* Guidance.storyboard */,
			);
			path = View;
			sourceTree = "<group>";
		};
		000CEB3925B484A800F64A28 /* Configurator */ = {
			isa = PBXGroup;
			children = (
				000CEB3A25B484A800F64A28 /* GuidanceConfigurator.swift */,
			);
			path = Configurator;
			sourceTree = "<group>";
		};
		000CEB3B25B484A800F64A28 /* Worker */ = {
			isa = PBXGroup;
			children = (
				000CEB3C25B484A800F64A28 /* GuidanceWorker.swift */,
			);
			path = Worker;
			sourceTree = "<group>";
		};
		000CEB3D25B484A800F64A28 /* Interactor */ = {
			isa = PBXGroup;
			children = (
				000CEB3E25B484A800F64A28 /* GuidanceInteractor.swift */,
			);
			path = Interactor;
			sourceTree = "<group>";
		};
		000CEB3F25B484A800F64A28 /* Router */ = {
			isa = PBXGroup;
			children = (
				000CEB4025B484A800F64A28 /* GuidanceRouter.swift */,
			);
			path = Router;
			sourceTree = "<group>";
		};
		000CEB4A25B484C800F64A28 /* Extension */ = {
			isa = PBXGroup;
			children = (
				000CEB4B25B484C800F64A28 /* UILabel+.swift */,
				000CEB4C25B484C800F64A28 /* UIButton+.swift */,
			);
			path = Extension;
			sourceTree = "<group>";
		};
		0067AC21259632900005AD86 /* Supporting Files */ = {
			isa = PBXGroup;
			children = (
				D8795C4A258E6A2500DF4D64 /* LaunchScreen.storyboard */,
				D8795C3F258E6A2100DF4D64 /* AppDelegate.swift */,
				D8795C4D258E6A2500DF4D64 /* Info.plist */,
				D8795C41258E6A2100DF4D64 /* SceneDelegate.swift */,
			);
			path = "Supporting Files";
			sourceTree = "<group>";
		};
		572976794A38FB21146A1A93 /* Pods */ = {
			isa = PBXGroup;
			children = (
				B339458DFF7FFACB2386F24D /* Pods-Soyeon.debug.xcconfig */,
				0B3E021C3C5203175F442983 /* Pods-Soyeon.release.xcconfig */,
			);
			path = Pods;
			sourceTree = "<group>";
		};
		987D4D40C92AB7DA7A4AEC60 /* Frameworks */ = {
			isa = PBXGroup;
			children = (
				A04D176EE25C0C949E125001 /* Pods_Soyeon.framework */,
			);
			name = Frameworks;
			sourceTree = "<group>";
		};
		D8795C33258E6A2100DF4D64 = {
			isa = PBXGroup;
			children = (
				00B3719E25973A65003F6C76 /* .swiftlint.yml */,
				D8795C3E258E6A2100DF4D64 /* Soyeon */,
				D8795C3D258E6A2100DF4D64 /* Products */,
				572976794A38FB21146A1A93 /* Pods */,
				987D4D40C92AB7DA7A4AEC60 /* Frameworks */,
			);
			sourceTree = "<group>";
		};
		D8795C3D258E6A2100DF4D64 /* Products */ = {
			isa = PBXGroup;
			children = (
				D8795C3C258E6A2100DF4D64 /* Soyeon.app */,
			);
			name = Products;
			sourceTree = "<group>";
		};
		D8795C3E258E6A2100DF4D64 /* Soyeon */ = {
			isa = PBXGroup;
			children = (
				000CEB4A25B484C800F64A28 /* Extension */,
				000CEB3125B484A800F64A28 /* Guidance */,
				0067AC21259632900005AD86 /* Supporting Files */,
				D8795C45258E6A2100DF4D64 /* Main.storyboard */,
				D8795C55258E819800DF4D64 /* Resources */,
			);
			path = Soyeon;
			sourceTree = "<group>";
		};
		D8795C55258E819800DF4D64 /* Resources */ = {
			isa = PBXGroup;
			children = (
				0A6DECA92597716500B8713B /* Colors.swift */,
				0A6DECAA2597716500B8713B /* Fonts.swift */,
				00B371AD25973E86003F6C76 /* NanumSquareB.ttf */,
				00B371AC25973E86003F6C76 /* NanumSquareEB.ttf */,
				00B371AB25973E86003F6C76 /* NanumSquareR.ttf */,
				D8795C48258E6A2500DF4D64 /* Assets.xcassets */,
			);
			path = Resources;
			sourceTree = "<group>";
		};
/* End PBXGroup section */

/* Begin PBXNativeTarget section */
		D8795C3B258E6A2100DF4D64 /* Soyeon */ = {
			isa = PBXNativeTarget;
			buildConfigurationList = D8795C50258E6A2500DF4D64 /* Build configuration list for PBXNativeTarget "Soyeon" */;
			buildPhases = (
				D204F10CB571E3CCF05AD57C /* [CP] Check Pods Manifest.lock */,
				D8795C38258E6A2100DF4D64 /* Sources */,
				D8795C39258E6A2100DF4D64 /* Frameworks */,
				D8795C3A258E6A2100DF4D64 /* Resources */,
				00B371A125973AC2003F6C76 /* ShellScript */,
			);
			buildRules = (
			);
			dependencies = (
			);
			name = Soyeon;
			productName = Soyeon;
			productReference = D8795C3C258E6A2100DF4D64 /* Soyeon.app */;
			productType = "com.apple.product-type.application";
		};
/* End PBXNativeTarget section */

/* Begin PBXProject section */
		D8795C34258E6A2100DF4D64 /* Project object */ = {
			isa = PBXProject;
			attributes = {
				LastSwiftUpdateCheck = 1160;
				LastUpgradeCheck = 1160;
				ORGANIZATIONNAME = ludus;
				TargetAttributes = {
					D8795C3B258E6A2100DF4D64 = {
						CreatedOnToolsVersion = 11.6;
					};
				};
			};
			buildConfigurationList = D8795C37258E6A2100DF4D64 /* Build configuration list for PBXProject "Soyeon" */;
			compatibilityVersion = "Xcode 9.3";
			developmentRegion = en;
			hasScannedForEncodings = 0;
			knownRegions = (
				en,
				Base,
			);
			mainGroup = D8795C33258E6A2100DF4D64;
			productRefGroup = D8795C3D258E6A2100DF4D64 /* Products */;
			projectDirPath = "";
			projectRoot = "";
			targets = (
				D8795C3B258E6A2100DF4D64 /* Soyeon */,
			);
		};
/* End PBXProject section */

/* Begin PBXResourcesBuildPhase section */
		D8795C3A258E6A2100DF4D64 /* Resources */ = {
			isa = PBXResourcesBuildPhase;
			buildActionMask = 2147483647;
			files = (
				00B371AF25973E86003F6C76 /* NanumSquareEB.ttf in Resources */,
				00B3719F25973A65003F6C76 /* .swiftlint.yml in Resources */,
				000CEB4425B484A800F64A28 /* Guidance.storyboard in Resources */,
				D8795C4C258E6A2500DF4D64 /* LaunchScreen.storyboard in Resources */,
				00B371B025973E86003F6C76 /* NanumSquareB.ttf in Resources */,
				00B371AE25973E86003F6C76 /* NanumSquareR.ttf in Resources */,
				D8795C49258E6A2500DF4D64 /* Assets.xcassets in Resources */,
				D8795C47258E6A2100DF4D64 /* Main.storyboard in Resources */,
			);
			runOnlyForDeploymentPostprocessing = 0;
		};
/* End PBXResourcesBuildPhase section */

/* Begin PBXShellScriptBuildPhase section */
		00B371A125973AC2003F6C76 /* ShellScript */ = {
			isa = PBXShellScriptBuildPhase;
			buildActionMask = 2147483647;
			files = (
			);
			inputFileListPaths = (
			);
			inputPaths = (
			);
			outputFileListPaths = (
			);
			outputPaths = (
			);
			runOnlyForDeploymentPostprocessing = 0;
			shellPath = /bin/sh;
			shellScript = "${PODS_ROOT}/SwiftLint/swiftlint\n";
		};
		D204F10CB571E3CCF05AD57C /* [CP] Check Pods Manifest.lock */ = {
			isa = PBXShellScriptBuildPhase;
			buildActionMask = 2147483647;
			files = (
			);
			inputFileListPaths = (
			);
			inputPaths = (
				"${PODS_PODFILE_DIR_PATH}/Podfile.lock",
				"${PODS_ROOT}/Manifest.lock",
			);
			name = "[CP] Check Pods Manifest.lock";
			outputFileListPaths = (
			);
			outputPaths = (
				"$(DERIVED_FILE_DIR)/Pods-Soyeon-checkManifestLockResult.txt",
			);
			runOnlyForDeploymentPostprocessing = 0;
			shellPath = /bin/sh;
			shellScript = "diff \"${PODS_PODFILE_DIR_PATH}/Podfile.lock\" \"${PODS_ROOT}/Manifest.lock\" > /dev/null\nif [ $? != 0 ] ; then\n    # print error to STDERR\n    echo \"error: The sandbox is not in sync with the Podfile.lock. Run 'pod install' or update your CocoaPods installation.\" >&2\n    exit 1\nfi\n# This output is used by Xcode 'outputs' to avoid re-running this script phase.\necho \"SUCCESS\" > \"${SCRIPT_OUTPUT_FILE_0}\"\n";
			showEnvVarsInLog = 0;
		};
/* End PBXShellScriptBuildPhase section */

/* Begin PBXSourcesBuildPhase section */
		D8795C38258E6A2100DF4D64 /* Sources */ = {
			isa = PBXSourcesBuildPhase;
			buildActionMask = 2147483647;
			files = (
				000CEB4525B484A800F64A28 /* GuidanceConfigurator.swift in Sources */,
				000CEB4125B484A800F64A28 /* GuidanceViewModel.swift in Sources */,
				000CEB4825B484A800F64A28 /* GuidanceRouter.swift in Sources */,
				0A6DECAC2597716500B8713B /* Fonts.swift in Sources */,
				000CEB4225B484A800F64A28 /* GuidancePresenter.swift in Sources */,
				000CEB4325B484A800F64A28 /* GuidanceViewController.swift in Sources */,
				000CEB4D25B484C800F64A28 /* UILabel+.swift in Sources */,
				000CEB4E25B484C800F64A28 /* UIButton+.swift in Sources */,
				D8795C40258E6A2100DF4D64 /* AppDelegate.swift in Sources */,
				000CEB4725B484A800F64A28 /* GuidanceInteractor.swift in Sources */,
				0A6DECAB2597716500B8713B /* Colors.swift in Sources */,
				D8795C42258E6A2100DF4D64 /* SceneDelegate.swift in Sources */,
				000CEB4625B484A800F64A28 /* GuidanceWorker.swift in Sources */,
			);
			runOnlyForDeploymentPostprocessing = 0;
		};
/* End PBXSourcesBuildPhase section */

/* Begin PBXVariantGroup section */
		D8795C45258E6A2100DF4D64 /* Main.storyboard */ = {
			isa = PBXVariantGroup;
			children = (
				D8795C46258E6A2100DF4D64 /* Base */,
			);
			name = Main.storyboard;
			sourceTree = "<group>";
		};
		D8795C4A258E6A2500DF4D64 /* LaunchScreen.storyboard */ = {
			isa = PBXVariantGroup;
			children = (
				D8795C4B258E6A2500DF4D64 /* Base */,
			);
			name = LaunchScreen.storyboard;
			sourceTree = "<group>";
		};
/* End PBXVariantGroup section */

/* Begin XCBuildConfiguration section */
		D8795C4E258E6A2500DF4D64 /* Debug */ = {
			isa = XCBuildConfiguration;
			buildSettings = {
				ALWAYS_SEARCH_USER_PATHS = NO;
				CLANG_ANALYZER_NONNULL = YES;
				CLANG_ANALYZER_NUMBER_OBJECT_CONVERSION = YES_AGGRESSIVE;
				CLANG_CXX_LANGUAGE_STANDARD = "gnu++14";
				CLANG_CXX_LIBRARY = "libc++";
				CLANG_ENABLE_MODULES = YES;
				CLANG_ENABLE_OBJC_ARC = YES;
				CLANG_ENABLE_OBJC_WEAK = YES;
				CLANG_WARN_BLOCK_CAPTURE_AUTORELEASING = YES;
				CLANG_WARN_BOOL_CONVERSION = YES;
				CLANG_WARN_COMMA = YES;
				CLANG_WARN_CONSTANT_CONVERSION = YES;
				CLANG_WARN_DEPRECATED_OBJC_IMPLEMENTATIONS = YES;
				CLANG_WARN_DIRECT_OBJC_ISA_USAGE = YES_ERROR;
				CLANG_WARN_DOCUMENTATION_COMMENTS = YES;
				CLANG_WARN_EMPTY_BODY = YES;
				CLANG_WARN_ENUM_CONVERSION = YES;
				CLANG_WARN_INFINITE_RECURSION = YES;
				CLANG_WARN_INT_CONVERSION = YES;
				CLANG_WARN_NON_LITERAL_NULL_CONVERSION = YES;
				CLANG_WARN_OBJC_IMPLICIT_RETAIN_SELF = YES;
				CLANG_WARN_OBJC_LITERAL_CONVERSION = YES;
				CLANG_WARN_OBJC_ROOT_CLASS = YES_ERROR;
				CLANG_WARN_RANGE_LOOP_ANALYSIS = YES;
				CLANG_WARN_STRICT_PROTOTYPES = YES;
				CLANG_WARN_SUSPICIOUS_MOVE = YES;
				CLANG_WARN_UNGUARDED_AVAILABILITY = YES_AGGRESSIVE;
				CLANG_WARN_UNREACHABLE_CODE = YES;
				CLANG_WARN__DUPLICATE_METHOD_MATCH = YES;
				COPY_PHASE_STRIP = NO;
				DEBUG_INFORMATION_FORMAT = dwarf;
				ENABLE_STRICT_OBJC_MSGSEND = YES;
				ENABLE_TESTABILITY = YES;
				GCC_C_LANGUAGE_STANDARD = gnu11;
				GCC_DYNAMIC_NO_PIC = NO;
				GCC_NO_COMMON_BLOCKS = YES;
				GCC_OPTIMIZATION_LEVEL = 0;
				GCC_PREPROCESSOR_DEFINITIONS = (
					"DEBUG=1",
					"$(inherited)",
				);
				GCC_WARN_64_TO_32_BIT_CONVERSION = YES;
				GCC_WARN_ABOUT_RETURN_TYPE = YES_ERROR;
				GCC_WARN_UNDECLARED_SELECTOR = YES;
				GCC_WARN_UNINITIALIZED_AUTOS = YES_AGGRESSIVE;
				GCC_WARN_UNUSED_FUNCTION = YES;
				GCC_WARN_UNUSED_VARIABLE = YES;
				IPHONEOS_DEPLOYMENT_TARGET = 13.0;
				MTL_ENABLE_DEBUG_INFO = INCLUDE_SOURCE;
				MTL_FAST_MATH = YES;
				ONLY_ACTIVE_ARCH = YES;
				SDKROOT = iphoneos;
				SWIFT_ACTIVE_COMPILATION_CONDITIONS = DEBUG;
				SWIFT_OPTIMIZATION_LEVEL = "-Onone";
			};
			name = Debug;
		};
		D8795C4F258E6A2500DF4D64 /* Release */ = {
			isa = XCBuildConfiguration;
			buildSettings = {
				ALWAYS_SEARCH_USER_PATHS = NO;
				CLANG_ANALYZER_NONNULL = YES;
				CLANG_ANALYZER_NUMBER_OBJECT_CONVERSION = YES_AGGRESSIVE;
				CLANG_CXX_LANGUAGE_STANDARD = "gnu++14";
				CLANG_CXX_LIBRARY = "libc++";
				CLANG_ENABLE_MODULES = YES;
				CLANG_ENABLE_OBJC_ARC = YES;
				CLANG_ENABLE_OBJC_WEAK = YES;
				CLANG_WARN_BLOCK_CAPTURE_AUTORELEASING = YES;
				CLANG_WARN_BOOL_CONVERSION = YES;
				CLANG_WARN_COMMA = YES;
				CLANG_WARN_CONSTANT_CONVERSION = YES;
				CLANG_WARN_DEPRECATED_OBJC_IMPLEMENTATIONS = YES;
				CLANG_WARN_DIRECT_OBJC_ISA_USAGE = YES_ERROR;
				CLANG_WARN_DOCUMENTATION_COMMENTS = YES;
				CLANG_WARN_EMPTY_BODY = YES;
				CLANG_WARN_ENUM_CONVERSION = YES;
				CLANG_WARN_INFINITE_RECURSION = YES;
				CLANG_WARN_INT_CONVERSION = YES;
				CLANG_WARN_NON_LITERAL_NULL_CONVERSION = YES;
				CLANG_WARN_OBJC_IMPLICIT_RETAIN_SELF = YES;
				CLANG_WARN_OBJC_LITERAL_CONVERSION = YES;
				CLANG_WARN_OBJC_ROOT_CLASS = YES_ERROR;
				CLANG_WARN_RANGE_LOOP_ANALYSIS = YES;
				CLANG_WARN_STRICT_PROTOTYPES = YES;
				CLANG_WARN_SUSPICIOUS_MOVE = YES;
				CLANG_WARN_UNGUARDED_AVAILABILITY = YES_AGGRESSIVE;
				CLANG_WARN_UNREACHABLE_CODE = YES;
				CLANG_WARN__DUPLICATE_METHOD_MATCH = YES;
				COPY_PHASE_STRIP = NO;
				DEBUG_INFORMATION_FORMAT = "dwarf-with-dsym";
				ENABLE_NS_ASSERTIONS = NO;
				ENABLE_STRICT_OBJC_MSGSEND = YES;
				GCC_C_LANGUAGE_STANDARD = gnu11;
				GCC_NO_COMMON_BLOCKS = YES;
				GCC_WARN_64_TO_32_BIT_CONVERSION = YES;
				GCC_WARN_ABOUT_RETURN_TYPE = YES_ERROR;
				GCC_WARN_UNDECLARED_SELECTOR = YES;
				GCC_WARN_UNINITIALIZED_AUTOS = YES_AGGRESSIVE;
				GCC_WARN_UNUSED_FUNCTION = YES;
				GCC_WARN_UNUSED_VARIABLE = YES;
				IPHONEOS_DEPLOYMENT_TARGET = 13.0;
				MTL_ENABLE_DEBUG_INFO = NO;
				MTL_FAST_MATH = YES;
				SDKROOT = iphoneos;
				SWIFT_COMPILATION_MODE = wholemodule;
				SWIFT_OPTIMIZATION_LEVEL = "-O";
				VALIDATE_PRODUCT = YES;
			};
			name = Release;
		};
		D8795C51258E6A2500DF4D64 /* Debug */ = {
			isa = XCBuildConfiguration;
			baseConfigurationReference = B339458DFF7FFACB2386F24D /* Pods-Soyeon.debug.xcconfig */;
			buildSettings = {
				ASSETCATALOG_COMPILER_APPICON_NAME = AppIcon;
				CODE_SIGN_STYLE = Automatic;
				INFOPLIST_FILE = "Soyeon/Supporting Files/Info.plist";
				LD_RUNPATH_SEARCH_PATHS = (
					"$(inherited)",
					"@executable_path/Frameworks",
				);
				PRODUCT_BUNDLE_IDENTIFIER = com.ludus.soyeon;
				PRODUCT_NAME = "$(TARGET_NAME)";
				SWIFT_VERSION = 5.0;
				TARGETED_DEVICE_FAMILY = "1,2";
			};
			name = Debug;
		};
		D8795C52258E6A2500DF4D64 /* Release */ = {
			isa = XCBuildConfiguration;
			baseConfigurationReference = 0B3E021C3C5203175F442983 /* Pods-Soyeon.release.xcconfig */;
			buildSettings = {
				ASSETCATALOG_COMPILER_APPICON_NAME = AppIcon;
				CODE_SIGN_STYLE = Automatic;
				INFOPLIST_FILE = "Soyeon/Supporting Files/Info.plist";
				LD_RUNPATH_SEARCH_PATHS = (
					"$(inherited)",
					"@executable_path/Frameworks",
				);
				PRODUCT_BUNDLE_IDENTIFIER = com.ludus.soyeon;
				PRODUCT_NAME = "$(TARGET_NAME)";
				SWIFT_VERSION = 5.0;
				TARGETED_DEVICE_FAMILY = "1,2";
			};
			name = Release;
		};
/* End XCBuildConfiguration section */

/* Begin XCConfigurationList section */
		D8795C37258E6A2100DF4D64 /* Build configuration list for PBXProject "Soyeon" */ = {
			isa = XCConfigurationList;
			buildConfigurations = (
				D8795C4E258E6A2500DF4D64 /* Debug */,
				D8795C4F258E6A2500DF4D64 /* Release */,
			);
			defaultConfigurationIsVisible = 0;
			defaultConfigurationName = Release;
		};
		D8795C50258E6A2500DF4D64 /* Build configuration list for PBXNativeTarget "Soyeon" */ = {
			isa = XCConfigurationList;
			buildConfigurations = (
				D8795C51258E6A2500DF4D64 /* Debug */,
				D8795C52258E6A2500DF4D64 /* Release */,
			);
			defaultConfigurationIsVisible = 0;
			defaultConfigurationName = Release;
		};
/* End XCConfigurationList section */
	};
	rootObject = D8795C34258E6A2100DF4D64 /* Project object */;
}
