// !$*UTF8*$!
{
	archiveVersion = 1;
	classes = {
	};
	objectVersion = 52;
	objects = {

/* Begin PBXBuildFile section */
		000CEB2D25B47FF400F64A28 /* UIView+.swift in Sources */ = {isa = PBXBuildFile; fileRef = 000CEB2C25B47FF400F64A28 /* UIView+.swift */; };
		000CEB4125B484A800F64A28 /* GuidanceViewModel.swift in Sources */ = {isa = PBXBuildFile; fileRef = 000CEB3325B484A800F64A28 /* GuidanceViewModel.swift */; };
		000CEB4225B484A800F64A28 /* GuidancePresenter.swift in Sources */ = {isa = PBXBuildFile; fileRef = 000CEB3525B484A800F64A28 /* GuidancePresenter.swift */; };
		000CEB4325B484A800F64A28 /* GuidanceViewController.swift in Sources */ = {isa = PBXBuildFile; fileRef = 000CEB3725B484A800F64A28 /* GuidanceViewController.swift */; };
		000CEB4425B484A800F64A28 /* Guidance.storyboard in Resources */ = {isa = PBXBuildFile; fileRef = 000CEB3825B484A800F64A28 /* Guidance.storyboard */; };
		000CEB4525B484A800F64A28 /* GuidanceConfigurator.swift in Sources */ = {isa = PBXBuildFile; fileRef = 000CEB3A25B484A800F64A28 /* GuidanceConfigurator.swift */; };
		000CEB4625B484A800F64A28 /* GuidanceWorker.swift in Sources */ = {isa = PBXBuildFile; fileRef = 000CEB3C25B484A800F64A28 /* GuidanceWorker.swift */; };
		000CEB4725B484A800F64A28 /* GuidanceInteractor.swift in Sources */ = {isa = PBXBuildFile; fileRef = 000CEB3E25B484A800F64A28 /* GuidanceInteractor.swift */; };
		000CEB4825B484A800F64A28 /* GuidanceRouter.swift in Sources */ = {isa = PBXBuildFile; fileRef = 000CEB4025B484A800F64A28 /* GuidanceRouter.swift */; };
		000CEB4D25B484C800F64A28 /* UILabel+.swift in Sources */ = {isa = PBXBuildFile; fileRef = 000CEB4B25B484C800F64A28 /* UILabel+.swift */; };
		009B02AD25B47E9E00753847 /* LoginViewModel.swift in Sources */ = {isa = PBXBuildFile; fileRef = 009B02A025B47E9E00753847 /* LoginViewModel.swift */; };
		009B02AE25B47E9E00753847 /* LoginPresenter.swift in Sources */ = {isa = PBXBuildFile; fileRef = 009B02A225B47E9E00753847 /* LoginPresenter.swift */; };
		009B02AF25B47E9E00753847 /* LoginViewController.swift in Sources */ = {isa = PBXBuildFile; fileRef = 009B02A425B47E9E00753847 /* LoginViewController.swift */; };
		009B02B025B47E9E00753847 /* LoginConfigurator.swift in Sources */ = {isa = PBXBuildFile; fileRef = 009B02A625B47E9E00753847 /* LoginConfigurator.swift */; };
		009B02B125B47E9E00753847 /* LoginWorker.swift in Sources */ = {isa = PBXBuildFile; fileRef = 009B02A825B47E9E00753847 /* LoginWorker.swift */; };
		009B02B225B47E9E00753847 /* LoginInteractor.swift in Sources */ = {isa = PBXBuildFile; fileRef = 009B02AA25B47E9E00753847 /* LoginInteractor.swift */; };
		009B02B325B47E9E00753847 /* LoginRouter.swift in Sources */ = {isa = PBXBuildFile; fileRef = 009B02AC25B47E9E00753847 /* LoginRouter.swift */; };
		009B02B925B47F3B00753847 /* LoginPlatformCell.swift in Sources */ = {isa = PBXBuildFile; fileRef = 009B02B625B47F3B00753847 /* LoginPlatformCell.swift */; };
		009B02BA25B47F3B00753847 /* LoginPlatformCel.xib in Resources */ = {isa = PBXBuildFile; fileRef = 009B02B725B47F3B00753847 /* LoginPlatformCel.xib */; };
		009B02BB25B47F3B00753847 /* Login.storyboard in Resources */ = {isa = PBXBuildFile; fileRef = 009B02B825B47F3B00753847 /* Login.storyboard */; };
		00B3719F25973A65003F6C76 /* .swiftlint.yml in Resources */ = {isa = PBXBuildFile; fileRef = 00B3719E25973A65003F6C76 /* .swiftlint.yml */; };
		0A6DECAB2597716500B8713B /* Colors.swift in Sources */ = {isa = PBXBuildFile; fileRef = 0A6DECA92597716500B8713B /* Colors.swift */; };
		0A6DECAC2597716500B8713B /* Fonts.swift in Sources */ = {isa = PBXBuildFile; fileRef = 0A6DECAA2597716500B8713B /* Fonts.swift */; };
		0ADB70D325CACE1300A10864 /* SoyeonAlertable.swift in Sources */ = {isa = PBXBuildFile; fileRef = 0ADB70D225CACE1300A10864 /* SoyeonAlertable.swift */; };
		0ADB70E325CAD4C100A10864 /* SoyeonAlert.swift in Sources */ = {isa = PBXBuildFile; fileRef = 0ADB70E225CAD4C100A10864 /* SoyeonAlert.swift */; };
		0ADB70E725CAD58A00A10864 /* SoyeonBasicAlertView.xib in Resources */ = {isa = PBXBuildFile; fileRef = 0ADB70E625CAD58A00A10864 /* SoyeonBasicAlertView.xib */; };
		0ADB70EB25CAE74000A10864 /* SoyeonBasicAlertView.swift in Sources */ = {isa = PBXBuildFile; fileRef = 0ADB70EA25CAE74000A10864 /* SoyeonBasicAlertView.swift */; };
		1D19087425A9F77E008210D1 /* AgreementDetailViewModel.swift in Sources */ = {isa = PBXBuildFile; fileRef = 1D19085425A9F77E008210D1 /* AgreementDetailViewModel.swift */; };
		1D19087525A9F77E008210D1 /* DetailContents.swift in Sources */ = {isa = PBXBuildFile; fileRef = 1D19085525A9F77E008210D1 /* DetailContents.swift */; };
		1D19087625A9F77E008210D1 /* AgreementDetailPresenter.swift in Sources */ = {isa = PBXBuildFile; fileRef = 1D19085725A9F77E008210D1 /* AgreementDetailPresenter.swift */; };
		1D19087725A9F77E008210D1 /* AgreementDetailViewController.xib in Resources */ = {isa = PBXBuildFile; fileRef = 1D19085925A9F77E008210D1 /* AgreementDetailViewController.xib */; };
		1D19087825A9F77E008210D1 /* AgreementDetailViewController.swift in Sources */ = {isa = PBXBuildFile; fileRef = 1D19085A25A9F77E008210D1 /* AgreementDetailViewController.swift */; };
		1D19087925A9F77E008210D1 /* AgreementDetailConfigurator.swift in Sources */ = {isa = PBXBuildFile; fileRef = 1D19085C25A9F77E008210D1 /* AgreementDetailConfigurator.swift */; };
		1D19087A25A9F77E008210D1 /* AgreementDetailWorker.swift in Sources */ = {isa = PBXBuildFile; fileRef = 1D19085E25A9F77E008210D1 /* AgreementDetailWorker.swift */; };
		1D19087B25A9F77E008210D1 /* AgreementDetailInteractor.swift in Sources */ = {isa = PBXBuildFile; fileRef = 1D19086025A9F77E008210D1 /* AgreementDetailInteractor.swift */; };
		1D19087C25A9F77E008210D1 /* AgreementDetailRouter.swift in Sources */ = {isa = PBXBuildFile; fileRef = 1D19086225A9F77E008210D1 /* AgreementDetailRouter.swift */; };
		1D19087D25A9F77E008210D1 /* AgreementViewModel.swift in Sources */ = {isa = PBXBuildFile; fileRef = 1D19086525A9F77E008210D1 /* AgreementViewModel.swift */; };
		1D19087E25A9F77E008210D1 /* AgreementPresenter.swift in Sources */ = {isa = PBXBuildFile; fileRef = 1D19086725A9F77E008210D1 /* AgreementPresenter.swift */; };
		1D19087F25A9F77E008210D1 /* AgreementCustomButtons.swift in Sources */ = {isa = PBXBuildFile; fileRef = 1D19086925A9F77E008210D1 /* AgreementCustomButtons.swift */; };
		1D19088025A9F77E008210D1 /* AgreementViewController.swift in Sources */ = {isa = PBXBuildFile; fileRef = 1D19086A25A9F77E008210D1 /* AgreementViewController.swift */; };
		1D19088125A9F77E008210D1 /* AgreementViewController.xib in Resources */ = {isa = PBXBuildFile; fileRef = 1D19086B25A9F77E008210D1 /* AgreementViewController.xib */; };
		1D19088225A9F77E008210D1 /* AgreementConfigurator.swift in Sources */ = {isa = PBXBuildFile; fileRef = 1D19086D25A9F77E008210D1 /* AgreementConfigurator.swift */; };
		1D19088325A9F77E008210D1 /* AgreementWorker.swift in Sources */ = {isa = PBXBuildFile; fileRef = 1D19086F25A9F77E008210D1 /* AgreementWorker.swift */; };
		1D19088425A9F77E008210D1 /* AgreementInteractor.swift in Sources */ = {isa = PBXBuildFile; fileRef = 1D19087125A9F77E008210D1 /* AgreementInteractor.swift */; };
		1D19088525A9F77E008210D1 /* AgreementRouter.swift in Sources */ = {isa = PBXBuildFile; fileRef = 1D19087325A9F77E008210D1 /* AgreementRouter.swift */; };
		1D19088E25A9F7A8008210D1 /* SoyeonTests.swift in Sources */ = {isa = PBXBuildFile; fileRef = 1D19088D25A9F7A8008210D1 /* SoyeonTests.swift */; };
		1D1908BF25AA122A008210D1 /* StartSplashViewController.xib in Resources */ = {isa = PBXBuildFile; fileRef = 1D1908BE25AA122A008210D1 /* StartSplashViewController.xib */; };
		1D1908C525AA13DF008210D1 /* PagingView.xib in Resources */ = {isa = PBXBuildFile; fileRef = 1D1908C425AA13DF008210D1 /* PagingView.xib */; };
		1D1908C925AA1645008210D1 /* PagingView.swift in Sources */ = {isa = PBXBuildFile; fileRef = 1D1908C825AA1645008210D1 /* PagingView.swift */; };
		1D49609B25CED2630002C961 /* SoyeonRoundAlertButton.swift in Sources */ = {isa = PBXBuildFile; fileRef = 1D49609A25CED2630002C961 /* SoyeonRoundAlertButton.swift */; };
		1D4960A325CEE4CC0002C961 /* SoyeonAlertButton.swift in Sources */ = {isa = PBXBuildFile; fileRef = 1D4960A225CEE4CC0002C961 /* SoyeonAlertButton.swift */; };
		1D5B63B325B43FFB00A5321C /* MarqueeImageView.swift in Sources */ = {isa = PBXBuildFile; fileRef = 1D5B63B225B43FFB00A5321C /* MarqueeImageView.swift */; };
		1D5B63C325B481BA00A5321C /* XibView.swift in Sources */ = {isa = PBXBuildFile; fileRef = 1D5B63C225B481BA00A5321C /* XibView.swift */; };
		1D5B63C725B4824F00A5321C /* StartSplashViewController.swift in Sources */ = {isa = PBXBuildFile; fileRef = 1D5B63C625B4824F00A5321C /* StartSplashViewController.swift */; };
		1DBA13C425D440E400979BB2 /* Moya in Frameworks */ = {isa = PBXBuildFile; productRef = 1DBA13C325D440E400979BB2 /* Moya */; };
		1DC9DF4625AAEE7600822E99 /* PageViewType.swift in Sources */ = {isa = PBXBuildFile; fileRef = 1DC9DF4525AAEE7600822E99 /* PageViewType.swift */; };
		1DC9DF4A25AAF43D00822E99 /* FindInfoView.xib in Resources */ = {isa = PBXBuildFile; fileRef = 1DC9DF4925AAF43D00822E99 /* FindInfoView.xib */; };
		1DC9DF5825AAF51600822E99 /* MyChareactorInfoView.xib in Resources */ = {isa = PBXBuildFile; fileRef = 1DC9DF5725AAF51600822E99 /* MyChareactorInfoView.xib */; };
		1DC9DF5C25AAF52C00822E99 /* CoupleInfoView.xib in Resources */ = {isa = PBXBuildFile; fileRef = 1DC9DF5B25AAF52C00822E99 /* CoupleInfoView.xib */; };
		1DC9DF7425AB4F3B00822E99 /* NanumSquareB.ttf in Resources */ = {isa = PBXBuildFile; fileRef = 1DC9DF7125AB4F3B00822E99 /* NanumSquareB.ttf */; };
		1DC9DF7525AB4F3B00822E99 /* NanumSquareEB.ttf in Resources */ = {isa = PBXBuildFile; fileRef = 1DC9DF7225AB4F3B00822E99 /* NanumSquareEB.ttf */; };
		1DC9DF7625AB4F3B00822E99 /* NanumSquareR.ttf in Resources */ = {isa = PBXBuildFile; fileRef = 1DC9DF7325AB4F3B00822E99 /* NanumSquareR.ttf */; };
		1DD00B8225CDA2B0004DC9AA /* SoyeonBasicAlertButton.swift in Sources */ = {isa = PBXBuildFile; fileRef = 1DD00B8125CDA2B0004DC9AA /* SoyeonBasicAlertButton.swift */; };
		1DD00B8B25CDAD11004DC9AA /* SoyeonRoundAlertView.xib in Resources */ = {isa = PBXBuildFile; fileRef = 1DD00B8A25CDAD11004DC9AA /* SoyeonRoundAlertView.xib */; };
		1DD00B8F25CDAD20004DC9AA /* SoyeonRoundAlertView.swift in Sources */ = {isa = PBXBuildFile; fileRef = 1DD00B8E25CDAD20004DC9AA /* SoyeonRoundAlertView.swift */; };
		5BDC807628B81E4DE303170F /* Pods_Soyeon.framework in Frameworks */ = {isa = PBXBuildFile; fileRef = A04D176EE25C0C949E125001 /* Pods_Soyeon.framework */; };
		D80D664C25BDBA35002F47B9 /* CustomBackButtonNavController.swift in Sources */ = {isa = PBXBuildFile; fileRef = D80D664B25BDBA35002F47B9 /* CustomBackButtonNavController.swift */; };
		D8354D6525B4344800C9C531 /* NewAccountViewModel.swift in Sources */ = {isa = PBXBuildFile; fileRef = D8354D6425B4344800C9C531 /* NewAccountViewModel.swift */; };
		D8354D6925B4345600C9C531 /* NewAccountPresenter.swift in Sources */ = {isa = PBXBuildFile; fileRef = D8354D6825B4345600C9C531 /* NewAccountPresenter.swift */; };
		D8354D6D25B4346200C9C531 /* NewAccountViewController.swift in Sources */ = {isa = PBXBuildFile; fileRef = D8354D6C25B4346200C9C531 /* NewAccountViewController.swift */; };
		D8354D7125B4347000C9C531 /* NewAccountConfigurator.swift in Sources */ = {isa = PBXBuildFile; fileRef = D8354D7025B4347000C9C531 /* NewAccountConfigurator.swift */; };
		D8354D7525B4347B00C9C531 /* NewAccountWorker.swift in Sources */ = {isa = PBXBuildFile; fileRef = D8354D7425B4347B00C9C531 /* NewAccountWorker.swift */; };
		D8354D7925B4348300C9C531 /* NewAccountInteractor.swift in Sources */ = {isa = PBXBuildFile; fileRef = D8354D7825B4348300C9C531 /* NewAccountInteractor.swift */; };
		D8354D7D25B4348E00C9C531 /* NewAccountRouter.swift in Sources */ = {isa = PBXBuildFile; fileRef = D8354D7C25B4348E00C9C531 /* NewAccountRouter.swift */; };
		D8569C2925D4701000542872 /* Soyeon.swift in Sources */ = {isa = PBXBuildFile; fileRef = D8569C2825D4701000542872 /* Soyeon.swift */; };
		D875578D25C6C20300380F1E /* RadioButton.swift in Sources */ = {isa = PBXBuildFile; fileRef = D875578C25C6C20300380F1E /* RadioButton.swift */; };
		D8795C40258E6A2100DF4D64 /* AppDelegate.swift in Sources */ = {isa = PBXBuildFile; fileRef = D8795C3F258E6A2100DF4D64 /* AppDelegate.swift */; };
		D8795C42258E6A2100DF4D64 /* SceneDelegate.swift in Sources */ = {isa = PBXBuildFile; fileRef = D8795C41258E6A2100DF4D64 /* SceneDelegate.swift */; };
		D8795C47258E6A2100DF4D64 /* Main.storyboard in Resources */ = {isa = PBXBuildFile; fileRef = D8795C45258E6A2100DF4D64 /* Main.storyboard */; };
		D8795C49258E6A2500DF4D64 /* Assets.xcassets in Resources */ = {isa = PBXBuildFile; fileRef = D8795C48258E6A2500DF4D64 /* Assets.xcassets */; };
		D8795C4C258E6A2500DF4D64 /* LaunchScreen.storyboard in Resources */ = {isa = PBXBuildFile; fileRef = D8795C4A258E6A2500DF4D64 /* LaunchScreen.storyboard */; };
		D8D9C0E725D2366700AB3BDA /* RadioGroup.swift in Sources */ = {isa = PBXBuildFile; fileRef = D8D9C0E625D2366700AB3BDA /* RadioGroup.swift */; };
/* End PBXBuildFile section */

/* Begin PBXContainerItemProxy section */
		1D19089025A9F7A8008210D1 /* PBXContainerItemProxy */ = {
			isa = PBXContainerItemProxy;
			containerPortal = D8795C34258E6A2100DF4D64 /* Project object */;
			proxyType = 1;
			remoteGlobalIDString = D8795C3B258E6A2100DF4D64;
			remoteInfo = Soyeon;
		};
/* End PBXContainerItemProxy section */

/* Begin PBXFileReference section */
		000CEB2C25B47FF400F64A28 /* UIView+.swift */ = {isa = PBXFileReference; fileEncoding = 4; lastKnownFileType = sourcecode.swift; path = "UIView+.swift"; sourceTree = "<group>"; };
		000CEB3325B484A800F64A28 /* GuidanceViewModel.swift */ = {isa = PBXFileReference; fileEncoding = 4; lastKnownFileType = sourcecode.swift; path = GuidanceViewModel.swift; sourceTree = "<group>"; };
		000CEB3525B484A800F64A28 /* GuidancePresenter.swift */ = {isa = PBXFileReference; fileEncoding = 4; lastKnownFileType = sourcecode.swift; path = GuidancePresenter.swift; sourceTree = "<group>"; };
		000CEB3725B484A800F64A28 /* GuidanceViewController.swift */ = {isa = PBXFileReference; fileEncoding = 4; lastKnownFileType = sourcecode.swift; path = GuidanceViewController.swift; sourceTree = "<group>"; };
		000CEB3825B484A800F64A28 /* Guidance.storyboard */ = {isa = PBXFileReference; fileEncoding = 4; lastKnownFileType = file.storyboard; path = Guidance.storyboard; sourceTree = "<group>"; };
		000CEB3A25B484A800F64A28 /* GuidanceConfigurator.swift */ = {isa = PBXFileReference; fileEncoding = 4; lastKnownFileType = sourcecode.swift; path = GuidanceConfigurator.swift; sourceTree = "<group>"; };
		000CEB3C25B484A800F64A28 /* GuidanceWorker.swift */ = {isa = PBXFileReference; fileEncoding = 4; lastKnownFileType = sourcecode.swift; path = GuidanceWorker.swift; sourceTree = "<group>"; };
		000CEB3E25B484A800F64A28 /* GuidanceInteractor.swift */ = {isa = PBXFileReference; fileEncoding = 4; lastKnownFileType = sourcecode.swift; path = GuidanceInteractor.swift; sourceTree = "<group>"; };
		000CEB4025B484A800F64A28 /* GuidanceRouter.swift */ = {isa = PBXFileReference; fileEncoding = 4; lastKnownFileType = sourcecode.swift; path = GuidanceRouter.swift; sourceTree = "<group>"; };
		000CEB4B25B484C800F64A28 /* UILabel+.swift */ = {isa = PBXFileReference; fileEncoding = 4; lastKnownFileType = sourcecode.swift; path = "UILabel+.swift"; sourceTree = "<group>"; };
		009B02A025B47E9E00753847 /* LoginViewModel.swift */ = {isa = PBXFileReference; fileEncoding = 4; lastKnownFileType = sourcecode.swift; path = LoginViewModel.swift; sourceTree = "<group>"; };
		009B02A225B47E9E00753847 /* LoginPresenter.swift */ = {isa = PBXFileReference; fileEncoding = 4; lastKnownFileType = sourcecode.swift; path = LoginPresenter.swift; sourceTree = "<group>"; };
		009B02A425B47E9E00753847 /* LoginViewController.swift */ = {isa = PBXFileReference; fileEncoding = 4; lastKnownFileType = sourcecode.swift; path = LoginViewController.swift; sourceTree = "<group>"; };
		009B02A625B47E9E00753847 /* LoginConfigurator.swift */ = {isa = PBXFileReference; fileEncoding = 4; lastKnownFileType = sourcecode.swift; path = LoginConfigurator.swift; sourceTree = "<group>"; };
		009B02A825B47E9E00753847 /* LoginWorker.swift */ = {isa = PBXFileReference; fileEncoding = 4; lastKnownFileType = sourcecode.swift; path = LoginWorker.swift; sourceTree = "<group>"; };
		009B02AA25B47E9E00753847 /* LoginInteractor.swift */ = {isa = PBXFileReference; fileEncoding = 4; lastKnownFileType = sourcecode.swift; path = LoginInteractor.swift; sourceTree = "<group>"; };
		009B02AC25B47E9E00753847 /* LoginRouter.swift */ = {isa = PBXFileReference; fileEncoding = 4; lastKnownFileType = sourcecode.swift; path = LoginRouter.swift; sourceTree = "<group>"; };
		009B02B625B47F3B00753847 /* LoginPlatformCell.swift */ = {isa = PBXFileReference; fileEncoding = 4; lastKnownFileType = sourcecode.swift; path = LoginPlatformCell.swift; sourceTree = "<group>"; };
		009B02B725B47F3B00753847 /* LoginPlatformCel.xib */ = {isa = PBXFileReference; fileEncoding = 4; lastKnownFileType = file.xib; path = LoginPlatformCel.xib; sourceTree = "<group>"; };
		009B02B825B47F3B00753847 /* Login.storyboard */ = {isa = PBXFileReference; fileEncoding = 4; lastKnownFileType = file.storyboard; path = Login.storyboard; sourceTree = "<group>"; };
		00B3719E25973A65003F6C76 /* .swiftlint.yml */ = {isa = PBXFileReference; lastKnownFileType = text.yaml; path = .swiftlint.yml; sourceTree = "<group>"; };
		0A6DECA92597716500B8713B /* Colors.swift */ = {isa = PBXFileReference; fileEncoding = 4; lastKnownFileType = sourcecode.swift; path = Colors.swift; sourceTree = "<group>"; };
		0A6DECAA2597716500B8713B /* Fonts.swift */ = {isa = PBXFileReference; fileEncoding = 4; lastKnownFileType = sourcecode.swift; path = Fonts.swift; sourceTree = "<group>"; };
		0ADB70D225CACE1300A10864 /* SoyeonAlertable.swift */ = {isa = PBXFileReference; lastKnownFileType = sourcecode.swift; path = SoyeonAlertable.swift; sourceTree = "<group>"; };
		0ADB70E225CAD4C100A10864 /* SoyeonAlert.swift */ = {isa = PBXFileReference; lastKnownFileType = sourcecode.swift; path = SoyeonAlert.swift; sourceTree = "<group>"; };
		0ADB70E625CAD58A00A10864 /* SoyeonBasicAlertView.xib */ = {isa = PBXFileReference; lastKnownFileType = file.xib; path = SoyeonBasicAlertView.xib; sourceTree = "<group>"; };
		0ADB70EA25CAE74000A10864 /* SoyeonBasicAlertView.swift */ = {isa = PBXFileReference; lastKnownFileType = sourcecode.swift; path = SoyeonBasicAlertView.swift; sourceTree = "<group>"; };
		0B3E021C3C5203175F442983 /* Pods-Soyeon.release.xcconfig */ = {isa = PBXFileReference; includeInIndex = 1; lastKnownFileType = text.xcconfig; name = "Pods-Soyeon.release.xcconfig"; path = "Target Support Files/Pods-Soyeon/Pods-Soyeon.release.xcconfig"; sourceTree = "<group>"; };
		1D19085425A9F77E008210D1 /* AgreementDetailViewModel.swift */ = {isa = PBXFileReference; fileEncoding = 4; lastKnownFileType = sourcecode.swift; path = AgreementDetailViewModel.swift; sourceTree = "<group>"; };
		1D19085525A9F77E008210D1 /* DetailContents.swift */ = {isa = PBXFileReference; fileEncoding = 4; lastKnownFileType = sourcecode.swift; path = DetailContents.swift; sourceTree = "<group>"; };
		1D19085725A9F77E008210D1 /* AgreementDetailPresenter.swift */ = {isa = PBXFileReference; fileEncoding = 4; lastKnownFileType = sourcecode.swift; path = AgreementDetailPresenter.swift; sourceTree = "<group>"; };
		1D19085925A9F77E008210D1 /* AgreementDetailViewController.xib */ = {isa = PBXFileReference; fileEncoding = 4; lastKnownFileType = file.xib; path = AgreementDetailViewController.xib; sourceTree = "<group>"; };
		1D19085A25A9F77E008210D1 /* AgreementDetailViewController.swift */ = {isa = PBXFileReference; fileEncoding = 4; lastKnownFileType = sourcecode.swift; path = AgreementDetailViewController.swift; sourceTree = "<group>"; };
		1D19085C25A9F77E008210D1 /* AgreementDetailConfigurator.swift */ = {isa = PBXFileReference; fileEncoding = 4; lastKnownFileType = sourcecode.swift; path = AgreementDetailConfigurator.swift; sourceTree = "<group>"; };
		1D19085E25A9F77E008210D1 /* AgreementDetailWorker.swift */ = {isa = PBXFileReference; fileEncoding = 4; lastKnownFileType = sourcecode.swift; path = AgreementDetailWorker.swift; sourceTree = "<group>"; };
		1D19086025A9F77E008210D1 /* AgreementDetailInteractor.swift */ = {isa = PBXFileReference; fileEncoding = 4; lastKnownFileType = sourcecode.swift; path = AgreementDetailInteractor.swift; sourceTree = "<group>"; };
		1D19086225A9F77E008210D1 /* AgreementDetailRouter.swift */ = {isa = PBXFileReference; fileEncoding = 4; lastKnownFileType = sourcecode.swift; path = AgreementDetailRouter.swift; sourceTree = "<group>"; };
		1D19086525A9F77E008210D1 /* AgreementViewModel.swift */ = {isa = PBXFileReference; fileEncoding = 4; lastKnownFileType = sourcecode.swift; path = AgreementViewModel.swift; sourceTree = "<group>"; };
		1D19086725A9F77E008210D1 /* AgreementPresenter.swift */ = {isa = PBXFileReference; fileEncoding = 4; lastKnownFileType = sourcecode.swift; path = AgreementPresenter.swift; sourceTree = "<group>"; };
		1D19086925A9F77E008210D1 /* AgreementCustomButtons.swift */ = {isa = PBXFileReference; fileEncoding = 4; lastKnownFileType = sourcecode.swift; path = AgreementCustomButtons.swift; sourceTree = "<group>"; };
		1D19086A25A9F77E008210D1 /* AgreementViewController.swift */ = {isa = PBXFileReference; fileEncoding = 4; lastKnownFileType = sourcecode.swift; path = AgreementViewController.swift; sourceTree = "<group>"; };
		1D19086B25A9F77E008210D1 /* AgreementViewController.xib */ = {isa = PBXFileReference; fileEncoding = 4; lastKnownFileType = file.xib; path = AgreementViewController.xib; sourceTree = "<group>"; };
		1D19086D25A9F77E008210D1 /* AgreementConfigurator.swift */ = {isa = PBXFileReference; fileEncoding = 4; lastKnownFileType = sourcecode.swift; path = AgreementConfigurator.swift; sourceTree = "<group>"; };
		1D19086F25A9F77E008210D1 /* AgreementWorker.swift */ = {isa = PBXFileReference; fileEncoding = 4; lastKnownFileType = sourcecode.swift; path = AgreementWorker.swift; sourceTree = "<group>"; };
		1D19087125A9F77E008210D1 /* AgreementInteractor.swift */ = {isa = PBXFileReference; fileEncoding = 4; lastKnownFileType = sourcecode.swift; path = AgreementInteractor.swift; sourceTree = "<group>"; };
		1D19087325A9F77E008210D1 /* AgreementRouter.swift */ = {isa = PBXFileReference; fileEncoding = 4; lastKnownFileType = sourcecode.swift; path = AgreementRouter.swift; sourceTree = "<group>"; };
		1D19088B25A9F7A8008210D1 /* SoyeonTests.xctest */ = {isa = PBXFileReference; explicitFileType = wrapper.cfbundle; includeInIndex = 0; path = SoyeonTests.xctest; sourceTree = BUILT_PRODUCTS_DIR; };
		1D19088D25A9F7A8008210D1 /* SoyeonTests.swift */ = {isa = PBXFileReference; lastKnownFileType = sourcecode.swift; path = SoyeonTests.swift; sourceTree = "<group>"; };
		1D19088F25A9F7A8008210D1 /* Info.plist */ = {isa = PBXFileReference; lastKnownFileType = text.plist.xml; path = Info.plist; sourceTree = "<group>"; };
		1D1908BE25AA122A008210D1 /* StartSplashViewController.xib */ = {isa = PBXFileReference; lastKnownFileType = file.xib; path = StartSplashViewController.xib; sourceTree = "<group>"; };
		1D1908C425AA13DF008210D1 /* PagingView.xib */ = {isa = PBXFileReference; lastKnownFileType = file.xib; path = PagingView.xib; sourceTree = "<group>"; };
		1D1908C825AA1645008210D1 /* PagingView.swift */ = {isa = PBXFileReference; lastKnownFileType = sourcecode.swift; path = PagingView.swift; sourceTree = "<group>"; };
		1D49609A25CED2630002C961 /* SoyeonRoundAlertButton.swift */ = {isa = PBXFileReference; lastKnownFileType = sourcecode.swift; path = SoyeonRoundAlertButton.swift; sourceTree = "<group>"; };
		1D4960A225CEE4CC0002C961 /* SoyeonAlertButton.swift */ = {isa = PBXFileReference; lastKnownFileType = sourcecode.swift; path = SoyeonAlertButton.swift; sourceTree = "<group>"; };
		1D5B63B225B43FFB00A5321C /* MarqueeImageView.swift */ = {isa = PBXFileReference; lastKnownFileType = sourcecode.swift; path = MarqueeImageView.swift; sourceTree = "<group>"; };
		1D5B63C225B481BA00A5321C /* XibView.swift */ = {isa = PBXFileReference; lastKnownFileType = sourcecode.swift; path = XibView.swift; sourceTree = "<group>"; };
		1D5B63C625B4824F00A5321C /* StartSplashViewController.swift */ = {isa = PBXFileReference; lastKnownFileType = sourcecode.swift; path = StartSplashViewController.swift; sourceTree = "<group>"; };
		1DC9DF4525AAEE7600822E99 /* PageViewType.swift */ = {isa = PBXFileReference; fileEncoding = 4; lastKnownFileType = sourcecode.swift; path = PageViewType.swift; sourceTree = "<group>"; };
		1DC9DF4925AAF43D00822E99 /* FindInfoView.xib */ = {isa = PBXFileReference; lastKnownFileType = file.xib; path = FindInfoView.xib; sourceTree = "<group>"; };
		1DC9DF5725AAF51600822E99 /* MyChareactorInfoView.xib */ = {isa = PBXFileReference; lastKnownFileType = file.xib; path = MyChareactorInfoView.xib; sourceTree = "<group>"; };
		1DC9DF5B25AAF52C00822E99 /* CoupleInfoView.xib */ = {isa = PBXFileReference; lastKnownFileType = file.xib; path = CoupleInfoView.xib; sourceTree = "<group>"; };
		1DC9DF7125AB4F3B00822E99 /* NanumSquareB.ttf */ = {isa = PBXFileReference; lastKnownFileType = file; path = NanumSquareB.ttf; sourceTree = "<group>"; };
		1DC9DF7225AB4F3B00822E99 /* NanumSquareEB.ttf */ = {isa = PBXFileReference; lastKnownFileType = file; path = NanumSquareEB.ttf; sourceTree = "<group>"; };
		1DC9DF7325AB4F3B00822E99 /* NanumSquareR.ttf */ = {isa = PBXFileReference; lastKnownFileType = file; path = NanumSquareR.ttf; sourceTree = "<group>"; };
		1DD00B8125CDA2B0004DC9AA /* SoyeonBasicAlertButton.swift */ = {isa = PBXFileReference; lastKnownFileType = sourcecode.swift; path = SoyeonBasicAlertButton.swift; sourceTree = "<group>"; };
		1DD00B8A25CDAD11004DC9AA /* SoyeonRoundAlertView.xib */ = {isa = PBXFileReference; lastKnownFileType = file.xib; path = SoyeonRoundAlertView.xib; sourceTree = "<group>"; };
		1DD00B8E25CDAD20004DC9AA /* SoyeonRoundAlertView.swift */ = {isa = PBXFileReference; lastKnownFileType = sourcecode.swift; path = SoyeonRoundAlertView.swift; sourceTree = "<group>"; };
		A04D176EE25C0C949E125001 /* Pods_Soyeon.framework */ = {isa = PBXFileReference; explicitFileType = wrapper.framework; includeInIndex = 0; path = Pods_Soyeon.framework; sourceTree = BUILT_PRODUCTS_DIR; };
		B339458DFF7FFACB2386F24D /* Pods-Soyeon.debug.xcconfig */ = {isa = PBXFileReference; includeInIndex = 1; lastKnownFileType = text.xcconfig; name = "Pods-Soyeon.debug.xcconfig"; path = "Target Support Files/Pods-Soyeon/Pods-Soyeon.debug.xcconfig"; sourceTree = "<group>"; };
		D80D664B25BDBA35002F47B9 /* CustomBackButtonNavController.swift */ = {isa = PBXFileReference; lastKnownFileType = sourcecode.swift; path = CustomBackButtonNavController.swift; sourceTree = "<group>"; };
		D8354D6425B4344800C9C531 /* NewAccountViewModel.swift */ = {isa = PBXFileReference; lastKnownFileType = sourcecode.swift; path = NewAccountViewModel.swift; sourceTree = "<group>"; };
		D8354D6825B4345600C9C531 /* NewAccountPresenter.swift */ = {isa = PBXFileReference; lastKnownFileType = sourcecode.swift; path = NewAccountPresenter.swift; sourceTree = "<group>"; };
		D8354D6C25B4346200C9C531 /* NewAccountViewController.swift */ = {isa = PBXFileReference; lastKnownFileType = sourcecode.swift; path = NewAccountViewController.swift; sourceTree = "<group>"; };
		D8354D7025B4347000C9C531 /* NewAccountConfigurator.swift */ = {isa = PBXFileReference; lastKnownFileType = sourcecode.swift; path = NewAccountConfigurator.swift; sourceTree = "<group>"; };
		D8354D7425B4347B00C9C531 /* NewAccountWorker.swift */ = {isa = PBXFileReference; lastKnownFileType = sourcecode.swift; path = NewAccountWorker.swift; sourceTree = "<group>"; };
		D8354D7825B4348300C9C531 /* NewAccountInteractor.swift */ = {isa = PBXFileReference; lastKnownFileType = sourcecode.swift; path = NewAccountInteractor.swift; sourceTree = "<group>"; };
		D8354D7C25B4348E00C9C531 /* NewAccountRouter.swift */ = {isa = PBXFileReference; lastKnownFileType = sourcecode.swift; path = NewAccountRouter.swift; sourceTree = "<group>"; };
		D8569C2825D4701000542872 /* Soyeon.swift */ = {isa = PBXFileReference; lastKnownFileType = sourcecode.swift; path = Soyeon.swift; sourceTree = "<group>"; };
		D875578C25C6C20300380F1E /* RadioButton.swift */ = {isa = PBXFileReference; lastKnownFileType = sourcecode.swift; path = RadioButton.swift; sourceTree = "<group>"; };
		D8795C3C258E6A2100DF4D64 /* Soyeon.app */ = {isa = PBXFileReference; explicitFileType = wrapper.application; includeInIndex = 0; path = Soyeon.app; sourceTree = BUILT_PRODUCTS_DIR; };
		D8795C3F258E6A2100DF4D64 /* AppDelegate.swift */ = {isa = PBXFileReference; lastKnownFileType = sourcecode.swift; path = AppDelegate.swift; sourceTree = "<group>"; };
		D8795C41258E6A2100DF4D64 /* SceneDelegate.swift */ = {isa = PBXFileReference; lastKnownFileType = sourcecode.swift; path = SceneDelegate.swift; sourceTree = "<group>"; };
		D8795C46258E6A2100DF4D64 /* Base */ = {isa = PBXFileReference; lastKnownFileType = file.storyboard; name = Base; path = Base.lproj/Main.storyboard; sourceTree = "<group>"; };
		D8795C48258E6A2500DF4D64 /* Assets.xcassets */ = {isa = PBXFileReference; lastKnownFileType = folder.assetcatalog; path = Assets.xcassets; sourceTree = "<group>"; };
		D8795C4B258E6A2500DF4D64 /* Base */ = {isa = PBXFileReference; lastKnownFileType = file.storyboard; name = Base; path = Base.lproj/LaunchScreen.storyboard; sourceTree = "<group>"; };
		D8795C4D258E6A2500DF4D64 /* Info.plist */ = {isa = PBXFileReference; lastKnownFileType = text.plist.xml; path = Info.plist; sourceTree = "<group>"; };
		D8D9C0E625D2366700AB3BDA /* RadioGroup.swift */ = {isa = PBXFileReference; lastKnownFileType = sourcecode.swift; path = RadioGroup.swift; sourceTree = "<group>"; };
/* End PBXFileReference section */

/* Begin PBXFrameworksBuildPhase section */
		1D19088825A9F7A8008210D1 /* Frameworks */ = {
			isa = PBXFrameworksBuildPhase;
			buildActionMask = 2147483647;
			files = (
			);
			runOnlyForDeploymentPostprocessing = 0;
		};
		D8795C39258E6A2100DF4D64 /* Frameworks */ = {
			isa = PBXFrameworksBuildPhase;
			buildActionMask = 2147483647;
			files = (
				1DBA13C425D440E400979BB2 /* Moya in Frameworks */,
				5BDC807628B81E4DE303170F /* Pods_Soyeon.framework in Frameworks */,
			);
			runOnlyForDeploymentPostprocessing = 0;
		};
/* End PBXFrameworksBuildPhase section */

/* Begin PBXGroup section */
		000CEB3125B484A800F64A28 /* Guidance */ = {
			isa = PBXGroup;
			children = (
				000CEB3225B484A800F64A28 /* ViewModel */,
				000CEB3425B484A800F64A28 /* Presenter */,
				000CEB3625B484A800F64A28 /* View */,
				000CEB3925B484A800F64A28 /* Configurator */,
				000CEB3B25B484A800F64A28 /* Worker */,
				000CEB3D25B484A800F64A28 /* Interactor */,
				000CEB3F25B484A800F64A28 /* Router */,
			);
			path = Guidance;
			sourceTree = "<group>";
		};
		000CEB3225B484A800F64A28 /* ViewModel */ = {
			isa = PBXGroup;
			children = (
				000CEB3325B484A800F64A28 /* GuidanceViewModel.swift */,
			);
			path = ViewModel;
			sourceTree = "<group>";
		};
		000CEB3425B484A800F64A28 /* Presenter */ = {
			isa = PBXGroup;
			children = (
				000CEB3525B484A800F64A28 /* GuidancePresenter.swift */,
			);
			path = Presenter;
			sourceTree = "<group>";
		};
		000CEB3625B484A800F64A28 /* View */ = {
			isa = PBXGroup;
			children = (
				000CEB3725B484A800F64A28 /* GuidanceViewController.swift */,
				000CEB3825B484A800F64A28 /* Guidance.storyboard */,
			);
			path = View;
			sourceTree = "<group>";
		};
		000CEB3925B484A800F64A28 /* Configurator */ = {
			isa = PBXGroup;
			children = (
				000CEB3A25B484A800F64A28 /* GuidanceConfigurator.swift */,
			);
			path = Configurator;
			sourceTree = "<group>";
		};
		000CEB3B25B484A800F64A28 /* Worker */ = {
			isa = PBXGroup;
			children = (
				000CEB3C25B484A800F64A28 /* GuidanceWorker.swift */,
			);
			path = Worker;
			sourceTree = "<group>";
		};
		000CEB3D25B484A800F64A28 /* Interactor */ = {
			isa = PBXGroup;
			children = (
				000CEB3E25B484A800F64A28 /* GuidanceInteractor.swift */,
			);
			path = Interactor;
			sourceTree = "<group>";
		};
		000CEB3F25B484A800F64A28 /* Router */ = {
			isa = PBXGroup;
			children = (
				000CEB4025B484A800F64A28 /* GuidanceRouter.swift */,
			);
			path = Router;
			sourceTree = "<group>";
		};
		000CEB4A25B484C800F64A28 /* Extension */ = {
			isa = PBXGroup;
			children = (
				000CEB4B25B484C800F64A28 /* UILabel+.swift */,
				000CEB2C25B47FF400F64A28 /* UIView+.swift */,
			);
			path = Extension;
			sourceTree = "<group>";
		};
		0067AC21259632900005AD86 /* Supporting Files */ = {
			isa = PBXGroup;
			children = (
				D8795C4A258E6A2500DF4D64 /* LaunchScreen.storyboard */,
				D8795C3F258E6A2100DF4D64 /* AppDelegate.swift */,
				D8795C4D258E6A2500DF4D64 /* Info.plist */,
				D8795C41258E6A2100DF4D64 /* SceneDelegate.swift */,
			);
			path = "Supporting Files";
			sourceTree = "<group>";
		};
		009B029E25B47E9E00753847 /* Login */ = {
			isa = PBXGroup;
			children = (
				009B029F25B47E9E00753847 /* ViewModel */,
				009B02A125B47E9E00753847 /* Presenter */,
				009B02A325B47E9E00753847 /* View */,
				009B02A525B47E9E00753847 /* Configurator */,
				009B02A725B47E9E00753847 /* Worker */,
				009B02A925B47E9E00753847 /* Interactor */,
				009B02AB25B47E9E00753847 /* Router */,
			);
			path = Login;
			sourceTree = "<group>";
		};
		009B029F25B47E9E00753847 /* ViewModel */ = {
			isa = PBXGroup;
			children = (
				009B02A025B47E9E00753847 /* LoginViewModel.swift */,
			);
			path = ViewModel;
			sourceTree = "<group>";
		};
		009B02A125B47E9E00753847 /* Presenter */ = {
			isa = PBXGroup;
			children = (
				009B02A225B47E9E00753847 /* LoginPresenter.swift */,
			);
			path = Presenter;
			sourceTree = "<group>";
		};
		009B02A325B47E9E00753847 /* View */ = {
			isa = PBXGroup;
			children = (
				009B02B825B47F3B00753847 /* Login.storyboard */,
				009B02B725B47F3B00753847 /* LoginPlatformCel.xib */,
				009B02B625B47F3B00753847 /* LoginPlatformCell.swift */,
				009B02A425B47E9E00753847 /* LoginViewController.swift */,
			);
			path = View;
			sourceTree = "<group>";
		};
		009B02A525B47E9E00753847 /* Configurator */ = {
			isa = PBXGroup;
			children = (
				009B02A625B47E9E00753847 /* LoginConfigurator.swift */,
			);
			path = Configurator;
			sourceTree = "<group>";
		};
		009B02A725B47E9E00753847 /* Worker */ = {
			isa = PBXGroup;
			children = (
				009B02A825B47E9E00753847 /* LoginWorker.swift */,
			);
			path = Worker;
			sourceTree = "<group>";
		};
		009B02A925B47E9E00753847 /* Interactor */ = {
			isa = PBXGroup;
			children = (
				009B02AA25B47E9E00753847 /* LoginInteractor.swift */,
			);
			path = Interactor;
			sourceTree = "<group>";
		};
		009B02AB25B47E9E00753847 /* Router */ = {
			isa = PBXGroup;
			children = (
				009B02AC25B47E9E00753847 /* LoginRouter.swift */,
			);
			path = Router;
			sourceTree = "<group>";
		};
		0ADB70D125CACD7600A10864 /* SoyeonAlert */ = {
			isa = PBXGroup;
			children = (
				0ADB70D225CACE1300A10864 /* SoyeonAlertable.swift */,
				0ADB70E225CAD4C100A10864 /* SoyeonAlert.swift */,
				1DD00B8725CDACDD004DC9AA /* AlertView */,
				1DD00B8025CDA287004DC9AA /* Button */,
			);
			path = SoyeonAlert;
			sourceTree = "<group>";
		};
		1D19085125A9F77E008210D1 /* Agreement */ = {
			isa = PBXGroup;
			children = (
				1D19085225A9F77E008210D1 /* AgreementDetail */,
				1D19086325A9F77E008210D1 /* Agreement */,
			);
			path = Agreement;
			sourceTree = "<group>";
		};
		1D19085225A9F77E008210D1 /* AgreementDetail */ = {
			isa = PBXGroup;
			children = (
				1D19085325A9F77E008210D1 /* ViewModel */,
				1D19085625A9F77E008210D1 /* Presenter */,
				1D19085825A9F77E008210D1 /* View */,
				1D19085B25A9F77E008210D1 /* Configurator */,
				1D19085D25A9F77E008210D1 /* Worker */,
				1D19085F25A9F77E008210D1 /* Interactor */,
				1D19086125A9F77E008210D1 /* Router */,
			);
			path = AgreementDetail;
			sourceTree = "<group>";
		};
		1D19085325A9F77E008210D1 /* ViewModel */ = {
			isa = PBXGroup;
			children = (
				1D19085425A9F77E008210D1 /* AgreementDetailViewModel.swift */,
				1D19085525A9F77E008210D1 /* DetailContents.swift */,
			);
			path = ViewModel;
			sourceTree = "<group>";
		};
		1D19085625A9F77E008210D1 /* Presenter */ = {
			isa = PBXGroup;
			children = (
				1D19085725A9F77E008210D1 /* AgreementDetailPresenter.swift */,
			);
			path = Presenter;
			sourceTree = "<group>";
		};
		1D19085825A9F77E008210D1 /* View */ = {
			isa = PBXGroup;
			children = (
				1D19085925A9F77E008210D1 /* AgreementDetailViewController.xib */,
				1D19085A25A9F77E008210D1 /* AgreementDetailViewController.swift */,
			);
			path = View;
			sourceTree = "<group>";
		};
		1D19085B25A9F77E008210D1 /* Configurator */ = {
			isa = PBXGroup;
			children = (
				1D19085C25A9F77E008210D1 /* AgreementDetailConfigurator.swift */,
			);
			path = Configurator;
			sourceTree = "<group>";
		};
		1D19085D25A9F77E008210D1 /* Worker */ = {
			isa = PBXGroup;
			children = (
				1D19085E25A9F77E008210D1 /* AgreementDetailWorker.swift */,
			);
			path = Worker;
			sourceTree = "<group>";
		};
		1D19085F25A9F77E008210D1 /* Interactor */ = {
			isa = PBXGroup;
			children = (
				1D19086025A9F77E008210D1 /* AgreementDetailInteractor.swift */,
			);
			path = Interactor;
			sourceTree = "<group>";
		};
		1D19086125A9F77E008210D1 /* Router */ = {
			isa = PBXGroup;
			children = (
				1D19086225A9F77E008210D1 /* AgreementDetailRouter.swift */,
			);
			path = Router;
			sourceTree = "<group>";
		};
		1D19086325A9F77E008210D1 /* Agreement */ = {
			isa = PBXGroup;
			children = (
				1D19086425A9F77E008210D1 /* ViewModel */,
				1D19086625A9F77E008210D1 /* Presenter */,
				1D19086825A9F77E008210D1 /* View */,
				1D19086C25A9F77E008210D1 /* Configurator */,
				1D19086E25A9F77E008210D1 /* Worker */,
				1D19087025A9F77E008210D1 /* Interactor */,
				1D19087225A9F77E008210D1 /* Router */,
			);
			path = Agreement;
			sourceTree = "<group>";
		};
		1D19086425A9F77E008210D1 /* ViewModel */ = {
			isa = PBXGroup;
			children = (
				1D19086525A9F77E008210D1 /* AgreementViewModel.swift */,
			);
			path = ViewModel;
			sourceTree = "<group>";
		};
		1D19086625A9F77E008210D1 /* Presenter */ = {
			isa = PBXGroup;
			children = (
				1D19086725A9F77E008210D1 /* AgreementPresenter.swift */,
			);
			path = Presenter;
			sourceTree = "<group>";
		};
		1D19086825A9F77E008210D1 /* View */ = {
			isa = PBXGroup;
			children = (
				1D19086925A9F77E008210D1 /* AgreementCustomButtons.swift */,
				1D19086A25A9F77E008210D1 /* AgreementViewController.swift */,
				1D19086B25A9F77E008210D1 /* AgreementViewController.xib */,
			);
			path = View;
			sourceTree = "<group>";
		};
		1D19086C25A9F77E008210D1 /* Configurator */ = {
			isa = PBXGroup;
			children = (
				1D19086D25A9F77E008210D1 /* AgreementConfigurator.swift */,
			);
			path = Configurator;
			sourceTree = "<group>";
		};
		1D19086E25A9F77E008210D1 /* Worker */ = {
			isa = PBXGroup;
			children = (
				1D19086F25A9F77E008210D1 /* AgreementWorker.swift */,
			);
			path = Worker;
			sourceTree = "<group>";
		};
		1D19087025A9F77E008210D1 /* Interactor */ = {
			isa = PBXGroup;
			children = (
				1D19087125A9F77E008210D1 /* AgreementInteractor.swift */,
			);
			path = Interactor;
			sourceTree = "<group>";
		};
		1D19087225A9F77E008210D1 /* Router */ = {
			isa = PBXGroup;
			children = (
				1D19087325A9F77E008210D1 /* AgreementRouter.swift */,
			);
			path = Router;
			sourceTree = "<group>";
		};
		1D19088C25A9F7A8008210D1 /* SoyeonTests */ = {
			isa = PBXGroup;
			children = (
				1D19088D25A9F7A8008210D1 /* SoyeonTests.swift */,
				1D19088F25A9F7A8008210D1 /* Info.plist */,
			);
			path = SoyeonTests;
			sourceTree = "<group>";
		};
		1D1908A625AA120F008210D1 /* StartSplash */ = {
			isa = PBXGroup;
			children = (
				1DC9DF3A25AAEC1300822E99 /* PagingView */,
				1D1908BE25AA122A008210D1 /* StartSplashViewController.xib */,
				1D5B63C625B4824F00A5321C /* StartSplashViewController.swift */,
				1D1908C425AA13DF008210D1 /* PagingView.xib */,
				1D1908C825AA1645008210D1 /* PagingView.swift */,
				1DC9DF4525AAEE7600822E99 /* PageViewType.swift */,
				1D5B63C225B481BA00A5321C /* XibView.swift */,
			);
			path = StartSplash;
			sourceTree = "<group>";
		};
		1DBA14DD25D46BE000979BB2 /* Signup */ = {
			isa = PBXGroup;
			children = (
				1DBA14E025D46C0200979BB2 /* Step3 */,
				1DBA14DF25D46BFE00979BB2 /* Step2 */,
				1DBA14DE25D46BF900979BB2 /* Step1 */,
			);
			path = Signup;
			sourceTree = "<group>";
		};
		1DBA14DE25D46BF900979BB2 /* Step1 */ = {
			isa = PBXGroup;
			children = (
				1D1908A625AA120F008210D1 /* StartSplash */,
				D8354D5B25B433F400C9C531 /* NewAccount */,
				1D19085125A9F77E008210D1 /* Agreement */,
				009B029E25B47E9E00753847 /* Login */,
			);
			path = Step1;
			sourceTree = "<group>";
		};
		1DBA14DF25D46BFE00979BB2 /* Step2 */ = {
			isa = PBXGroup;
			children = (
			);
			path = Step2;
			sourceTree = "<group>";
		};
		1DBA14E025D46C0200979BB2 /* Step3 */ = {
			isa = PBXGroup;
			children = (
			);
			path = Step3;
			sourceTree = "<group>";
		};
		1DBA14E125D46C0D00979BB2 /* Main */ = {
			isa = PBXGroup;
			children = (
				000CEB3125B484A800F64A28 /* Guidance */,
			);
			path = Main;
			sourceTree = "<group>";
		};
		1DC9DF3A25AAEC1300822E99 /* PagingView */ = {
			isa = PBXGroup;
			children = (
				1DC9DF4925AAF43D00822E99 /* FindInfoView.xib */,
				1DC9DF5725AAF51600822E99 /* MyChareactorInfoView.xib */,
				1D5B63B225B43FFB00A5321C /* MarqueeImageView.swift */,
				1DC9DF5B25AAF52C00822E99 /* CoupleInfoView.xib */,
			);
			path = PagingView;
			sourceTree = "<group>";
		};
		1DD00B8025CDA287004DC9AA /* Button */ = {
			isa = PBXGroup;
			children = (
				1D4960A225CEE4CC0002C961 /* SoyeonAlertButton.swift */,
				1DD00B8125CDA2B0004DC9AA /* SoyeonBasicAlertButton.swift */,
				1D49609A25CED2630002C961 /* SoyeonRoundAlertButton.swift */,
			);
			path = Button;
			sourceTree = "<group>";
		};
		1DD00B8725CDACDD004DC9AA /* AlertView */ = {
			isa = PBXGroup;
			children = (
				0ADB70EA25CAE74000A10864 /* SoyeonBasicAlertView.swift */,
				0ADB70E625CAD58A00A10864 /* SoyeonBasicAlertView.xib */,
				1DD00B8E25CDAD20004DC9AA /* SoyeonRoundAlertView.swift */,
				1DD00B8A25CDAD11004DC9AA /* SoyeonRoundAlertView.xib */,
			);
			path = AlertView;
			sourceTree = "<group>";
		};
		572976794A38FB21146A1A93 /* Pods */ = {
			isa = PBXGroup;
			children = (
				B339458DFF7FFACB2386F24D /* Pods-Soyeon.debug.xcconfig */,
				0B3E021C3C5203175F442983 /* Pods-Soyeon.release.xcconfig */,
			);
			path = Pods;
			sourceTree = "<group>";
		};
		987D4D40C92AB7DA7A4AEC60 /* Frameworks */ = {
			isa = PBXGroup;
			children = (
				A04D176EE25C0C949E125001 /* Pods_Soyeon.framework */,
			);
			name = Frameworks;
			sourceTree = "<group>";
		};
		D80D664A25BDBA1C002F47B9 /* Common */ = {
			isa = PBXGroup;
			children = (
				0ADB70D125CACD7600A10864 /* SoyeonAlert */,
				D80D664B25BDBA35002F47B9 /* CustomBackButtonNavController.swift */,
			);
			path = Common;
			sourceTree = "<group>";
		};
		D8354D5B25B433F400C9C531 /* NewAccount */ = {
			isa = PBXGroup;
			children = (
				D8354D6325B4343000C9C531 /* ViewModel */,
				D8354D6225B4342A00C9C531 /* Presenter */,
				D8354D6125B4342600C9C531 /* View */,
				D8354D6025B4342100C9C531 /* Configurator */,
				D8354D5F25B4341C00C9C531 /* Worker */,
				D8354D5E25B4341700C9C531 /* Interactor */,
				D8354D5D25B4341000C9C531 /* Router */,
			);
			path = NewAccount;
			sourceTree = "<group>";
		};
		D8354D5D25B4341000C9C531 /* Router */ = {
			isa = PBXGroup;
			children = (
				D8354D7C25B4348E00C9C531 /* NewAccountRouter.swift */,
			);
			path = Router;
			sourceTree = "<group>";
		};
		D8354D5E25B4341700C9C531 /* Interactor */ = {
			isa = PBXGroup;
			children = (
				D8354D7825B4348300C9C531 /* NewAccountInteractor.swift */,
			);
			path = Interactor;
			sourceTree = "<group>";
		};
		D8354D5F25B4341C00C9C531 /* Worker */ = {
			isa = PBXGroup;
			children = (
				D8354D7425B4347B00C9C531 /* NewAccountWorker.swift */,
			);
			path = Worker;
			sourceTree = "<group>";
		};
		D8354D6025B4342100C9C531 /* Configurator */ = {
			isa = PBXGroup;
			children = (
				D8354D7025B4347000C9C531 /* NewAccountConfigurator.swift */,
			);
			path = Configurator;
			sourceTree = "<group>";
		};
		D8354D6125B4342600C9C531 /* View */ = {
			isa = PBXGroup;
			children = (
				D8354D6C25B4346200C9C531 /* NewAccountViewController.swift */,
				D875578C25C6C20300380F1E /* RadioButton.swift */,
				D8D9C0E625D2366700AB3BDA /* RadioGroup.swift */,
			);
			path = View;
			sourceTree = "<group>";
		};
		D8354D6225B4342A00C9C531 /* Presenter */ = {
			isa = PBXGroup;
			children = (
				D8354D6825B4345600C9C531 /* NewAccountPresenter.swift */,
			);
			path = Presenter;
			sourceTree = "<group>";
		};
		D8354D6325B4343000C9C531 /* ViewModel */ = {
			isa = PBXGroup;
			children = (
				D8354D6425B4344800C9C531 /* NewAccountViewModel.swift */,
			);
			path = ViewModel;
			sourceTree = "<group>";
		};
		D8569C2725D4700200542872 /* Network */ = {
			isa = PBXGroup;
			children = (
				D8569C2825D4701000542872 /* Soyeon.swift */,
			);
			path = Network;
			sourceTree = "<group>";
		};
		D8795C33258E6A2100DF4D64 = {
			isa = PBXGroup;
			children = (
				00B3719E25973A65003F6C76 /* .swiftlint.yml */,
				D8795C3E258E6A2100DF4D64 /* Soyeon */,
				1D19088C25A9F7A8008210D1 /* SoyeonTests */,
				D8795C3D258E6A2100DF4D64 /* Products */,
				572976794A38FB21146A1A93 /* Pods */,
				987D4D40C92AB7DA7A4AEC60 /* Frameworks */,
			);
			sourceTree = "<group>";
		};
		D8795C3D258E6A2100DF4D64 /* Products */ = {
			isa = PBXGroup;
			children = (
				D8795C3C258E6A2100DF4D64 /* Soyeon.app */,
				1D19088B25A9F7A8008210D1 /* SoyeonTests.xctest */,
			);
			name = Products;
			sourceTree = "<group>";
		};
		D8795C3E258E6A2100DF4D64 /* Soyeon */ = {
			isa = PBXGroup;
			children = (
				1DBA14E125D46C0D00979BB2 /* Main */,
				1DBA14DD25D46BE000979BB2 /* Signup */,
				D8569C2725D4700200542872 /* Network */,
				000CEB4A25B484C800F64A28 /* Extension */,
				D80D664A25BDBA1C002F47B9 /* Common */,
				0067AC21259632900005AD86 /* Supporting Files */,
				D8795C45258E6A2100DF4D64 /* Main.storyboard */,
				D8795C55258E819800DF4D64 /* Resources */,
			);
			path = Soyeon;
			sourceTree = "<group>";
		};
		D8795C55258E819800DF4D64 /* Resources */ = {
			isa = PBXGroup;
			children = (
				1DC9DF7125AB4F3B00822E99 /* NanumSquareB.ttf */,
				1DC9DF7225AB4F3B00822E99 /* NanumSquareEB.ttf */,
				1DC9DF7325AB4F3B00822E99 /* NanumSquareR.ttf */,
				0A6DECA92597716500B8713B /* Colors.swift */,
				0A6DECAA2597716500B8713B /* Fonts.swift */,
				D8795C48258E6A2500DF4D64 /* Assets.xcassets */,
			);
			path = Resources;
			sourceTree = "<group>";
		};
/* End PBXGroup section */

/* Begin PBXNativeTarget section */
		1D19088A25A9F7A8008210D1 /* SoyeonTests */ = {
			isa = PBXNativeTarget;
			buildConfigurationList = 1D19089225A9F7A8008210D1 /* Build configuration list for PBXNativeTarget "SoyeonTests" */;
			buildPhases = (
				1D19088725A9F7A8008210D1 /* Sources */,
				1D19088825A9F7A8008210D1 /* Frameworks */,
				1D19088925A9F7A8008210D1 /* Resources */,
			);
			buildRules = (
			);
			dependencies = (
				1D19089125A9F7A8008210D1 /* PBXTargetDependency */,
			);
			name = SoyeonTests;
			productName = SoyeonTests;
			productReference = 1D19088B25A9F7A8008210D1 /* SoyeonTests.xctest */;
			productType = "com.apple.product-type.bundle.unit-test";
		};
		D8795C3B258E6A2100DF4D64 /* Soyeon */ = {
			isa = PBXNativeTarget;
			buildConfigurationList = D8795C50258E6A2500DF4D64 /* Build configuration list for PBXNativeTarget "Soyeon" */;
			buildPhases = (
				D204F10CB571E3CCF05AD57C /* [CP] Check Pods Manifest.lock */,
				D8795C38258E6A2100DF4D64 /* Sources */,
				D8795C39258E6A2100DF4D64 /* Frameworks */,
				D8795C3A258E6A2100DF4D64 /* Resources */,
				00B371A125973AC2003F6C76 /* ShellScript */,
			);
			buildRules = (
			);
			dependencies = (
			);
			name = Soyeon;
			packageProductDependencies = (
				1DBA13C325D440E400979BB2 /* Moya */,
			);
			productName = Soyeon;
			productReference = D8795C3C258E6A2100DF4D64 /* Soyeon.app */;
			productType = "com.apple.product-type.application";
		};
/* End PBXNativeTarget section */

/* Begin PBXProject section */
		D8795C34258E6A2100DF4D64 /* Project object */ = {
			isa = PBXProject;
			attributes = {
				LastSwiftUpdateCheck = 1230;
				LastUpgradeCheck = 1160;
				ORGANIZATIONNAME = ludus;
				TargetAttributes = {
					1D19088A25A9F7A8008210D1 = {
						CreatedOnToolsVersion = 12.3;
						TestTargetID = D8795C3B258E6A2100DF4D64;
					};
					D8795C3B258E6A2100DF4D64 = {
						CreatedOnToolsVersion = 11.6;
					};
				};
			};
			buildConfigurationList = D8795C37258E6A2100DF4D64 /* Build configuration list for PBXProject "Soyeon" */;
			compatibilityVersion = "Xcode 9.3";
			developmentRegion = en;
			hasScannedForEncodings = 0;
			knownRegions = (
				en,
				Base,
			);
			mainGroup = D8795C33258E6A2100DF4D64;
			packageReferences = (
				1DBA13C225D440E400979BB2 /* XCRemoteSwiftPackageReference "Moya" */,
			);
			productRefGroup = D8795C3D258E6A2100DF4D64 /* Products */;
			projectDirPath = "";
			projectRoot = "";
			targets = (
				D8795C3B258E6A2100DF4D64 /* Soyeon */,
				1D19088A25A9F7A8008210D1 /* SoyeonTests */,
			);
		};
/* End PBXProject section */

/* Begin PBXResourcesBuildPhase section */
		1D19088925A9F7A8008210D1 /* Resources */ = {
			isa = PBXResourcesBuildPhase;
			buildActionMask = 2147483647;
			files = (
			);
			runOnlyForDeploymentPostprocessing = 0;
		};
		D8795C3A258E6A2100DF4D64 /* Resources */ = {
			isa = PBXResourcesBuildPhase;
			buildActionMask = 2147483647;
			files = (
				1DC9DF5825AAF51600822E99 /* MyChareactorInfoView.xib in Resources */,
				1D1908C525AA13DF008210D1 /* PagingView.xib in Resources */,
				1DC9DF4A25AAF43D00822E99 /* FindInfoView.xib in Resources */,
				00B3719F25973A65003F6C76 /* .swiftlint.yml in Resources */,
				000CEB4425B484A800F64A28 /* Guidance.storyboard in Resources */,
				D8795C4C258E6A2500DF4D64 /* LaunchScreen.storyboard in Resources */,
				1D19087725A9F77E008210D1 /* AgreementDetailViewController.xib in Resources */,
				1D1908BF25AA122A008210D1 /* StartSplashViewController.xib in Resources */,
				1D19088125A9F77E008210D1 /* AgreementViewController.xib in Resources */,
				D8795C49258E6A2500DF4D64 /* Assets.xcassets in Resources */,
				1DC9DF5C25AAF52C00822E99 /* CoupleInfoView.xib in Resources */,
				1DC9DF7425AB4F3B00822E99 /* NanumSquareB.ttf in Resources */,
				1DC9DF7525AB4F3B00822E99 /* NanumSquareEB.ttf in Resources */,
				1DC9DF7625AB4F3B00822E99 /* NanumSquareR.ttf in Resources */,
				D8795C47258E6A2100DF4D64 /* Main.storyboard in Resources */,
				1DD00B8B25CDAD11004DC9AA /* SoyeonRoundAlertView.xib in Resources */,
				0ADB70E725CAD58A00A10864 /* SoyeonBasicAlertView.xib in Resources */,
				009B02BA25B47F3B00753847 /* LoginPlatformCel.xib in Resources */,
				009B02BB25B47F3B00753847 /* Login.storyboard in Resources */,
			);
			runOnlyForDeploymentPostprocessing = 0;
		};
/* End PBXResourcesBuildPhase section */

/* Begin PBXShellScriptBuildPhase section */
		00B371A125973AC2003F6C76 /* ShellScript */ = {
			isa = PBXShellScriptBuildPhase;
			buildActionMask = 2147483647;
			files = (
			);
			inputFileListPaths = (
			);
			inputPaths = (
			);
			outputFileListPaths = (
			);
			outputPaths = (
			);
			runOnlyForDeploymentPostprocessing = 0;
			shellPath = /bin/sh;
			shellScript = "${PODS_ROOT}/SwiftLint/swiftlint\n";
		};
		D204F10CB571E3CCF05AD57C /* [CP] Check Pods Manifest.lock */ = {
			isa = PBXShellScriptBuildPhase;
			buildActionMask = 2147483647;
			files = (
			);
			inputFileListPaths = (
			);
			inputPaths = (
				"${PODS_PODFILE_DIR_PATH}/Podfile.lock",
				"${PODS_ROOT}/Manifest.lock",
			);
			name = "[CP] Check Pods Manifest.lock";
			outputFileListPaths = (
			);
			outputPaths = (
				"$(DERIVED_FILE_DIR)/Pods-Soyeon-checkManifestLockResult.txt",
			);
			runOnlyForDeploymentPostprocessing = 0;
			shellPath = /bin/sh;
			shellScript = "diff \"${PODS_PODFILE_DIR_PATH}/Podfile.lock\" \"${PODS_ROOT}/Manifest.lock\" > /dev/null\nif [ $? != 0 ] ; then\n    # print error to STDERR\n    echo \"error: The sandbox is not in sync with the Podfile.lock. Run 'pod install' or update your CocoaPods installation.\" >&2\n    exit 1\nfi\n# This output is used by Xcode 'outputs' to avoid re-running this script phase.\necho \"SUCCESS\" > \"${SCRIPT_OUTPUT_FILE_0}\"\n";
			showEnvVarsInLog = 0;
		};
/* End PBXShellScriptBuildPhase section */

/* Begin PBXSourcesBuildPhase section */
		1D19088725A9F7A8008210D1 /* Sources */ = {
			isa = PBXSourcesBuildPhase;
			buildActionMask = 2147483647;
			files = (
				1D19088E25A9F7A8008210D1 /* SoyeonTests.swift in Sources */,
			);
			runOnlyForDeploymentPostprocessing = 0;
		};
		D8795C38258E6A2100DF4D64 /* Sources */ = {
			isa = PBXSourcesBuildPhase;
			buildActionMask = 2147483647;
			files = (
				D8569C2925D4701000542872 /* Soyeon.swift in Sources */,
				0ADB70EB25CAE74000A10864 /* SoyeonBasicAlertView.swift in Sources */,
				D875578D25C6C20300380F1E /* RadioButton.swift in Sources */,
				009B02B925B47F3B00753847 /* LoginPlatformCell.swift in Sources */,
				000CEB4525B484A800F64A28 /* GuidanceConfigurator.swift in Sources */,
				000CEB4125B484A800F64A28 /* GuidanceViewModel.swift in Sources */,
				000CEB4825B484A800F64A28 /* GuidanceRouter.swift in Sources */,
				000CEB4225B484A800F64A28 /* GuidancePresenter.swift in Sources */,
				D8D9C0E725D2366700AB3BDA /* RadioGroup.swift in Sources */,
				000CEB4325B484A800F64A28 /* GuidanceViewController.swift in Sources */,
				000CEB4D25B484C800F64A28 /* UILabel+.swift in Sources */,
				000CEB4725B484A800F64A28 /* GuidanceInteractor.swift in Sources */,
				1D19088225A9F77E008210D1 /* AgreementConfigurator.swift in Sources */,
				1D19087B25A9F77E008210D1 /* AgreementDetailInteractor.swift in Sources */,
				D8354D7525B4347B00C9C531 /* NewAccountWorker.swift in Sources */,
				1D19088425A9F77E008210D1 /* AgreementInteractor.swift in Sources */,
				009B02AF25B47E9E00753847 /* LoginViewController.swift in Sources */,
				D8354D7D25B4348E00C9C531 /* NewAccountRouter.swift in Sources */,
				1D19087925A9F77E008210D1 /* AgreementDetailConfigurator.swift in Sources */,
				009B02AE25B47E9E00753847 /* LoginPresenter.swift in Sources */,
				009B02B025B47E9E00753847 /* LoginConfigurator.swift in Sources */,
				1D19087F25A9F77E008210D1 /* AgreementCustomButtons.swift in Sources */,
				1D5B63C325B481BA00A5321C /* XibView.swift in Sources */,
				1DD00B8225CDA2B0004DC9AA /* SoyeonBasicAlertButton.swift in Sources */,
				1D19087825A9F77E008210D1 /* AgreementDetailViewController.swift in Sources */,
				1D19087425A9F77E008210D1 /* AgreementDetailViewModel.swift in Sources */,
				009B02B225B47E9E00753847 /* LoginInteractor.swift in Sources */,
				1DD00B8F25CDAD20004DC9AA /* SoyeonRoundAlertView.swift in Sources */,
				0A6DECAC2597716500B8713B /* Fonts.swift in Sources */,
				1D4960A325CEE4CC0002C961 /* SoyeonAlertButton.swift in Sources */,
				1D19087D25A9F77E008210D1 /* AgreementViewModel.swift in Sources */,
				0ADB70E325CAD4C100A10864 /* SoyeonAlert.swift in Sources */,
				D8795C40258E6A2100DF4D64 /* AppDelegate.swift in Sources */,
				009B02B325B47E9E00753847 /* LoginRouter.swift in Sources */,
				0ADB70D325CACE1300A10864 /* SoyeonAlertable.swift in Sources */,
				1D19087C25A9F77E008210D1 /* AgreementDetailRouter.swift in Sources */,
				1D19087625A9F77E008210D1 /* AgreementDetailPresenter.swift in Sources */,
				1D49609B25CED2630002C961 /* SoyeonRoundAlertButton.swift in Sources */,
				D80D664C25BDBA35002F47B9 /* CustomBackButtonNavController.swift in Sources */,
				D8354D6525B4344800C9C531 /* NewAccountViewModel.swift in Sources */,
				0A6DECAC2597716500B8713B /* Fonts.swift in Sources */,
				1D19087D25A9F77E008210D1 /* AgreementViewModel.swift in Sources */,
				D8354D6D25B4346200C9C531 /* NewAccountViewController.swift in Sources */,
				D8354D7925B4348300C9C531 /* NewAccountInteractor.swift in Sources */,
				009B02B125B47E9E00753847 /* LoginWorker.swift in Sources */,
				1DC9DF4625AAEE7600822E99 /* PageViewType.swift in Sources */,
				1D5B63B325B43FFB00A5321C /* MarqueeImageView.swift in Sources */,
				0A6DECAB2597716500B8713B /* Colors.swift in Sources */,
				1D19088525A9F77E008210D1 /* AgreementRouter.swift in Sources */,
				1D19088325A9F77E008210D1 /* AgreementWorker.swift in Sources */,
				D8354D7125B4347000C9C531 /* NewAccountConfigurator.swift in Sources */,
				1D19087525A9F77E008210D1 /* DetailContents.swift in Sources */,
				1D19087E25A9F77E008210D1 /* AgreementPresenter.swift in Sources */,
				000CEB2D25B47FF400F64A28 /* UIView+.swift in Sources */,
				1D5B63C725B4824F00A5321C /* StartSplashViewController.swift in Sources */,
				1D1908C925AA1645008210D1 /* PagingView.swift in Sources */,
				D8795C42258E6A2100DF4D64 /* SceneDelegate.swift in Sources */,
				000CEB4625B484A800F64A28 /* GuidanceWorker.swift in Sources */,
				1D19087A25A9F77E008210D1 /* AgreementDetailWorker.swift in Sources */,
				1D19088025A9F77E008210D1 /* AgreementViewController.swift in Sources */,
				009B02AD25B47E9E00753847 /* LoginViewModel.swift in Sources */,
				D8354D6925B4345600C9C531 /* NewAccountPresenter.swift in Sources */,
			);
			runOnlyForDeploymentPostprocessing = 0;
		};
/* End PBXSourcesBuildPhase section */

/* Begin PBXTargetDependency section */
		1D19089125A9F7A8008210D1 /* PBXTargetDependency */ = {
			isa = PBXTargetDependency;
			target = D8795C3B258E6A2100DF4D64 /* Soyeon */;
			targetProxy = 1D19089025A9F7A8008210D1 /* PBXContainerItemProxy */;
		};
/* End PBXTargetDependency section */

/* Begin PBXVariantGroup section */
		D8795C45258E6A2100DF4D64 /* Main.storyboard */ = {
			isa = PBXVariantGroup;
			children = (
				D8795C46258E6A2100DF4D64 /* Base */,
			);
			name = Main.storyboard;
			sourceTree = "<group>";
		};
		D8795C4A258E6A2500DF4D64 /* LaunchScreen.storyboard */ = {
			isa = PBXVariantGroup;
			children = (
				D8795C4B258E6A2500DF4D64 /* Base */,
			);
			name = LaunchScreen.storyboard;
			sourceTree = "<group>";
		};
/* End PBXVariantGroup section */

/* Begin XCBuildConfiguration section */
		1D19089325A9F7A8008210D1 /* Debug */ = {
			isa = XCBuildConfiguration;
			buildSettings = {
				BUNDLE_LOADER = "$(TEST_HOST)";
				CLANG_WARN_QUOTED_INCLUDE_IN_FRAMEWORK_HEADER = YES;
				CODE_SIGN_STYLE = Automatic;
				INFOPLIST_FILE = SoyeonTests/Info.plist;
				IPHONEOS_DEPLOYMENT_TARGET = 14.3;
				LD_RUNPATH_SEARCH_PATHS = (
					"$(inherited)",
					"@executable_path/Frameworks",
					"@loader_path/Frameworks",
				);
				PRODUCT_BUNDLE_IDENTIFIER = com.Ludus.SoyeonTests;
				PRODUCT_NAME = "$(TARGET_NAME)";
				SWIFT_VERSION = 5.0;
				TARGETED_DEVICE_FAMILY = "1,2";
				TEST_HOST = "$(BUILT_PRODUCTS_DIR)/Soyeon.app/Soyeon";
			};
			name = Debug;
		};
		1D19089425A9F7A8008210D1 /* Release */ = {
			isa = XCBuildConfiguration;
			buildSettings = {
				BUNDLE_LOADER = "$(TEST_HOST)";
				CLANG_WARN_QUOTED_INCLUDE_IN_FRAMEWORK_HEADER = YES;
				CODE_SIGN_STYLE = Automatic;
				INFOPLIST_FILE = SoyeonTests/Info.plist;
				IPHONEOS_DEPLOYMENT_TARGET = 14.3;
				LD_RUNPATH_SEARCH_PATHS = (
					"$(inherited)",
					"@executable_path/Frameworks",
					"@loader_path/Frameworks",
				);
				PRODUCT_BUNDLE_IDENTIFIER = com.Ludus.SoyeonTests;
				PRODUCT_NAME = "$(TARGET_NAME)";
				SWIFT_VERSION = 5.0;
				TARGETED_DEVICE_FAMILY = "1,2";
				TEST_HOST = "$(BUILT_PRODUCTS_DIR)/Soyeon.app/Soyeon";
			};
			name = Release;
		};
		D8795C4E258E6A2500DF4D64 /* Debug */ = {
			isa = XCBuildConfiguration;
			buildSettings = {
				ALWAYS_SEARCH_USER_PATHS = NO;
				CLANG_ANALYZER_NONNULL = YES;
				CLANG_ANALYZER_NUMBER_OBJECT_CONVERSION = YES_AGGRESSIVE;
				CLANG_CXX_LANGUAGE_STANDARD = "gnu++14";
				CLANG_CXX_LIBRARY = "libc++";
				CLANG_ENABLE_MODULES = YES;
				CLANG_ENABLE_OBJC_ARC = YES;
				CLANG_ENABLE_OBJC_WEAK = YES;
				CLANG_WARN_BLOCK_CAPTURE_AUTORELEASING = YES;
				CLANG_WARN_BOOL_CONVERSION = YES;
				CLANG_WARN_COMMA = YES;
				CLANG_WARN_CONSTANT_CONVERSION = YES;
				CLANG_WARN_DEPRECATED_OBJC_IMPLEMENTATIONS = YES;
				CLANG_WARN_DIRECT_OBJC_ISA_USAGE = YES_ERROR;
				CLANG_WARN_DOCUMENTATION_COMMENTS = YES;
				CLANG_WARN_EMPTY_BODY = YES;
				CLANG_WARN_ENUM_CONVERSION = YES;
				CLANG_WARN_INFINITE_RECURSION = YES;
				CLANG_WARN_INT_CONVERSION = YES;
				CLANG_WARN_NON_LITERAL_NULL_CONVERSION = YES;
				CLANG_WARN_OBJC_IMPLICIT_RETAIN_SELF = YES;
				CLANG_WARN_OBJC_LITERAL_CONVERSION = YES;
				CLANG_WARN_OBJC_ROOT_CLASS = YES_ERROR;
				CLANG_WARN_RANGE_LOOP_ANALYSIS = YES;
				CLANG_WARN_STRICT_PROTOTYPES = YES;
				CLANG_WARN_SUSPICIOUS_MOVE = YES;
				CLANG_WARN_UNGUARDED_AVAILABILITY = YES_AGGRESSIVE;
				CLANG_WARN_UNREACHABLE_CODE = YES;
				CLANG_WARN__DUPLICATE_METHOD_MATCH = YES;
				COPY_PHASE_STRIP = NO;
				DEBUG_INFORMATION_FORMAT = dwarf;
				ENABLE_STRICT_OBJC_MSGSEND = YES;
				ENABLE_TESTABILITY = YES;
				GCC_C_LANGUAGE_STANDARD = gnu11;
				GCC_DYNAMIC_NO_PIC = NO;
				GCC_NO_COMMON_BLOCKS = YES;
				GCC_OPTIMIZATION_LEVEL = 0;
				GCC_PREPROCESSOR_DEFINITIONS = (
					"DEBUG=1",
					"$(inherited)",
				);
				GCC_WARN_64_TO_32_BIT_CONVERSION = YES;
				GCC_WARN_ABOUT_RETURN_TYPE = YES_ERROR;
				GCC_WARN_UNDECLARED_SELECTOR = YES;
				GCC_WARN_UNINITIALIZED_AUTOS = YES_AGGRESSIVE;
				GCC_WARN_UNUSED_FUNCTION = YES;
				GCC_WARN_UNUSED_VARIABLE = YES;
				IPHONEOS_DEPLOYMENT_TARGET = 13.0;
				MTL_ENABLE_DEBUG_INFO = INCLUDE_SOURCE;
				MTL_FAST_MATH = YES;
				ONLY_ACTIVE_ARCH = YES;
				SDKROOT = iphoneos;
				SWIFT_ACTIVE_COMPILATION_CONDITIONS = DEBUG;
				SWIFT_OPTIMIZATION_LEVEL = "-Onone";
			};
			name = Debug;
		};
		D8795C4F258E6A2500DF4D64 /* Release */ = {
			isa = XCBuildConfiguration;
			buildSettings = {
				ALWAYS_SEARCH_USER_PATHS = NO;
				CLANG_ANALYZER_NONNULL = YES;
				CLANG_ANALYZER_NUMBER_OBJECT_CONVERSION = YES_AGGRESSIVE;
				CLANG_CXX_LANGUAGE_STANDARD = "gnu++14";
				CLANG_CXX_LIBRARY = "libc++";
				CLANG_ENABLE_MODULES = YES;
				CLANG_ENABLE_OBJC_ARC = YES;
				CLANG_ENABLE_OBJC_WEAK = YES;
				CLANG_WARN_BLOCK_CAPTURE_AUTORELEASING = YES;
				CLANG_WARN_BOOL_CONVERSION = YES;
				CLANG_WARN_COMMA = YES;
				CLANG_WARN_CONSTANT_CONVERSION = YES;
				CLANG_WARN_DEPRECATED_OBJC_IMPLEMENTATIONS = YES;
				CLANG_WARN_DIRECT_OBJC_ISA_USAGE = YES_ERROR;
				CLANG_WARN_DOCUMENTATION_COMMENTS = YES;
				CLANG_WARN_EMPTY_BODY = YES;
				CLANG_WARN_ENUM_CONVERSION = YES;
				CLANG_WARN_INFINITE_RECURSION = YES;
				CLANG_WARN_INT_CONVERSION = YES;
				CLANG_WARN_NON_LITERAL_NULL_CONVERSION = YES;
				CLANG_WARN_OBJC_IMPLICIT_RETAIN_SELF = YES;
				CLANG_WARN_OBJC_LITERAL_CONVERSION = YES;
				CLANG_WARN_OBJC_ROOT_CLASS = YES_ERROR;
				CLANG_WARN_RANGE_LOOP_ANALYSIS = YES;
				CLANG_WARN_STRICT_PROTOTYPES = YES;
				CLANG_WARN_SUSPICIOUS_MOVE = YES;
				CLANG_WARN_UNGUARDED_AVAILABILITY = YES_AGGRESSIVE;
				CLANG_WARN_UNREACHABLE_CODE = YES;
				CLANG_WARN__DUPLICATE_METHOD_MATCH = YES;
				COPY_PHASE_STRIP = NO;
				DEBUG_INFORMATION_FORMAT = "dwarf-with-dsym";
				ENABLE_NS_ASSERTIONS = NO;
				ENABLE_STRICT_OBJC_MSGSEND = YES;
				GCC_C_LANGUAGE_STANDARD = gnu11;
				GCC_NO_COMMON_BLOCKS = YES;
				GCC_WARN_64_TO_32_BIT_CONVERSION = YES;
				GCC_WARN_ABOUT_RETURN_TYPE = YES_ERROR;
				GCC_WARN_UNDECLARED_SELECTOR = YES;
				GCC_WARN_UNINITIALIZED_AUTOS = YES_AGGRESSIVE;
				GCC_WARN_UNUSED_FUNCTION = YES;
				GCC_WARN_UNUSED_VARIABLE = YES;
				IPHONEOS_DEPLOYMENT_TARGET = 13.0;
				MTL_ENABLE_DEBUG_INFO = NO;
				MTL_FAST_MATH = YES;
				SDKROOT = iphoneos;
				SWIFT_COMPILATION_MODE = wholemodule;
				SWIFT_OPTIMIZATION_LEVEL = "-O";
				VALIDATE_PRODUCT = YES;
			};
			name = Release;
		};
		D8795C51258E6A2500DF4D64 /* Debug */ = {
			isa = XCBuildConfiguration;
			baseConfigurationReference = B339458DFF7FFACB2386F24D /* Pods-Soyeon.debug.xcconfig */;
			buildSettings = {
				ASSETCATALOG_COMPILER_APPICON_NAME = AppIcon;
				CODE_SIGN_STYLE = Automatic;
				DEVELOPMENT_TEAM = HC2Z7MJWST;
				INFOPLIST_FILE = "Soyeon/Supporting Files/Info.plist";
				LD_RUNPATH_SEARCH_PATHS = (
					"$(inherited)",
					"@executable_path/Frameworks",
				);
				PRODUCT_BUNDLE_IDENTIFIER = com.ludus.soyeon;
				PRODUCT_NAME = "$(TARGET_NAME)";
				SWIFT_VERSION = 5.0;
				TARGETED_DEVICE_FAMILY = "1,2";
			};
			name = Debug;
		};
		D8795C52258E6A2500DF4D64 /* Release */ = {
			isa = XCBuildConfiguration;
			baseConfigurationReference = 0B3E021C3C5203175F442983 /* Pods-Soyeon.release.xcconfig */;
			buildSettings = {
				ASSETCATALOG_COMPILER_APPICON_NAME = AppIcon;
				CODE_SIGN_STYLE = Automatic;
				DEVELOPMENT_TEAM = HC2Z7MJWST;
				INFOPLIST_FILE = "Soyeon/Supporting Files/Info.plist";
				LD_RUNPATH_SEARCH_PATHS = (
					"$(inherited)",
					"@executable_path/Frameworks",
				);
				PRODUCT_BUNDLE_IDENTIFIER = com.ludus.soyeon;
				PRODUCT_NAME = "$(TARGET_NAME)";
				SWIFT_VERSION = 5.0;
				TARGETED_DEVICE_FAMILY = "1,2";
			};
			name = Release;
		};
/* End XCBuildConfiguration section */

/* Begin XCConfigurationList section */
		1D19089225A9F7A8008210D1 /* Build configuration list for PBXNativeTarget "SoyeonTests" */ = {
			isa = XCConfigurationList;
			buildConfigurations = (
				1D19089325A9F7A8008210D1 /* Debug */,
				1D19089425A9F7A8008210D1 /* Release */,
			);
			defaultConfigurationIsVisible = 0;
			defaultConfigurationName = Release;
		};
		D8795C37258E6A2100DF4D64 /* Build configuration list for PBXProject "Soyeon" */ = {
			isa = XCConfigurationList;
			buildConfigurations = (
				D8795C4E258E6A2500DF4D64 /* Debug */,
				D8795C4F258E6A2500DF4D64 /* Release */,
			);
			defaultConfigurationIsVisible = 0;
			defaultConfigurationName = Release;
		};
		D8795C50258E6A2500DF4D64 /* Build configuration list for PBXNativeTarget "Soyeon" */ = {
			isa = XCConfigurationList;
			buildConfigurations = (
				D8795C51258E6A2500DF4D64 /* Debug */,
				D8795C52258E6A2500DF4D64 /* Release */,
			);
			defaultConfigurationIsVisible = 0;
			defaultConfigurationName = Release;
		};
/* End XCConfigurationList section */

/* Begin XCRemoteSwiftPackageReference section */
		1DBA13C225D440E400979BB2 /* XCRemoteSwiftPackageReference "Moya" */ = {
			isa = XCRemoteSwiftPackageReference;
			repositoryURL = "https://github.com/Moya/Moya.git";
			requirement = {
				kind = upToNextMajorVersion;
				minimumVersion = 14.0.0;
			};
		};
/* End XCRemoteSwiftPackageReference section */

/* Begin XCSwiftPackageProductDependency section */
		1DBA13C325D440E400979BB2 /* Moya */ = {
			isa = XCSwiftPackageProductDependency;
			package = 1DBA13C225D440E400979BB2 /* XCRemoteSwiftPackageReference "Moya" */;
			productName = Moya;
		};
/* End XCSwiftPackageProductDependency section */
	};
	rootObject = D8795C34258E6A2100DF4D64 /* Project object */;
}
